{
  "version": 4,
  "terraform_version": "1.15.6",
  "serial": 2498,
  "lineage": "1759a169-4116-e411-3b79-960af74f21e0",
  "outputs": {},
  "resources": [
    {
      "mode": "data",
      "type": "archive_file",
      "name": "ConsumptionStrategy_collector_zip",
      "provider": "provider[\"registry.terraform.io/hashicorp/archive\"]",
      "instances": [
        {
          "schema_version": 0,
          "attributes": {
            "exclude_symlink_directories": null,
            "excludes": null,
            "id": "52b6f4cd3248d6ba0f19106524019c987efe2f21",
            "output_base64sha256": "Ea7X18R+cNcmmsqO9njT/ZQT4OvtMLPzoJS5ElZLltA=",
            "output_base64sha512": "cJLe1lmE1b4tnWczjOLGockHRsd7nU2u0HEdqN2R3Tayi4uocDwjiz+2v7TGL7dAwehsREXLcxxqffNXWtp86A==",
            "output_file_mode": null,
            "output_md5": "8d8d48eea979f6f6963f5171798cee97",
            "output_path": "./ConsumptionStrategy_collector_payload.zip",
            "output_sha": "52b6f4cd3248d6ba0f19106524019c987efe2f21",
            "output_sha256": "11aed7d7c47e70d7269aca8ef678d3fd9413e0ebed30b3f3a094b912564b96d0",
            "output_sha512": "7092ded65984d5be2d9d67338ce2c6a1c90746c77b9d4daed0711da8dd91dd36b28b8ba8703c238b3fb6bfb4c62fb740c1e86c4445cb731c6a7df3575ada7ce8",
            "output_size": 2719,
            "source": [],
            "source_content": null,
            "source_content_filename": null,
            "source_dir": "/home/marcocotrotzo/PycharmProjects/SymlCOnv/src/lambda_functions/collector",
            "source_file": null,
            "type": "zip"
          },
          "sensitive_attributes": [],
          "identity_schema_version": 0
        }
      ]
    },
    {
      "mode": "data",
      "type": "archive_file",
      "name": "ConsumptionStrategy_feedback_zip",
      "provider": "provider[\"registry.terraform.io/hashicorp/archive\"]",
      "instances": [
        {
          "schema_version": 0,
          "attributes": {
            "exclude_symlink_directories": null,
            "excludes": null,
            "id": "783d8b7d61b192b444c54adf35e23230dcd6175e",
            "output_base64sha256": "x8V2c/+EFb7q2AHjnVYFgxZfBK5cmR2ScjG8FbfypHQ=",
            "output_base64sha512": "Fx3AZ41uANzyVt7iI2Vyep7UA/+yv7NOqPv5mNtpsjqhU9GqMwFF5TFp5QSihylpeXjfHe1QL4Yoy8F2H2xZhQ==",
            "output_file_mode": null,
            "output_md5": "fa50cef0424fecd437bca2abd0b76790",
            "output_path": "./ConsumptionStrategy_feedback_payload.zip",
            "output_sha": "783d8b7d61b192b444c54adf35e23230dcd6175e",
            "output_sha256": "c7c57673ff8415beead801e39d560583165f04ae5c991d927231bc15b7f2a474",
            "output_sha512": "171dc0678d6e00dcf256dee22365727a9ed403ffb2bfb34ea8fbf998db69b23aa153d1aa330145e53169e504a28729697978df1ded502f8628cbc1761f6c5985",
            "output_size": 1645,
            "source": [],
            "source_content": null,
            "source_content_filename": null,
            "source_dir": "/home/marcocotrotzo/PycharmProjects/SymlCOnv/src/lambda_functions/feedback",
            "source_file": null,
            "type": "zip"
          },
          "sensitive_attributes": [],
          "identity_schema_version": 0
        }
      ]
    },
    {
      "mode": "data",
      "type": "archive_file",
      "name": "ConsumptionStrategy_strategy_zip",
      "provider": "provider[\"registry.terraform.io/hashicorp/archive\"]",
      "instances": [
        {
          "schema_version": 0,
          "attributes": {
            "exclude_symlink_directories": null,
            "excludes": null,
            "id": "42e92a567cc03255d524b55a9f5414b8f6d28b7b",
            "output_base64sha256": "fAvIQ+P5oEkZjwzgYCFMmjh9N88XcQcI9IVqsKMmSKE=",
            "output_base64sha512": "fIt7w19cVL3KXcf7UdFYjAqNtcsPDw9OkuGHQFGVV7QeRz3GMuRtkkXpXAgMxl1ZM5AgmAhQROjdp5aTwQQZ9A==",
            "output_file_mode": null,
            "output_md5": "df3705135c97e2f27c34e65f210e4d06",
            "output_path": "./ConsumptionStrategy_strategy_payload.zip",
            "output_sha": "42e92a567cc03255d524b55a9f5414b8f6d28b7b",
            "output_sha256": "7c0bc843e3f9a049198f0ce060214c9a387d37cf17710708f4856ab0a32648a1",
            "output_sha512": "7c8b7bc35f5c54bdca5dc7fb51d1588c0a8db5cb0f0f0f4e92e18740519557b41e473dc632e46d9245e95c080cc65d5933902098085044e8dda79693c10419f4",
            "output_size": 543,
            "source": [],
            "source_content": null,
            "source_content_filename": null,
            "source_dir": "/home/marcocotrotzo/PycharmProjects/SymlCOnv/input/sysml/testLambdaFunctions/fedTwinCombinedStrategy",
            "source_file": null,
            "type": "zip"
          },
          "sensitive_attributes": [],
          "identity_schema_version": 0
        }
      ]
    },
    {
      "mode": "managed",
      "type": "aws_iam_role",
      "name": "ConsumptionStrategy_collector_role",
      "provider": "provider[\"registry.terraform.io/hashicorp/aws\"]",
      "instances": [
        {
          "schema_version": 0,
          "attributes": {
            "arn": "arn:aws:iam::717556240325:role/ConsumptionStrategy_collector-role",
            "assume_role_policy": "{\"Statement\":[{\"Action\":\"sts:AssumeRole\",\"Effect\":\"Allow\",\"Principal\":{\"Service\":\"lambda.amazonaws.com\"}}],\"Version\":\"2012-10-17\"}",
            "create_date": "2026-06-20T13:18:12Z",
            "description": "",
            "force_detach_policies": false,
            "id": "ConsumptionStrategy_collector-role",
            "inline_policy": [],
            "managed_policy_arns": [],
            "max_session_duration": 3600,
            "name": "ConsumptionStrategy_collector-role",
            "name_prefix": "",
            "path": "/",
            "permissions_boundary": "",
            "tags": null,
            "tags_all": {},
            "unique_id": "AROA2OENPJ7CSVQJUUCN4"
          },
          "sensitive_attributes": [],
          "identity_schema_version": 0,
          "identity": {
            "account_id": "717556240325",
            "name": "ConsumptionStrategy_collector-role"
          },
          "private": "bnVsbA=="
        }
      ]
    },
    {
      "mode": "managed",
      "type": "aws_iam_role",
      "name": "ConsumptionStrategy_feedback_role",
      "provider": "provider[\"registry.terraform.io/hashicorp/aws\"]",
      "instances": [
        {
          "schema_version": 0,
          "attributes": {
            "arn": "arn:aws:iam::717556240325:role/ConsumptionStrategy_feedback-role",
            "assume_role_policy": "{\"Statement\":[{\"Action\":\"sts:AssumeRole\",\"Effect\":\"Allow\",\"Principal\":{\"Service\":\"lambda.amazonaws.com\"}}],\"Version\":\"2012-10-17\"}",
            "create_date": "2026-06-20T13:18:12Z",
            "description": "",
            "force_detach_policies": false,
            "id": "ConsumptionStrategy_feedback-role",
            "inline_policy": [],
            "managed_policy_arns": [],
            "max_session_duration": 3600,
            "name": "ConsumptionStrategy_feedback-role",
            "name_prefix": "",
            "path": "/",
            "permissions_boundary": "",
            "tags": null,
            "tags_all": {},
            "unique_id": "AROA2OENPJ7CUXIEBCHEI"
          },
          "sensitive_attributes": [],
          "identity_schema_version": 0,
          "identity": {
            "account_id": "717556240325",
            "name": "ConsumptionStrategy_feedback-role"
          },
          "private": "bnVsbA=="
        }
      ]
    },
    {
      "mode": "managed",
      "type": "aws_iam_role",
      "name": "ConsumptionStrategy_sf_role",
      "provider": "provider[\"registry.terraform.io/hashicorp/aws\"]",
      "instances": [
        {
          "schema_version": 0,
          "attributes": {
            "arn": "arn:aws:iam::717556240325:role/ConsumptionStrategy-sf-role",
            "assume_role_policy": "{\"Statement\":[{\"Action\":\"sts:AssumeRole\",\"Effect\":\"Allow\",\"Principal\":{\"Service\":\"states.amazonaws.com\"}}],\"Version\":\"2012-10-17\"}",
            "create_date": "2026-06-20T13:18:12Z",
            "description": "",
            "force_detach_policies": false,
            "id": "ConsumptionStrategy-sf-role",
            "inline_policy": [],
            "managed_policy_arns": [],
            "max_session_duration": 3600,
            "name": "ConsumptionStrategy-sf-role",
            "name_prefix": "",
            "path": "/",
            "permissions_boundary": "",
            "tags": null,
            "tags_all": {},
            "unique_id": "AROA2OENPJ7C5OGZ6KAL3"
          },
          "sensitive_attributes": [],
          "identity_schema_version": 0,
          "identity": {
            "account_id": "717556240325",
            "name": "ConsumptionStrategy-sf-role"
          },
          "private": "bnVsbA=="
        }
      ]
    },
    {
      "mode": "managed",
      "type": "aws_iam_role",
      "name": "ConsumptionStrategy_strategy_role",
      "provider": "provider[\"registry.terraform.io/hashicorp/aws\"]",
      "instances": [
        {
          "schema_version": 0,
          "attributes": {
            "arn": "arn:aws:iam::717556240325:role/ConsumptionStrategy_strategy-role",
            "assume_role_policy": "{\"Statement\":[{\"Action\":\"sts:AssumeRole\",\"Effect\":\"Allow\",\"Principal\":{\"Service\":\"lambda.amazonaws.com\"}}],\"Version\":\"2012-10-17\"}",
            "create_date": "2026-06-20T13:18:12Z",
            "description": "",
            "force_detach_policies": false,
            "id": "ConsumptionStrategy_strategy-role",
            "inline_policy": [],
            "managed_policy_arns": [],
            "max_session_duration": 3600,
            "name": "ConsumptionStrategy_strategy-role",
            "name_prefix": "",
            "path": "/",
            "permissions_boundary": "",
            "tags": null,
            "tags_all": {},
            "unique_id": "AROA2OENPJ7CUNLO7KWGW"
          },
          "sensitive_attributes": [],
          "identity_schema_version": 0,
          "identity": {
            "account_id": "717556240325",
            "name": "ConsumptionStrategy_strategy-role"
          },
          "private": "bnVsbA=="
        }
      ]
    },
    {
      "mode": "managed",
      "type": "aws_iam_role_policy",
      "name": "ConsumptionStrategy_collector_policy",
      "provider": "provider[\"registry.terraform.io/hashicorp/aws\"]",
      "instances": [
        {
          "schema_version": 0,
          "attributes": {
            "id": "ConsumptionStrategy_collector-role:terraform-20260620131812894000000003",
            "name": "terraform-20260620131812894000000003",
            "name_prefix": "terraform-",
            "policy": "{\"Version\":\"2012-10-17\",\"Statement\":[{\"Action\":[\"logs:CreateLogGroup\",\"logs:CreateLogStream\",\"logs:PutLogEvents\"],\"Effect\":\"Allow\",\"Resource\":\"*\"},{\"Action\":[\"lambda:InvokeFunction\"],\"Effect\":\"Allow\",\"Resource\":[\"arn:aws:lambda:eu-central-1:717556240325:function:Battery-hot-reader\",\"arn:aws:lambda:eu-central-1:717556240325:function:PV-hot-reader\"]}]}",
            "role": "ConsumptionStrategy_collector-role"
          },
          "sensitive_attributes": [],
          "identity_schema_version": 0,
          "identity": {
            "account_id": "717556240325",
            "name": "terraform-20260620131812894000000003",
            "role": "ConsumptionStrategy_collector-role"
          },
          "private": "bnVsbA==",
          "dependencies": [
            "aws_iam_role.ConsumptionStrategy_collector_role"
          ]
        }
      ]
    },
    {
      "mode": "managed",
      "type": "aws_iam_role_policy",
      "name": "ConsumptionStrategy_feedback_policy",
      "provider": "provider[\"registry.terraform.io/hashicorp/aws\"]",
      "instances": [
        {
          "schema_version": 0,
          "attributes": {
            "id": "ConsumptionStrategy_feedback-role:terraform-20260620131812807100000001",
            "name": "terraform-20260620131812807100000001",
            "name_prefix": "terraform-",
            "policy": "{\"Version\":\"2012-10-17\",\"Statement\":[{\"Action\":[\"logs:CreateLogGroup\",\"logs:CreateLogStream\",\"logs:PutLogEvents\"],\"Effect\":\"Allow\",\"Resource\":\"*\"},{\"Action\":[\"iot:Publish\"],\"Effect\":\"Allow\",\"Resource\":[\"*\"]}]}",
            "role": "ConsumptionStrategy_feedback-role"
          },
          "sensitive_attributes": [],
          "identity_schema_version": 0,
          "identity": {
            "account_id": "717556240325",
            "name": "terraform-20260620131812807100000001",
            "role": "ConsumptionStrategy_feedback-role"
          },
          "private": "bnVsbA==",
          "dependencies": [
            "aws_iam_role.ConsumptionStrategy_feedback_role"
          ]
        }
      ]
    },
    {
      "mode": "managed",
      "type": "aws_iam_role_policy",
      "name": "ConsumptionStrategy_sf_policy",
      "provider": "provider[\"registry.terraform.io/hashicorp/aws\"]",
      "instances": [
        {
          "schema_version": 0,
          "attributes": {
            "id": "ConsumptionStrategy-sf-role:terraform-20260620131838764000000004",
            "name": "terraform-20260620131838764000000004",
            "name_prefix": "terraform-",
            "policy": "{\"Version\":\"2012-10-17\",\"Statement\":[{\"Action\":\"lambda:InvokeFunction\",\"Effect\":\"Allow\",\"Resource\":[\"arn:aws:lambda:eu-central-1:717556240325:function:ConsumptionStrategy_collector\",\"arn:aws:lambda:eu-central-1:717556240325:function:ConsumptionStrategy_strategy\",\"arn:aws:lambda:eu-central-1:717556240325:function:ConsumptionStrategy_feedback\"]}]}",
            "role": "ConsumptionStrategy-sf-role"
          },
          "sensitive_attributes": [],
          "identity_schema_version": 0,
          "identity": {
            "account_id": "717556240325",
            "name": "terraform-20260620131838764000000004",
            "role": "ConsumptionStrategy-sf-role"
          },
          "private": "bnVsbA==",
          "dependencies": [
            "aws_iam_role.ConsumptionStrategy_collector_role",
            "aws_iam_role.ConsumptionStrategy_feedback_role",
            "aws_iam_role.ConsumptionStrategy_sf_role",
            "aws_iam_role.ConsumptionStrategy_strategy_role",
            "aws_lambda_function.ConsumptionStrategy_collector",
            "aws_lambda_function.ConsumptionStrategy_feedback",
            "aws_lambda_function.ConsumptionStrategy_strategy",
            "aws_lambda_layer_version.paho_mqtt",
            "data.archive_file.ConsumptionStrategy_collector_zip",
            "data.archive_file.ConsumptionStrategy_feedback_zip",
            "data.archive_file.ConsumptionStrategy_strategy_zip"
          ]
        }
      ]
    },
    {
      "mode": "managed",
      "type": "aws_iam_role_policy",
      "name": "ConsumptionStrategy_strategy_policy",
      "provider": "provider[\"registry.terraform.io/hashicorp/aws\"]",
      "instances": [
        {
          "schema_version": 0,
          "attributes": {
            "id": "ConsumptionStrategy_strategy-role:terraform-20260620131812881800000002",
            "name": "terraform-20260620131812881800000002",
            "name_prefix": "terraform-",
            "policy": "{\"Version\":\"2012-10-17\",\"Statement\":[{\"Action\":[\"logs:CreateLogGroup\",\"logs:CreateLogStream\",\"logs:PutLogEvents\"],\"Effect\":\"Allow\",\"Resource\":\"*\"}]}",
            "role": "ConsumptionStrategy_strategy-role"
          },
          "sensitive_attributes": [],
          "identity_schema_version": 0,
          "identity": {
            "account_id": "717556240325",
            "name": "terraform-20260620131812881800000002",
            "role": "ConsumptionStrategy_strategy-role"
          },
          "private": "bnVsbA==",
          "dependencies": [
            "aws_iam_role.ConsumptionStrategy_strategy_role"
          ]
        }
      ]
    },
    {
      "mode": "managed",
      "type": "aws_lambda_function",
      "name": "ConsumptionStrategy_collector",
      "provider": "provider[\"registry.terraform.io/hashicorp/aws\"]",
      "instances": [
        {
          "schema_version": 0,
          "attributes": {
            "architectures": [
              "x86_64"
            ],
            "arn": "arn:aws:lambda:eu-central-1:717556240325:function:ConsumptionStrategy_collector",
            "capacity_provider_config": [],
            "code_sha256": "Ea7X18R+cNcmmsqO9njT/ZQT4OvtMLPzoJS5ElZLltA=",
            "code_signing_config_arn": "",
            "dead_letter_config": [],
            "description": "",
            "durable_config": [],
            "environment": [
              {
                "variables": {
                  "PARAMETERS": "{\"ConsumptionStrategy\": [{\"name\": \"generatedPower\", \"dataType\": \"DOUBLE\", \"strategy_name\": \"production\", \"hot_reader_arn\": \"arn:aws:lambda:eu-central-1:717556240325:function:PV-hot-reader\", \"region\": \"eu-central-1\", \"workspace_id\": \"PV-twinmaker\", \"entity_id\": \"QWB3zi3nv8UNdtvw8Fbkk8\", \"component_name\": \"PVconst_component\", \"property_name\": \"generatedPower\", \"value\": 50.0}, {\"name\": \"chargeValue\", \"dataType\": \"INTEGER\", \"strategy_name\": \"status\", \"hot_reader_arn\": \"arn:aws:lambda:eu-central-1:717556240325:function:Battery-hot-reader\", \"region\": \"eu-central-1\", \"workspace_id\": \"Battery-twinmaker\", \"entity_id\": \"4udMBA6jAnnRf33MNHHP9P\", \"component_name\": \"p16\", \"property_name\": \"charges\"}]}"
                }
              }
            ],
            "ephemeral_storage": [
              {
                "size": 512
              }
            ],
            "file_system_config": [],
            "filename": "./ConsumptionStrategy_collector_payload.zip",
            "function_name": "ConsumptionStrategy_collector",
            "handler": "lambda_function.lambda_handler",
            "id": "ConsumptionStrategy_collector",
            "image_config": [],
            "image_uri": "",
            "invoke_arn": "arn:aws:apigateway:eu-central-1:lambda:path/2015-03-31/functions/arn:aws:lambda:eu-central-1:717556240325:function:ConsumptionStrategy_collector/invocations",
            "kms_key_arn": "",
            "last_modified": "2026-06-20T13:18:27.209+0000",
            "layers": null,
            "logging_config": [
              {
                "application_log_level": "",
                "log_format": "Text",
                "log_group": "/aws/lambda/ConsumptionStrategy_collector",
                "system_log_level": ""
              }
            ],
            "memory_size": 128,
            "package_type": "Zip",
            "publish": false,
            "publish_to": null,
            "qualified_arn": "arn:aws:lambda:eu-central-1:717556240325:function:ConsumptionStrategy_collector:$LATEST",
            "qualified_invoke_arn": "arn:aws:apigateway:eu-central-1:lambda:path/2015-03-31/functions/arn:aws:lambda:eu-central-1:717556240325:function:ConsumptionStrategy_collector:$LATEST/invocations",
            "region": "eu-central-1",
            "replace_security_groups_on_destroy": null,
            "replacement_security_group_ids": null,
            "reserved_concurrent_executions": -1,
            "response_streaming_invoke_arn": "arn:aws:apigateway:eu-central-1:lambda:path/2021-11-15/functions/arn:aws:lambda:eu-central-1:717556240325:function:ConsumptionStrategy_collector/response-streaming-invocations",
            "role": "arn:aws:iam::717556240325:role/ConsumptionStrategy_collector-role",
            "runtime": "python3.13",
            "s3_bucket": null,
            "s3_key": null,
            "s3_object_version": null,
            "signing_job_arn": "",
            "signing_profile_version_arn": "",
            "skip_destroy": false,
            "snap_start": [],
            "source_code_hash": "Ea7X18R+cNcmmsqO9njT/ZQT4OvtMLPzoJS5ElZLltA=",
            "source_code_size": 2719,
            "source_kms_key_arn": "",
            "tags": null,
            "tags_all": {},
            "tenancy_config": [],
            "timeout": 30,
            "timeouts": null,
            "tracing_config": [
              {
                "mode": "PassThrough"
              }
            ],
            "version": "$LATEST",
            "vpc_config": []
          },
          "sensitive_attributes": [],
          "identity_schema_version": 0,
          "identity": {
            "account_id": "717556240325",
            "function_name": "ConsumptionStrategy_collector",
            "region": "eu-central-1"
          },
          "private": "eyJlMmJmYjczMC1lY2FhLTExZTYtOGY4OC0zNDM2M2JjN2M0YzAiOnsiY3JlYXRlIjo2MDAwMDAwMDAwMDAsImRlbGV0ZSI6NjAwMDAwMDAwMDAwLCJ1cGRhdGUiOjYwMDAwMDAwMDAwMH19",
          "dependencies": [
            "aws_iam_role.ConsumptionStrategy_collector_role",
            "data.archive_file.ConsumptionStrategy_collector_zip"
          ]
        }
      ]
    },
    {
      "mode": "managed",
      "type": "aws_lambda_function",
      "name": "ConsumptionStrategy_feedback",
      "provider": "provider[\"registry.terraform.io/hashicorp/aws\"]",
      "instances": [
        {
          "schema_version": 0,
          "attributes": {
            "architectures": [
              "x86_64"
            ],
            "arn": "arn:aws:lambda:eu-central-1:717556240325:function:ConsumptionStrategy_feedback",
            "capacity_provider_config": [],
            "code_sha256": "x8V2c/+EFb7q2AHjnVYFgxZfBK5cmR2ScjG8FbfypHQ=",
            "code_signing_config_arn": "",
            "dead_letter_config": [],
            "description": "",
            "durable_config": [],
            "environment": [
              {
                "variables": {
                  "FEEDBACK_TOPIC": "Battery/iot-data",
                  "FEEDBACK_TYPE": "INTERNAL"
                }
              }
            ],
            "ephemeral_storage": [
              {
                "size": 512
              }
            ],
            "file_system_config": [],
            "filename": "./ConsumptionStrategy_feedback_payload.zip",
            "function_name": "ConsumptionStrategy_feedback",
            "handler": "lambda_function.lambda_handler",
            "id": "ConsumptionStrategy_feedback",
            "image_config": [],
            "image_uri": "",
            "invoke_arn": "arn:aws:apigateway:eu-central-1:lambda:path/2015-03-31/functions/arn:aws:lambda:eu-central-1:717556240325:function:ConsumptionStrategy_feedback/invocations",
            "kms_key_arn": "",
            "last_modified": "2026-06-20T13:18:33.084+0000",
            "layers": [
              "arn:aws:lambda:eu-central-1:717556240325:layer:paho_mqtt_layer:19"
            ],
            "logging_config": [
              {
                "application_log_level": "",
                "log_format": "Text",
                "log_group": "/aws/lambda/ConsumptionStrategy_feedback",
                "system_log_level": ""
              }
            ],
            "memory_size": 128,
            "package_type": "Zip",
            "publish": false,
            "publish_to": null,
            "qualified_arn": "arn:aws:lambda:eu-central-1:717556240325:function:ConsumptionStrategy_feedback:$LATEST",
            "qualified_invoke_arn": "arn:aws:apigateway:eu-central-1:lambda:path/2015-03-31/functions/arn:aws:lambda:eu-central-1:717556240325:function:ConsumptionStrategy_feedback:$LATEST/invocations",
            "region": "eu-central-1",
            "replace_security_groups_on_destroy": null,
            "replacement_security_group_ids": null,
            "reserved_concurrent_executions": -1,
            "response_streaming_invoke_arn": "arn:aws:apigateway:eu-central-1:lambda:path/2021-11-15/functions/arn:aws:lambda:eu-central-1:717556240325:function:ConsumptionStrategy_feedback/response-streaming-invocations",
            "role": "arn:aws:iam::717556240325:role/ConsumptionStrategy_feedback-role",
            "runtime": "python3.13",
            "s3_bucket": null,
            "s3_key": null,
            "s3_object_version": null,
            "signing_job_arn": "",
            "signing_profile_version_arn": "",
            "skip_destroy": false,
            "snap_start": [],
            "source_code_hash": "x8V2c/+EFb7q2AHjnVYFgxZfBK5cmR2ScjG8FbfypHQ=",
            "source_code_size": 1645,
            "source_kms_key_arn": "",
            "tags": null,
            "tags_all": {},
            "tenancy_config": [],
            "timeout": 30,
            "timeouts": null,
            "tracing_config": [
              {
                "mode": "PassThrough"
              }
            ],
            "version": "$LATEST",
            "vpc_config": []
          },
          "sensitive_attributes": [],
          "identity_schema_version": 0,
          "identity": {
            "account_id": "717556240325",
            "function_name": "ConsumptionStrategy_feedback",
            "region": "eu-central-1"
          },
          "private": "eyJlMmJmYjczMC1lY2FhLTExZTYtOGY4OC0zNDM2M2JjN2M0YzAiOnsiY3JlYXRlIjo2MDAwMDAwMDAwMDAsImRlbGV0ZSI6NjAwMDAwMDAwMDAwLCJ1cGRhdGUiOjYwMDAwMDAwMDAwMH19",
          "dependencies": [
            "aws_iam_role.ConsumptionStrategy_feedback_role",
            "aws_lambda_layer_version.paho_mqtt",
            "data.archive_file.ConsumptionStrategy_feedback_zip"
          ]
        }
      ]
    },
    {
      "mode": "managed",
      "type": "aws_lambda_function",
      "name": "ConsumptionStrategy_strategy",
      "provider": "provider[\"registry.terraform.io/hashicorp/aws\"]",
      "instances": [
        {
          "schema_version": 0,
          "attributes": {
            "architectures": [
              "x86_64"
            ],
            "arn": "arn:aws:lambda:eu-central-1:717556240325:function:ConsumptionStrategy_strategy",
            "capacity_provider_config": [],
            "code_sha256": "fAvIQ+P5oEkZjwzgYCFMmjh9N88XcQcI9IVqsKMmSKE=",
            "code_signing_config_arn": "",
            "dead_letter_config": [],
            "description": "",
            "durable_config": [],
            "environment": [],
            "ephemeral_storage": [
              {
                "size": 512
              }
            ],
            "file_system_config": [],
            "filename": "./ConsumptionStrategy_strategy_payload.zip",
            "function_name": "ConsumptionStrategy_strategy",
            "handler": "lambda_function.lambda_handler",
            "id": "ConsumptionStrategy_strategy",
            "image_config": [],
            "image_uri": "",
            "invoke_arn": "arn:aws:apigateway:eu-central-1:lambda:path/2015-03-31/functions/arn:aws:lambda:eu-central-1:717556240325:function:ConsumptionStrategy_strategy/invocations",
            "kms_key_arn": "",
            "last_modified": "2026-06-20T13:18:21.452+0000",
            "layers": null,
            "logging_config": [
              {
                "application_log_level": "",
                "log_format": "Text",
                "log_group": "/aws/lambda/ConsumptionStrategy_strategy",
                "system_log_level": ""
              }
            ],
            "memory_size": 128,
            "package_type": "Zip",
            "publish": false,
            "publish_to": null,
            "qualified_arn": "arn:aws:lambda:eu-central-1:717556240325:function:ConsumptionStrategy_strategy:$LATEST",
            "qualified_invoke_arn": "arn:aws:apigateway:eu-central-1:lambda:path/2015-03-31/functions/arn:aws:lambda:eu-central-1:717556240325:function:ConsumptionStrategy_strategy:$LATEST/invocations",
            "region": "eu-central-1",
            "replace_security_groups_on_destroy": null,
            "replacement_security_group_ids": null,
            "reserved_concurrent_executions": -1,
            "response_streaming_invoke_arn": "arn:aws:apigateway:eu-central-1:lambda:path/2021-11-15/functions/arn:aws:lambda:eu-central-1:717556240325:function:ConsumptionStrategy_strategy/response-streaming-invocations",
            "role": "arn:aws:iam::717556240325:role/ConsumptionStrategy_strategy-role",
            "runtime": "python3.13",
            "s3_bucket": null,
            "s3_key": null,
            "s3_object_version": null,
            "signing_job_arn": "",
            "signing_profile_version_arn": "",
            "skip_destroy": false,
            "snap_start": [],
            "source_code_hash": "fAvIQ+P5oEkZjwzgYCFMmjh9N88XcQcI9IVqsKMmSKE=",
            "source_code_size": 543,
            "source_kms_key_arn": "",
            "tags": null,
            "tags_all": {},
            "tenancy_config": [],
            "timeout": 30,
            "timeouts": null,
            "tracing_config": [
              {
                "mode": "PassThrough"
              }
            ],
            "version": "$LATEST",
            "vpc_config": []
          },
          "sensitive_attributes": [],
          "identity_schema_version": 0,
          "identity": {
            "account_id": "717556240325",
            "function_name": "ConsumptionStrategy_strategy",
            "region": "eu-central-1"
          },
          "private": "eyJlMmJmYjczMC1lY2FhLTExZTYtOGY4OC0zNDM2M2JjN2M0YzAiOnsiY3JlYXRlIjo2MDAwMDAwMDAwMDAsImRlbGV0ZSI6NjAwMDAwMDAwMDAwLCJ1cGRhdGUiOjYwMDAwMDAwMDAwMH19",
          "dependencies": [
            "aws_iam_role.ConsumptionStrategy_strategy_role",
            "data.archive_file.ConsumptionStrategy_strategy_zip"
          ]
        }
      ]
    },
    {
      "mode": "managed",
      "type": "aws_lambda_layer_version",
      "name": "paho_mqtt",
      "provider": "provider[\"registry.terraform.io/hashicorp/aws\"]",
      "instances": [
        {
          "schema_version": 0,
          "attributes": {
            "arn": "arn:aws:lambda:eu-central-1:717556240325:layer:paho_mqtt_layer:19",
            "code_sha256": "n/RPkZZ2SjyYKjBoQ5cxi1a7Dn71K01EHEvDppENbjA=",
            "compatible_architectures": null,
            "compatible_runtimes": [
              "python3.13"
            ],
            "created_date": "2026-06-20T13:18:15.371+0000",
            "description": "",
            "filename": "paho_layer.zip",
            "id": "arn:aws:lambda:eu-central-1:717556240325:layer:paho_mqtt_layer:19",
            "layer_arn": "arn:aws:lambda:eu-central-1:717556240325:layer:paho_mqtt_layer",
            "layer_name": "paho_mqtt_layer",
            "license_info": "",
            "region": "eu-central-1",
            "s3_bucket": null,
            "s3_key": null,
            "s3_object_version": null,
            "signing_job_arn": "",
            "signing_profile_version_arn": "",
            "skip_destroy": false,
            "source_code_hash": "",
            "source_code_size": 185808,
            "version": "19"
          },
          "sensitive_attributes": [],
          "identity_schema_version": 0,
          "identity": {
            "account_id": "717556240325",
            "layer_name": "paho_mqtt_layer",
            "region": "eu-central-1",
            "version": "19"
          },
          "private": "bnVsbA=="
        }
      ]
    },
    {
      "mode": "managed",
      "type": "aws_sfn_state_machine",
      "name": "ConsumptionStrategy_workflow",
      "provider": "provider[\"registry.terraform.io/hashicorp/aws\"]",
      "instances": [
        {
          "schema_version": 0,
          "attributes": {
            "arn": "arn:aws:states:eu-central-1:717556240325:stateMachine:ConsumptionStrategy-workflow",
            "creation_date": "2026-06-20T13:18:38Z",
            "definition": "{\"StartAt\": \"Collector\", \"States\": {\"Collector\": {\"Type\": \"Task\", \"Resource\": \"arn:aws:lambda:eu-central-1:717556240325:function:ConsumptionStrategy_collector\", \"ResultPath\": \"$.collectorResult\", \"Next\": \"Strategy\"}, \"Strategy\": {\"Type\": \"Task\", \"Resource\": \"arn:aws:lambda:eu-central-1:717556240325:function:ConsumptionStrategy_strategy\", \"InputPath\": \"$.collectorResult\", \"ResultPath\": \"$.strategyResult\", \"Next\": \"Feedback\"}, \"Feedback\": {\"Type\": \"Task\", \"Resource\": \"arn:aws:lambda:eu-central-1:717556240325:function:ConsumptionStrategy_feedback\", \"InputPath\": \"$\", \"End\": true}}}",
            "description": "",
            "encryption_configuration": [
              {
                "kms_data_key_reuse_period_seconds": 0,
                "kms_key_id": "",
                "type": "AWS_OWNED_KEY"
              }
            ],
            "id": "arn:aws:states:eu-central-1:717556240325:stateMachine:ConsumptionStrategy-workflow",
            "logging_configuration": [
              {
                "include_execution_data": false,
                "level": "OFF",
                "log_destination": ""
              }
            ],
            "name": "ConsumptionStrategy-workflow",
            "name_prefix": "",
            "publish": false,
            "region": "eu-central-1",
            "revision_id": "",
            "role_arn": "arn:aws:iam::717556240325:role/ConsumptionStrategy-sf-role",
            "state_machine_version_arn": "",
            "status": "ACTIVE",
            "tags": null,
            "tags_all": {},
            "timeouts": null,
            "tracing_configuration": [
              {
                "enabled": false
              }
            ],
            "type": "STANDARD",
            "version_description": null
          },
          "sensitive_attributes": [],
          "identity_schema_version": 0,
          "identity": {
            "arn": "arn:aws:states:eu-central-1:717556240325:stateMachine:ConsumptionStrategy-workflow"
          },
          "private": "eyJlMmJmYjczMC1lY2FhLTExZTYtOGY4OC0zNDM2M2JjN2M0YzAiOnsiY3JlYXRlIjozMDAwMDAwMDAwMDAsImRlbGV0ZSI6MzAwMDAwMDAwMDAwLCJ1cGRhdGUiOjYwMDAwMDAwMDAwfX0=",
          "dependencies": [
            "aws_iam_role.ConsumptionStrategy_collector_role",
            "aws_iam_role.ConsumptionStrategy_feedback_role",
            "aws_iam_role.ConsumptionStrategy_sf_role",
            "aws_iam_role.ConsumptionStrategy_strategy_role",
            "aws_lambda_function.ConsumptionStrategy_collector",
            "aws_lambda_function.ConsumptionStrategy_feedback",
            "aws_lambda_function.ConsumptionStrategy_strategy",
            "aws_lambda_layer_version.paho_mqtt",
            "data.archive_file.ConsumptionStrategy_collector_zip",
            "data.archive_file.ConsumptionStrategy_feedback_zip",
            "data.archive_file.ConsumptionStrategy_strategy_zip"
          ]
        }
      ]
    },
    {
      "mode": "managed",
      "type": "aws_ssm_parameter",
      "name": "Battery_event-registry_status_registry",
      "provider": "provider[\"registry.terraform.io/hashicorp/aws\"].eu_central_1",
      "instances": [
        {
          "schema_version": 0,
          "attributes": {
            "allowed_pattern": "",
            "arn": "arn:aws:ssm:eu-central-1:717556240325:parameter/Battery/event-registry/status",
            "data_type": "text",
            "description": "",
            "has_value_wo": false,
            "id": "/Battery/event-registry/status",
            "insecure_value": null,
            "key_id": "",
            "name": "/Battery/event-registry/status",
            "overwrite": true,
            "region": "eu-central-1",
            "tags": null,
            "tags_all": {},
            "tier": "Standard",
            "type": "String",
            "value": "{\"targets\":[{\"address\":\"arn:aws:states:eu-central-1:717556240325:stateMachine:ConsumptionStrategy-workflow\"}]}",
            "value_wo": null,
            "value_wo_version": null,
            "version": 1
          },
          "sensitive_attributes": [
            [
              {
                "type": "get_attr",
                "value": "value"
              }
            ],
            [
              {
                "type": "get_attr",
                "value": "value_wo"
              }
            ]
          ],
          "identity_schema_version": 0,
          "identity": {
            "account_id": "717556240325",
            "name": "/Battery/event-registry/status",
            "region": "eu-central-1"
          },
          "private": "bnVsbA==",
          "dependencies": [
            "aws_iam_role.ConsumptionStrategy_collector_role",
            "aws_iam_role.ConsumptionStrategy_feedback_role",
            "aws_iam_role.ConsumptionStrategy_sf_role",
            "aws_iam_role.ConsumptionStrategy_strategy_role",
            "aws_lambda_function.ConsumptionStrategy_collector",
            "aws_lambda_function.ConsumptionStrategy_feedback",
            "aws_lambda_function.ConsumptionStrategy_strategy",
            "aws_lambda_layer_version.paho_mqtt",
            "aws_sfn_state_machine.ConsumptionStrategy_workflow",
            "data.archive_file.ConsumptionStrategy_collector_zip",
            "data.archive_file.ConsumptionStrategy_feedback_zip",
            "data.archive_file.ConsumptionStrategy_strategy_zip"
          ]
        }
      ]
    },
    {
      "mode": "managed",
      "type": "aws_ssm_parameter",
      "name": "PV_event-registry_production_registry",
      "provider": "provider[\"registry.terraform.io/hashicorp/aws\"].eu_central_1",
      "instances": [
        {
          "schema_version": 0,
          "attributes": {
            "allowed_pattern": "",
            "arn": "arn:aws:ssm:eu-central-1:717556240325:parameter/PV/event-registry/production",
            "data_type": "text",
            "description": "",
            "has_value_wo": false,
            "id": "/PV/event-registry/production",
            "insecure_value": null,
            "key_id": "",
            "name": "/PV/event-registry/production",
            "overwrite": true,
            "region": "eu-central-1",
            "tags": null,
            "tags_all": {},
            "tier": "Standard",
            "type": "String",
            "value": "{\"targets\":[{\"address\":\"arn:aws:states:eu-central-1:717556240325:stateMachine:ConsumptionStrategy-workflow\"}]}",
            "value_wo": null,
            "value_wo_version": null,
            "version": 1
          },
          "sensitive_attributes": [
            [
              {
                "type": "get_attr",
                "value": "value"
              }
            ],
            [
              {
                "type": "get_attr",
                "value": "value_wo"
              }
            ]
          ],
          "identity_schema_version": 0,
          "identity": {
            "account_id": "717556240325",
            "name": "/PV/event-registry/production",
            "region": "eu-central-1"
          },
          "private": "bnVsbA==",
          "dependencies": [
            "aws_iam_role.ConsumptionStrategy_collector_role",
            "aws_iam_role.ConsumptionStrategy_feedback_role",
            "aws_iam_role.ConsumptionStrategy_sf_role",
            "aws_iam_role.ConsumptionStrategy_strategy_role",
            "aws_lambda_function.ConsumptionStrategy_collector",
            "aws_lambda_function.ConsumptionStrategy_feedback",
            "aws_lambda_function.ConsumptionStrategy_strategy",
            "aws_lambda_layer_version.paho_mqtt",
            "aws_sfn_state_machine.ConsumptionStrategy_workflow",
            "data.archive_file.ConsumptionStrategy_collector_zip",
            "data.archive_file.ConsumptionStrategy_feedback_zip",
            "data.archive_file.ConsumptionStrategy_strategy_zip"
          ]
        }
      ]
    }
  ],
  "check_results": null
}
