{
  "version": 4,
  "terraform_version": "1.14.8",
  "serial": 2240,
  "lineage": "1759a169-4116-e411-3b79-960af74f21e0",
  "outputs": {},
  "resources": [
    {
      "mode": "data",
      "type": "archive_file",
      "name": "CombineAllExternal_collector_zip",
      "provider": "provider[\"registry.terraform.io/hashicorp/archive\"]",
      "instances": [
        {
          "schema_version": 0,
          "attributes": {
            "exclude_symlink_directories": null,
            "excludes": null,
            "id": "52b6f4cd3248d6ba0f19106524019c987efe2f21",
            "output_base64sha256": "Ea7X18R+cNcmmsqO9njT/ZQT4OvtMLPzoJS5ElZLltA=",
            "output_base64sha512": "cJLe1lmE1b4tnWczjOLGockHRsd7nU2u0HEdqN2R3Tayi4uocDwjiz+2v7TGL7dAwehsREXLcxxqffNXWtp86A==",
            "output_file_mode": null,
            "output_md5": "8d8d48eea979f6f6963f5171798cee97",
            "output_path": "./CombineAllExternal_collector_payload.zip",
            "output_sha": "52b6f4cd3248d6ba0f19106524019c987efe2f21",
            "output_sha256": "11aed7d7c47e70d7269aca8ef678d3fd9413e0ebed30b3f3a094b912564b96d0",
            "output_sha512": "7092ded65984d5be2d9d67338ce2c6a1c90746c77b9d4daed0711da8dd91dd36b28b8ba8703c238b3fb6bfb4c62fb740c1e86c4445cb731c6a7df3575ada7ce8",
            "output_size": 2719,
            "source": [],
            "source_content": null,
            "source_content_filename": null,
            "source_dir": "/home/marcocotrotzo/PycharmProjects/SymlCOnv/src/lambda_functions/collector",
            "source_file": null,
            "type": "zip"
          },
          "sensitive_attributes": [],
          "identity_schema_version": 0
        }
      ]
    },
    {
      "mode": "data",
      "type": "archive_file",
      "name": "CombineAllExternal_feedback_zip",
      "provider": "provider[\"registry.terraform.io/hashicorp/archive\"]",
      "instances": [
        {
          "schema_version": 0,
          "attributes": {
            "exclude_symlink_directories": null,
            "excludes": null,
            "id": "4f9b77c69657934eda027b657b9e4a9efa14301c",
            "output_base64sha256": "7hg5vMbj/m9dayit2DMhbOWTey3o42JTxs4/t3o9F+w=",
            "output_base64sha512": "4Co5fVl8ak6/z2XulJ4g/A6vT2FmsKEtxSVeyb5iw3pEhYu4pOH8txgW6SiUteACmKRxVVglv5oFV6StcOEx0w==",
            "output_file_mode": null,
            "output_md5": "c48a0360bbae8ee753a0a8226ee59e86",
            "output_path": "./CombineAllExternal_feedback_payload.zip",
            "output_sha": "4f9b77c69657934eda027b657b9e4a9efa14301c",
            "output_sha256": "ee1839bcc6e3fe6f5d6b28add833216ce5937b2de8e36253c6ce3fb77a3d17ec",
            "output_sha512": "e02a397d597c6a4ebfcf65ee949e20fc0eaf4f6166b0a12dc5255ec9be62c37a44858bb8a4e1fcb71816e92894b5e00298a471555825bf9a0557a4ad70e131d3",
            "output_size": 1711,
            "source": [],
            "source_content": null,
            "source_content_filename": null,
            "source_dir": "/home/marcocotrotzo/PycharmProjects/SymlCOnv/src/lambda_functions/feedback",
            "source_file": null,
            "type": "zip"
          },
          "sensitive_attributes": [],
          "identity_schema_version": 0
        }
      ]
    },
    {
      "mode": "data",
      "type": "archive_file",
      "name": "CombineAllExternal_strategy_zip",
      "provider": "provider[\"registry.terraform.io/hashicorp/archive\"]",
      "instances": [
        {
          "schema_version": 0,
          "attributes": {
            "exclude_symlink_directories": null,
            "excludes": null,
            "id": "7d3890ca9264f78b2d1531f2f82ca726263986b7",
            "output_base64sha256": "HK6mUuGIkVnHWveQ/dNAV4foirXeT5wIVPYc+8EGUSw=",
            "output_base64sha512": "Z4JZXDRgAy47ndlZ3Vax4+GW2jScMaWr2Zf2avdBP6ApWUrwSmFD5XXsMrLRngZ+WoHY7dCQ3r/95hnVl1cmsg==",
            "output_file_mode": null,
            "output_md5": "352d32cb85b67116dd99418cdef90e98",
            "output_path": "./CombineAllExternal_strategy_payload.zip",
            "output_sha": "7d3890ca9264f78b2d1531f2f82ca726263986b7",
            "output_sha256": "1caea652e1889159c75af790fdd3405787e88ab5de4f9c0854f61cfbc106512c",
            "output_sha512": "6782595c3460032e3b9dd959dd56b1e3e196da349c31a5abd997f66af7413fa029594af04a6143e575ec32b2d19e067e5a81d8edd090debffde619d5975726b2",
            "output_size": 316,
            "source": [],
            "source_content": null,
            "source_content_filename": null,
            "source_dir": "/home/marcocotrotzo/PycharmProjects/SymlCOnv/testLambdaFunctions/fedTwinCombinedStrategy",
            "source_file": null,
            "type": "zip"
          },
          "sensitive_attributes": [],
          "identity_schema_version": 0
        }
      ]
    },
    {
      "mode": "data",
      "type": "archive_file",
      "name": "CombineAllInternal_collector_zip",
      "provider": "provider[\"registry.terraform.io/hashicorp/archive\"]",
      "instances": [
        {
          "schema_version": 0,
          "attributes": {
            "exclude_symlink_directories": null,
            "excludes": null,
            "id": "52b6f4cd3248d6ba0f19106524019c987efe2f21",
            "output_base64sha256": "Ea7X18R+cNcmmsqO9njT/ZQT4OvtMLPzoJS5ElZLltA=",
            "output_base64sha512": "cJLe1lmE1b4tnWczjOLGockHRsd7nU2u0HEdqN2R3Tayi4uocDwjiz+2v7TGL7dAwehsREXLcxxqffNXWtp86A==",
            "output_file_mode": null,
            "output_md5": "8d8d48eea979f6f6963f5171798cee97",
            "output_path": "./CombineAllInternal_collector_payload.zip",
            "output_sha": "52b6f4cd3248d6ba0f19106524019c987efe2f21",
            "output_sha256": "11aed7d7c47e70d7269aca8ef678d3fd9413e0ebed30b3f3a094b912564b96d0",
            "output_sha512": "7092ded65984d5be2d9d67338ce2c6a1c90746c77b9d4daed0711da8dd91dd36b28b8ba8703c238b3fb6bfb4c62fb740c1e86c4445cb731c6a7df3575ada7ce8",
            "output_size": 2719,
            "source": [],
            "source_content": null,
            "source_content_filename": null,
            "source_dir": "/home/marcocotrotzo/PycharmProjects/SymlCOnv/src/lambda_functions/collector",
            "source_file": null,
            "type": "zip"
          },
          "sensitive_attributes": [],
          "identity_schema_version": 0
        }
      ]
    },
    {
      "mode": "data",
      "type": "archive_file",
      "name": "CombineAllInternal_feedback_zip",
      "provider": "provider[\"registry.terraform.io/hashicorp/archive\"]",
      "instances": [
        {
          "schema_version": 0,
          "attributes": {
            "exclude_symlink_directories": null,
            "excludes": null,
            "id": "4f9b77c69657934eda027b657b9e4a9efa14301c",
            "output_base64sha256": "7hg5vMbj/m9dayit2DMhbOWTey3o42JTxs4/t3o9F+w=",
            "output_base64sha512": "4Co5fVl8ak6/z2XulJ4g/A6vT2FmsKEtxSVeyb5iw3pEhYu4pOH8txgW6SiUteACmKRxVVglv5oFV6StcOEx0w==",
            "output_file_mode": null,
            "output_md5": "c48a0360bbae8ee753a0a8226ee59e86",
            "output_path": "./CombineAllInternal_feedback_payload.zip",
            "output_sha": "4f9b77c69657934eda027b657b9e4a9efa14301c",
            "output_sha256": "ee1839bcc6e3fe6f5d6b28add833216ce5937b2de8e36253c6ce3fb77a3d17ec",
            "output_sha512": "e02a397d597c6a4ebfcf65ee949e20fc0eaf4f6166b0a12dc5255ec9be62c37a44858bb8a4e1fcb71816e92894b5e00298a471555825bf9a0557a4ad70e131d3",
            "output_size": 1711,
            "source": [],
            "source_content": null,
            "source_content_filename": null,
            "source_dir": "/home/marcocotrotzo/PycharmProjects/SymlCOnv/src/lambda_functions/feedback",
            "source_file": null,
            "type": "zip"
          },
          "sensitive_attributes": [],
          "identity_schema_version": 0
        }
      ]
    },
    {
      "mode": "data",
      "type": "archive_file",
      "name": "CombineAllInternal_strategy_zip",
      "provider": "provider[\"registry.terraform.io/hashicorp/archive\"]",
      "instances": [
        {
          "schema_version": 0,
          "attributes": {
            "exclude_symlink_directories": null,
            "excludes": null,
            "id": "7d3890ca9264f78b2d1531f2f82ca726263986b7",
            "output_base64sha256": "HK6mUuGIkVnHWveQ/dNAV4foirXeT5wIVPYc+8EGUSw=",
            "output_base64sha512": "Z4JZXDRgAy47ndlZ3Vax4+GW2jScMaWr2Zf2avdBP6ApWUrwSmFD5XXsMrLRngZ+WoHY7dCQ3r/95hnVl1cmsg==",
            "output_file_mode": null,
            "output_md5": "352d32cb85b67116dd99418cdef90e98",
            "output_path": "./CombineAllInternal_strategy_payload.zip",
            "output_sha": "7d3890ca9264f78b2d1531f2f82ca726263986b7",
            "output_sha256": "1caea652e1889159c75af790fdd3405787e88ab5de4f9c0854f61cfbc106512c",
            "output_sha512": "6782595c3460032e3b9dd959dd56b1e3e196da349c31a5abd997f66af7413fa029594af04a6143e575ec32b2d19e067e5a81d8edd090debffde619d5975726b2",
            "output_size": 316,
            "source": [],
            "source_content": null,
            "source_content_filename": null,
            "source_dir": "/home/marcocotrotzo/PycharmProjects/SymlCOnv/testLambdaFunctions/fedTwinCombinedStrategy",
            "source_file": null,
            "type": "zip"
          },
          "sensitive_attributes": [],
          "identity_schema_version": 0
        }
      ]
    },
    {
      "mode": "data",
      "type": "archive_file",
      "name": "CombinePVBattery_collector_zip",
      "provider": "provider[\"registry.terraform.io/hashicorp/archive\"]",
      "instances": [
        {
          "schema_version": 0,
          "attributes": {
            "exclude_symlink_directories": null,
            "excludes": null,
            "id": "52b6f4cd3248d6ba0f19106524019c987efe2f21",
            "output_base64sha256": "Ea7X18R+cNcmmsqO9njT/ZQT4OvtMLPzoJS5ElZLltA=",
            "output_base64sha512": "cJLe1lmE1b4tnWczjOLGockHRsd7nU2u0HEdqN2R3Tayi4uocDwjiz+2v7TGL7dAwehsREXLcxxqffNXWtp86A==",
            "output_file_mode": null,
            "output_md5": "8d8d48eea979f6f6963f5171798cee97",
            "output_path": "./CombinePVBattery_collector_payload.zip",
            "output_sha": "52b6f4cd3248d6ba0f19106524019c987efe2f21",
            "output_sha256": "11aed7d7c47e70d7269aca8ef678d3fd9413e0ebed30b3f3a094b912564b96d0",
            "output_sha512": "7092ded65984d5be2d9d67338ce2c6a1c90746c77b9d4daed0711da8dd91dd36b28b8ba8703c238b3fb6bfb4c62fb740c1e86c4445cb731c6a7df3575ada7ce8",
            "output_size": 2719,
            "source": [],
            "source_content": null,
            "source_content_filename": null,
            "source_dir": "/home/marcocotrotzo/PycharmProjects/SymlCOnv/src/lambda_functions/collector",
            "source_file": null,
            "type": "zip"
          },
          "sensitive_attributes": [],
          "identity_schema_version": 0
        }
      ]
    },
    {
      "mode": "data",
      "type": "archive_file",
      "name": "CombinePVBattery_feedback_zip",
      "provider": "provider[\"registry.terraform.io/hashicorp/archive\"]",
      "instances": [
        {
          "schema_version": 0,
          "attributes": {
            "exclude_symlink_directories": null,
            "excludes": null,
            "id": "4f9b77c69657934eda027b657b9e4a9efa14301c",
            "output_base64sha256": "7hg5vMbj/m9dayit2DMhbOWTey3o42JTxs4/t3o9F+w=",
            "output_base64sha512": "4Co5fVl8ak6/z2XulJ4g/A6vT2FmsKEtxSVeyb5iw3pEhYu4pOH8txgW6SiUteACmKRxVVglv5oFV6StcOEx0w==",
            "output_file_mode": null,
            "output_md5": "c48a0360bbae8ee753a0a8226ee59e86",
            "output_path": "./CombinePVBattery_feedback_payload.zip",
            "output_sha": "4f9b77c69657934eda027b657b9e4a9efa14301c",
            "output_sha256": "ee1839bcc6e3fe6f5d6b28add833216ce5937b2de8e36253c6ce3fb77a3d17ec",
            "output_sha512": "e02a397d597c6a4ebfcf65ee949e20fc0eaf4f6166b0a12dc5255ec9be62c37a44858bb8a4e1fcb71816e92894b5e00298a471555825bf9a0557a4ad70e131d3",
            "output_size": 1711,
            "source": [],
            "source_content": null,
            "source_content_filename": null,
            "source_dir": "/home/marcocotrotzo/PycharmProjects/SymlCOnv/src/lambda_functions/feedback",
            "source_file": null,
            "type": "zip"
          },
          "sensitive_attributes": [],
          "identity_schema_version": 0
        }
      ]
    },
    {
      "mode": "data",
      "type": "archive_file",
      "name": "CombinePVBattery_strategy_zip",
      "provider": "provider[\"registry.terraform.io/hashicorp/archive\"]",
      "instances": [
        {
          "schema_version": 0,
          "attributes": {
            "exclude_symlink_directories": null,
            "excludes": null,
            "id": "7d3890ca9264f78b2d1531f2f82ca726263986b7",
            "output_base64sha256": "HK6mUuGIkVnHWveQ/dNAV4foirXeT5wIVPYc+8EGUSw=",
            "output_base64sha512": "Z4JZXDRgAy47ndlZ3Vax4+GW2jScMaWr2Zf2avdBP6ApWUrwSmFD5XXsMrLRngZ+WoHY7dCQ3r/95hnVl1cmsg==",
            "output_file_mode": null,
            "output_md5": "352d32cb85b67116dd99418cdef90e98",
            "output_path": "./CombinePVBattery_strategy_payload.zip",
            "output_sha": "7d3890ca9264f78b2d1531f2f82ca726263986b7",
            "output_sha256": "1caea652e1889159c75af790fdd3405787e88ab5de4f9c0854f61cfbc106512c",
            "output_sha512": "6782595c3460032e3b9dd959dd56b1e3e196da349c31a5abd997f66af7413fa029594af04a6143e575ec32b2d19e067e5a81d8edd090debffde619d5975726b2",
            "output_size": 316,
            "source": [],
            "source_content": null,
            "source_content_filename": null,
            "source_dir": "/home/marcocotrotzo/PycharmProjects/SymlCOnv/testLambdaFunctions/fedTwinCombinedStrategy",
            "source_file": null,
            "type": "zip"
          },
          "sensitive_attributes": [],
          "identity_schema_version": 0
        }
      ]
    },
    {
      "mode": "data",
      "type": "archive_file",
      "name": "CombinePVGrid_collector_zip",
      "provider": "provider[\"registry.terraform.io/hashicorp/archive\"]",
      "instances": [
        {
          "schema_version": 0,
          "attributes": {
            "exclude_symlink_directories": null,
            "excludes": null,
            "id": "52b6f4cd3248d6ba0f19106524019c987efe2f21",
            "output_base64sha256": "Ea7X18R+cNcmmsqO9njT/ZQT4OvtMLPzoJS5ElZLltA=",
            "output_base64sha512": "cJLe1lmE1b4tnWczjOLGockHRsd7nU2u0HEdqN2R3Tayi4uocDwjiz+2v7TGL7dAwehsREXLcxxqffNXWtp86A==",
            "output_file_mode": null,
            "output_md5": "8d8d48eea979f6f6963f5171798cee97",
            "output_path": "./CombinePVGrid_collector_payload.zip",
            "output_sha": "52b6f4cd3248d6ba0f19106524019c987efe2f21",
            "output_sha256": "11aed7d7c47e70d7269aca8ef678d3fd9413e0ebed30b3f3a094b912564b96d0",
            "output_sha512": "7092ded65984d5be2d9d67338ce2c6a1c90746c77b9d4daed0711da8dd91dd36b28b8ba8703c238b3fb6bfb4c62fb740c1e86c4445cb731c6a7df3575ada7ce8",
            "output_size": 2719,
            "source": [],
            "source_content": null,
            "source_content_filename": null,
            "source_dir": "/home/marcocotrotzo/PycharmProjects/SymlCOnv/src/lambda_functions/collector",
            "source_file": null,
            "type": "zip"
          },
          "sensitive_attributes": [],
          "identity_schema_version": 0
        }
      ]
    },
    {
      "mode": "data",
      "type": "archive_file",
      "name": "CombinePVGrid_feedback_zip",
      "provider": "provider[\"registry.terraform.io/hashicorp/archive\"]",
      "instances": [
        {
          "schema_version": 0,
          "attributes": {
            "exclude_symlink_directories": null,
            "excludes": null,
            "id": "4f9b77c69657934eda027b657b9e4a9efa14301c",
            "output_base64sha256": "7hg5vMbj/m9dayit2DMhbOWTey3o42JTxs4/t3o9F+w=",
            "output_base64sha512": "4Co5fVl8ak6/z2XulJ4g/A6vT2FmsKEtxSVeyb5iw3pEhYu4pOH8txgW6SiUteACmKRxVVglv5oFV6StcOEx0w==",
            "output_file_mode": null,
            "output_md5": "c48a0360bbae8ee753a0a8226ee59e86",
            "output_path": "./CombinePVGrid_feedback_payload.zip",
            "output_sha": "4f9b77c69657934eda027b657b9e4a9efa14301c",
            "output_sha256": "ee1839bcc6e3fe6f5d6b28add833216ce5937b2de8e36253c6ce3fb77a3d17ec",
            "output_sha512": "e02a397d597c6a4ebfcf65ee949e20fc0eaf4f6166b0a12dc5255ec9be62c37a44858bb8a4e1fcb71816e92894b5e00298a471555825bf9a0557a4ad70e131d3",
            "output_size": 1711,
            "source": [],
            "source_content": null,
            "source_content_filename": null,
            "source_dir": "/home/marcocotrotzo/PycharmProjects/SymlCOnv/src/lambda_functions/feedback",
            "source_file": null,
            "type": "zip"
          },
          "sensitive_attributes": [],
          "identity_schema_version": 0
        }
      ]
    },
    {
      "mode": "data",
      "type": "archive_file",
      "name": "CombinePVGrid_strategy_zip",
      "provider": "provider[\"registry.terraform.io/hashicorp/archive\"]",
      "instances": [
        {
          "schema_version": 0,
          "attributes": {
            "exclude_symlink_directories": null,
            "excludes": null,
            "id": "7d3890ca9264f78b2d1531f2f82ca726263986b7",
            "output_base64sha256": "HK6mUuGIkVnHWveQ/dNAV4foirXeT5wIVPYc+8EGUSw=",
            "output_base64sha512": "Z4JZXDRgAy47ndlZ3Vax4+GW2jScMaWr2Zf2avdBP6ApWUrwSmFD5XXsMrLRngZ+WoHY7dCQ3r/95hnVl1cmsg==",
            "output_file_mode": null,
            "output_md5": "352d32cb85b67116dd99418cdef90e98",
            "output_path": "./CombinePVGrid_strategy_payload.zip",
            "output_sha": "7d3890ca9264f78b2d1531f2f82ca726263986b7",
            "output_sha256": "1caea652e1889159c75af790fdd3405787e88ab5de4f9c0854f61cfbc106512c",
            "output_sha512": "6782595c3460032e3b9dd959dd56b1e3e196da349c31a5abd997f66af7413fa029594af04a6143e575ec32b2d19e067e5a81d8edd090debffde619d5975726b2",
            "output_size": 316,
            "source": [],
            "source_content": null,
            "source_content_filename": null,
            "source_dir": "/home/marcocotrotzo/PycharmProjects/SymlCOnv/testLambdaFunctions/fedTwinCombinedStrategy",
            "source_file": null,
            "type": "zip"
          },
          "sensitive_attributes": [],
          "identity_schema_version": 0
        }
      ]
    },
    {
      "mode": "data",
      "type": "archive_file",
      "name": "CombineToAuthbroker_collector_zip",
      "provider": "provider[\"registry.terraform.io/hashicorp/archive\"]",
      "instances": [
        {
          "schema_version": 0,
          "attributes": {
            "exclude_symlink_directories": null,
            "excludes": null,
            "id": "52b6f4cd3248d6ba0f19106524019c987efe2f21",
            "output_base64sha256": "Ea7X18R+cNcmmsqO9njT/ZQT4OvtMLPzoJS5ElZLltA=",
            "output_base64sha512": "cJLe1lmE1b4tnWczjOLGockHRsd7nU2u0HEdqN2R3Tayi4uocDwjiz+2v7TGL7dAwehsREXLcxxqffNXWtp86A==",
            "output_file_mode": null,
            "output_md5": "8d8d48eea979f6f6963f5171798cee97",
            "output_path": "./CombineToAuthbroker_collector_payload.zip",
            "output_sha": "52b6f4cd3248d6ba0f19106524019c987efe2f21",
            "output_sha256": "11aed7d7c47e70d7269aca8ef678d3fd9413e0ebed30b3f3a094b912564b96d0",
            "output_sha512": "7092ded65984d5be2d9d67338ce2c6a1c90746c77b9d4daed0711da8dd91dd36b28b8ba8703c238b3fb6bfb4c62fb740c1e86c4445cb731c6a7df3575ada7ce8",
            "output_size": 2719,
            "source": [],
            "source_content": null,
            "source_content_filename": null,
            "source_dir": "/home/marcocotrotzo/PycharmProjects/SymlCOnv/src/lambda_functions/collector",
            "source_file": null,
            "type": "zip"
          },
          "sensitive_attributes": [],
          "identity_schema_version": 0
        }
      ]
    },
    {
      "mode": "data",
      "type": "archive_file",
      "name": "CombineToAuthbroker_feedback_zip",
      "provider": "provider[\"registry.terraform.io/hashicorp/archive\"]",
      "instances": [
        {
          "schema_version": 0,
          "attributes": {
            "exclude_symlink_directories": null,
            "excludes": null,
            "id": "4f9b77c69657934eda027b657b9e4a9efa14301c",
            "output_base64sha256": "7hg5vMbj/m9dayit2DMhbOWTey3o42JTxs4/t3o9F+w=",
            "output_base64sha512": "4Co5fVl8ak6/z2XulJ4g/A6vT2FmsKEtxSVeyb5iw3pEhYu4pOH8txgW6SiUteACmKRxVVglv5oFV6StcOEx0w==",
            "output_file_mode": null,
            "output_md5": "c48a0360bbae8ee753a0a8226ee59e86",
            "output_path": "./CombineToAuthbroker_feedback_payload.zip",
            "output_sha": "4f9b77c69657934eda027b657b9e4a9efa14301c",
            "output_sha256": "ee1839bcc6e3fe6f5d6b28add833216ce5937b2de8e36253c6ce3fb77a3d17ec",
            "output_sha512": "e02a397d597c6a4ebfcf65ee949e20fc0eaf4f6166b0a12dc5255ec9be62c37a44858bb8a4e1fcb71816e92894b5e00298a471555825bf9a0557a4ad70e131d3",
            "output_size": 1711,
            "source": [],
            "source_content": null,
            "source_content_filename": null,
            "source_dir": "/home/marcocotrotzo/PycharmProjects/SymlCOnv/src/lambda_functions/feedback",
            "source_file": null,
            "type": "zip"
          },
          "sensitive_attributes": [],
          "identity_schema_version": 0
        }
      ]
    },
    {
      "mode": "data",
      "type": "archive_file",
      "name": "CombineToAuthbroker_strategy_zip",
      "provider": "provider[\"registry.terraform.io/hashicorp/archive\"]",
      "instances": [
        {
          "schema_version": 0,
          "attributes": {
            "exclude_symlink_directories": null,
            "excludes": null,
            "id": "7d3890ca9264f78b2d1531f2f82ca726263986b7",
            "output_base64sha256": "HK6mUuGIkVnHWveQ/dNAV4foirXeT5wIVPYc+8EGUSw=",
            "output_base64sha512": "Z4JZXDRgAy47ndlZ3Vax4+GW2jScMaWr2Zf2avdBP6ApWUrwSmFD5XXsMrLRngZ+WoHY7dCQ3r/95hnVl1cmsg==",
            "output_file_mode": null,
            "output_md5": "352d32cb85b67116dd99418cdef90e98",
            "output_path": "./CombineToAuthbroker_strategy_payload.zip",
            "output_sha": "7d3890ca9264f78b2d1531f2f82ca726263986b7",
            "output_sha256": "1caea652e1889159c75af790fdd3405787e88ab5de4f9c0854f61cfbc106512c",
            "output_sha512": "6782595c3460032e3b9dd959dd56b1e3e196da349c31a5abd997f66af7413fa029594af04a6143e575ec32b2d19e067e5a81d8edd090debffde619d5975726b2",
            "output_size": 316,
            "source": [],
            "source_content": null,
            "source_content_filename": null,
            "source_dir": "/home/marcocotrotzo/PycharmProjects/SymlCOnv/testLambdaFunctions/fedTwinCombinedStrategy",
            "source_file": null,
            "type": "zip"
          },
          "sensitive_attributes": [],
          "identity_schema_version": 0
        }
      ]
    },
    {
      "mode": "data",
      "type": "archive_file",
      "name": "SingleStrategyPass_collector_zip",
      "provider": "provider[\"registry.terraform.io/hashicorp/archive\"]",
      "instances": [
        {
          "schema_version": 0,
          "attributes": {
            "exclude_symlink_directories": null,
            "excludes": null,
            "id": "52b6f4cd3248d6ba0f19106524019c987efe2f21",
            "output_base64sha256": "Ea7X18R+cNcmmsqO9njT/ZQT4OvtMLPzoJS5ElZLltA=",
            "output_base64sha512": "cJLe1lmE1b4tnWczjOLGockHRsd7nU2u0HEdqN2R3Tayi4uocDwjiz+2v7TGL7dAwehsREXLcxxqffNXWtp86A==",
            "output_file_mode": null,
            "output_md5": "8d8d48eea979f6f6963f5171798cee97",
            "output_path": "./SingleStrategyPass_collector_payload.zip",
            "output_sha": "52b6f4cd3248d6ba0f19106524019c987efe2f21",
            "output_sha256": "11aed7d7c47e70d7269aca8ef678d3fd9413e0ebed30b3f3a094b912564b96d0",
            "output_sha512": "7092ded65984d5be2d9d67338ce2c6a1c90746c77b9d4daed0711da8dd91dd36b28b8ba8703c238b3fb6bfb4c62fb740c1e86c4445cb731c6a7df3575ada7ce8",
            "output_size": 2719,
            "source": [],
            "source_content": null,
            "source_content_filename": null,
            "source_dir": "/home/marcocotrotzo/PycharmProjects/SymlCOnv/src/lambda_functions/collector",
            "source_file": null,
            "type": "zip"
          },
          "sensitive_attributes": [],
          "identity_schema_version": 0
        }
      ]
    },
    {
      "mode": "data",
      "type": "archive_file",
      "name": "SingleStrategyPass_feedback_zip",
      "provider": "provider[\"registry.terraform.io/hashicorp/archive\"]",
      "instances": [
        {
          "schema_version": 0,
          "attributes": {
            "exclude_symlink_directories": null,
            "excludes": null,
            "id": "4f9b77c69657934eda027b657b9e4a9efa14301c",
            "output_base64sha256": "7hg5vMbj/m9dayit2DMhbOWTey3o42JTxs4/t3o9F+w=",
            "output_base64sha512": "4Co5fVl8ak6/z2XulJ4g/A6vT2FmsKEtxSVeyb5iw3pEhYu4pOH8txgW6SiUteACmKRxVVglv5oFV6StcOEx0w==",
            "output_file_mode": null,
            "output_md5": "c48a0360bbae8ee753a0a8226ee59e86",
            "output_path": "./SingleStrategyPass_feedback_payload.zip",
            "output_sha": "4f9b77c69657934eda027b657b9e4a9efa14301c",
            "output_sha256": "ee1839bcc6e3fe6f5d6b28add833216ce5937b2de8e36253c6ce3fb77a3d17ec",
            "output_sha512": "e02a397d597c6a4ebfcf65ee949e20fc0eaf4f6166b0a12dc5255ec9be62c37a44858bb8a4e1fcb71816e92894b5e00298a471555825bf9a0557a4ad70e131d3",
            "output_size": 1711,
            "source": [],
            "source_content": null,
            "source_content_filename": null,
            "source_dir": "/home/marcocotrotzo/PycharmProjects/SymlCOnv/src/lambda_functions/feedback",
            "source_file": null,
            "type": "zip"
          },
          "sensitive_attributes": [],
          "identity_schema_version": 0
        }
      ]
    },
    {
      "mode": "data",
      "type": "archive_file",
      "name": "SingleStrategyPass_strategy_zip",
      "provider": "provider[\"registry.terraform.io/hashicorp/archive\"]",
      "instances": [
        {
          "schema_version": 0,
          "attributes": {
            "exclude_symlink_directories": null,
            "excludes": null,
            "id": "7d3890ca9264f78b2d1531f2f82ca726263986b7",
            "output_base64sha256": "HK6mUuGIkVnHWveQ/dNAV4foirXeT5wIVPYc+8EGUSw=",
            "output_base64sha512": "Z4JZXDRgAy47ndlZ3Vax4+GW2jScMaWr2Zf2avdBP6ApWUrwSmFD5XXsMrLRngZ+WoHY7dCQ3r/95hnVl1cmsg==",
            "output_file_mode": null,
            "output_md5": "352d32cb85b67116dd99418cdef90e98",
            "output_path": "./SingleStrategyPass_strategy_payload.zip",
            "output_sha": "7d3890ca9264f78b2d1531f2f82ca726263986b7",
            "output_sha256": "1caea652e1889159c75af790fdd3405787e88ab5de4f9c0854f61cfbc106512c",
            "output_sha512": "6782595c3460032e3b9dd959dd56b1e3e196da349c31a5abd997f66af7413fa029594af04a6143e575ec32b2d19e067e5a81d8edd090debffde619d5975726b2",
            "output_size": 316,
            "source": [],
            "source_content": null,
            "source_content_filename": null,
            "source_dir": "/home/marcocotrotzo/PycharmProjects/SymlCOnv/testLambdaFunctions/fedTwinCombinedStrategy",
            "source_file": null,
            "type": "zip"
          },
          "sensitive_attributes": [],
          "identity_schema_version": 0
        }
      ]
    },
    {
      "mode": "managed",
      "type": "aws_iam_role",
      "name": "CombineAllExternal_collector_role",
      "provider": "provider[\"registry.terraform.io/hashicorp/aws\"]",
      "instances": [
        {
          "schema_version": 0,
          "attributes": {
            "arn": "arn:aws:iam::717556240325:role/CombineAllExternal_collector-role",
            "assume_role_policy": "{\"Statement\":[{\"Action\":\"sts:AssumeRole\",\"Effect\":\"Allow\",\"Principal\":{\"Service\":\"lambda.amazonaws.com\"}}],\"Version\":\"2012-10-17\"}",
            "create_date": "2026-05-16T19:41:03Z",
            "description": "",
            "force_detach_policies": false,
            "id": "CombineAllExternal_collector-role",
            "inline_policy": [],
            "managed_policy_arns": [],
            "max_session_duration": 3600,
            "name": "CombineAllExternal_collector-role",
            "name_prefix": "",
            "path": "/",
            "permissions_boundary": "",
            "tags": null,
            "tags_all": {},
            "unique_id": "AROA2OENPJ7CWTCBC3XXK"
          },
          "sensitive_attributes": [],
          "identity_schema_version": 0,
          "identity": {
            "account_id": "717556240325",
            "name": "CombineAllExternal_collector-role"
          },
          "private": "bnVsbA=="
        }
      ]
    },
    {
      "mode": "managed",
      "type": "aws_iam_role",
      "name": "CombineAllExternal_feedback_role",
      "provider": "provider[\"registry.terraform.io/hashicorp/aws\"]",
      "instances": [
        {
          "schema_version": 0,
          "attributes": {
            "arn": "arn:aws:iam::717556240325:role/CombineAllExternal_feedback-role",
            "assume_role_policy": "{\"Statement\":[{\"Action\":\"sts:AssumeRole\",\"Effect\":\"Allow\",\"Principal\":{\"Service\":\"lambda.amazonaws.com\"}}],\"Version\":\"2012-10-17\"}",
            "create_date": "2026-05-16T19:41:03Z",
            "description": "",
            "force_detach_policies": false,
            "id": "CombineAllExternal_feedback-role",
            "inline_policy": [],
            "managed_policy_arns": [],
            "max_session_duration": 3600,
            "name": "CombineAllExternal_feedback-role",
            "name_prefix": "",
            "path": "/",
            "permissions_boundary": "",
            "tags": null,
            "tags_all": {},
            "unique_id": "AROA2OENPJ7CZHUNIKRGM"
          },
          "sensitive_attributes": [],
          "identity_schema_version": 0,
          "identity": {
            "account_id": "717556240325",
            "name": "CombineAllExternal_feedback-role"
          },
          "private": "bnVsbA=="
        }
      ]
    },
    {
      "mode": "managed",
      "type": "aws_iam_role",
      "name": "CombineAllExternal_sf_role",
      "provider": "provider[\"registry.terraform.io/hashicorp/aws\"]",
      "instances": [
        {
          "schema_version": 0,
          "attributes": {
            "arn": "arn:aws:iam::717556240325:role/CombineAllExternal-sf-role",
            "assume_role_policy": "{\"Statement\":[{\"Action\":\"sts:AssumeRole\",\"Effect\":\"Allow\",\"Principal\":{\"Service\":\"states.amazonaws.com\"}}],\"Version\":\"2012-10-17\"}",
            "create_date": "2026-05-16T19:41:03Z",
            "description": "",
            "force_detach_policies": false,
            "id": "CombineAllExternal-sf-role",
            "inline_policy": [],
            "managed_policy_arns": [],
            "max_session_duration": 3600,
            "name": "CombineAllExternal-sf-role",
            "name_prefix": "",
            "path": "/",
            "permissions_boundary": "",
            "tags": null,
            "tags_all": {},
            "unique_id": "AROA2OENPJ7CRNYPEB3P5"
          },
          "sensitive_attributes": [],
          "identity_schema_version": 0,
          "identity": {
            "account_id": "717556240325",
            "name": "CombineAllExternal-sf-role"
          },
          "private": "bnVsbA=="
        }
      ]
    },
    {
      "mode": "managed",
      "type": "aws_iam_role",
      "name": "CombineAllExternal_strategy_role",
      "provider": "provider[\"registry.terraform.io/hashicorp/aws\"]",
      "instances": [
        {
          "schema_version": 0,
          "attributes": {
            "arn": "arn:aws:iam::717556240325:role/CombineAllExternal_strategy-role",
            "assume_role_policy": "{\"Statement\":[{\"Action\":\"sts:AssumeRole\",\"Effect\":\"Allow\",\"Principal\":{\"Service\":\"lambda.amazonaws.com\"}}],\"Version\":\"2012-10-17\"}",
            "create_date": "2026-05-16T19:41:04Z",
            "description": "",
            "force_detach_policies": false,
            "id": "CombineAllExternal_strategy-role",
            "inline_policy": [],
            "managed_policy_arns": [],
            "max_session_duration": 3600,
            "name": "CombineAllExternal_strategy-role",
            "name_prefix": "",
            "path": "/",
            "permissions_boundary": "",
            "tags": null,
            "tags_all": {},
            "unique_id": "AROA2OENPJ7CSNQRFIVKC"
          },
          "sensitive_attributes": [],
          "identity_schema_version": 0,
          "identity": {
            "account_id": "717556240325",
            "name": "CombineAllExternal_strategy-role"
          },
          "private": "bnVsbA=="
        }
      ]
    },
    {
      "mode": "managed",
      "type": "aws_iam_role",
      "name": "CombineAllInternal_collector_role",
      "provider": "provider[\"registry.terraform.io/hashicorp/aws\"]",
      "instances": [
        {
          "schema_version": 0,
          "attributes": {
            "arn": "arn:aws:iam::717556240325:role/CombineAllInternal_collector-role",
            "assume_role_policy": "{\"Statement\":[{\"Action\":\"sts:AssumeRole\",\"Effect\":\"Allow\",\"Principal\":{\"Service\":\"lambda.amazonaws.com\"}}],\"Version\":\"2012-10-17\"}",
            "create_date": "2026-05-16T19:41:03Z",
            "description": "",
            "force_detach_policies": false,
            "id": "CombineAllInternal_collector-role",
            "inline_policy": [],
            "managed_policy_arns": [],
            "max_session_duration": 3600,
            "name": "CombineAllInternal_collector-role",
            "name_prefix": "",
            "path": "/",
            "permissions_boundary": "",
            "tags": null,
            "tags_all": {},
            "unique_id": "AROA2OENPJ7CVRHLRNQZX"
          },
          "sensitive_attributes": [],
          "identity_schema_version": 0,
          "identity": {
            "account_id": "717556240325",
            "name": "CombineAllInternal_collector-role"
          },
          "private": "bnVsbA=="
        }
      ]
    },
    {
      "mode": "managed",
      "type": "aws_iam_role",
      "name": "CombineAllInternal_feedback_role",
      "provider": "provider[\"registry.terraform.io/hashicorp/aws\"]",
      "instances": [
        {
          "schema_version": 0,
          "attributes": {
            "arn": "arn:aws:iam::717556240325:role/CombineAllInternal_feedback-role",
            "assume_role_policy": "{\"Statement\":[{\"Action\":\"sts:AssumeRole\",\"Effect\":\"Allow\",\"Principal\":{\"Service\":\"lambda.amazonaws.com\"}}],\"Version\":\"2012-10-17\"}",
            "create_date": "2026-05-16T19:41:02Z",
            "description": "",
            "force_detach_policies": false,
            "id": "CombineAllInternal_feedback-role",
            "inline_policy": [],
            "managed_policy_arns": [],
            "max_session_duration": 3600,
            "name": "CombineAllInternal_feedback-role",
            "name_prefix": "",
            "path": "/",
            "permissions_boundary": "",
            "tags": null,
            "tags_all": {},
            "unique_id": "AROA2OENPJ7CYOEQROOUF"
          },
          "sensitive_attributes": [],
          "identity_schema_version": 0,
          "identity": {
            "account_id": "717556240325",
            "name": "CombineAllInternal_feedback-role"
          },
          "private": "bnVsbA=="
        }
      ]
    },
    {
      "mode": "managed",
      "type": "aws_iam_role",
      "name": "CombineAllInternal_sf_role",
      "provider": "provider[\"registry.terraform.io/hashicorp/aws\"]",
      "instances": [
        {
          "schema_version": 0,
          "attributes": {
            "arn": "arn:aws:iam::717556240325:role/CombineAllInternal-sf-role",
            "assume_role_policy": "{\"Statement\":[{\"Action\":\"sts:AssumeRole\",\"Effect\":\"Allow\",\"Principal\":{\"Service\":\"states.amazonaws.com\"}}],\"Version\":\"2012-10-17\"}",
            "create_date": "2026-05-16T19:41:04Z",
            "description": "",
            "force_detach_policies": false,
            "id": "CombineAllInternal-sf-role",
            "inline_policy": [],
            "managed_policy_arns": [],
            "max_session_duration": 3600,
            "name": "CombineAllInternal-sf-role",
            "name_prefix": "",
            "path": "/",
            "permissions_boundary": "",
            "tags": null,
            "tags_all": {},
            "unique_id": "AROA2OENPJ7C2JF33DSBL"
          },
          "sensitive_attributes": [],
          "identity_schema_version": 0,
          "identity": {
            "account_id": "717556240325",
            "name": "CombineAllInternal-sf-role"
          },
          "private": "bnVsbA=="
        }
      ]
    },
    {
      "mode": "managed",
      "type": "aws_iam_role",
      "name": "CombineAllInternal_strategy_role",
      "provider": "provider[\"registry.terraform.io/hashicorp/aws\"]",
      "instances": [
        {
          "schema_version": 0,
          "attributes": {
            "arn": "arn:aws:iam::717556240325:role/CombineAllInternal_strategy-role",
            "assume_role_policy": "{\"Statement\":[{\"Action\":\"sts:AssumeRole\",\"Effect\":\"Allow\",\"Principal\":{\"Service\":\"lambda.amazonaws.com\"}}],\"Version\":\"2012-10-17\"}",
            "create_date": "2026-05-16T19:41:03Z",
            "description": "",
            "force_detach_policies": false,
            "id": "CombineAllInternal_strategy-role",
            "inline_policy": [],
            "managed_policy_arns": [],
            "max_session_duration": 3600,
            "name": "CombineAllInternal_strategy-role",
            "name_prefix": "",
            "path": "/",
            "permissions_boundary": "",
            "tags": null,
            "tags_all": {},
            "unique_id": "AROA2OENPJ7C7YSVWTMPU"
          },
          "sensitive_attributes": [],
          "identity_schema_version": 0,
          "identity": {
            "account_id": "717556240325",
            "name": "CombineAllInternal_strategy-role"
          },
          "private": "bnVsbA=="
        }
      ]
    },
    {
      "mode": "managed",
      "type": "aws_iam_role",
      "name": "CombinePVBattery_collector_role",
      "provider": "provider[\"registry.terraform.io/hashicorp/aws\"]",
      "instances": [
        {
          "schema_version": 0,
          "attributes": {
            "arn": "arn:aws:iam::717556240325:role/CombinePVBattery_collector-role",
            "assume_role_policy": "{\"Statement\":[{\"Action\":\"sts:AssumeRole\",\"Effect\":\"Allow\",\"Principal\":{\"Service\":\"lambda.amazonaws.com\"}}],\"Version\":\"2012-10-17\"}",
            "create_date": "2026-05-16T19:41:04Z",
            "description": "",
            "force_detach_policies": false,
            "id": "CombinePVBattery_collector-role",
            "inline_policy": [],
            "managed_policy_arns": [],
            "max_session_duration": 3600,
            "name": "CombinePVBattery_collector-role",
            "name_prefix": "",
            "path": "/",
            "permissions_boundary": "",
            "tags": null,
            "tags_all": {},
            "unique_id": "AROA2OENPJ7CV4UZDBHZJ"
          },
          "sensitive_attributes": [],
          "identity_schema_version": 0,
          "identity": {
            "account_id": "717556240325",
            "name": "CombinePVBattery_collector-role"
          },
          "private": "bnVsbA=="
        }
      ]
    },
    {
      "mode": "managed",
      "type": "aws_iam_role",
      "name": "CombinePVBattery_feedback_role",
      "provider": "provider[\"registry.terraform.io/hashicorp/aws\"]",
      "instances": [
        {
          "schema_version": 0,
          "attributes": {
            "arn": "arn:aws:iam::717556240325:role/CombinePVBattery_feedback-role",
            "assume_role_policy": "{\"Statement\":[{\"Action\":\"sts:AssumeRole\",\"Effect\":\"Allow\",\"Principal\":{\"Service\":\"lambda.amazonaws.com\"}}],\"Version\":\"2012-10-17\"}",
            "create_date": "2026-05-16T19:41:03Z",
            "description": "",
            "force_detach_policies": false,
            "id": "CombinePVBattery_feedback-role",
            "inline_policy": [],
            "managed_policy_arns": [],
            "max_session_duration": 3600,
            "name": "CombinePVBattery_feedback-role",
            "name_prefix": "",
            "path": "/",
            "permissions_boundary": "",
            "tags": null,
            "tags_all": {},
            "unique_id": "AROA2OENPJ7CUL3D3JRJA"
          },
          "sensitive_attributes": [],
          "identity_schema_version": 0,
          "identity": {
            "account_id": "717556240325",
            "name": "CombinePVBattery_feedback-role"
          },
          "private": "bnVsbA=="
        }
      ]
    },
    {
      "mode": "managed",
      "type": "aws_iam_role",
      "name": "CombinePVBattery_sf_role",
      "provider": "provider[\"registry.terraform.io/hashicorp/aws\"]",
      "instances": [
        {
          "schema_version": 0,
          "attributes": {
            "arn": "arn:aws:iam::717556240325:role/CombinePVBattery-sf-role",
            "assume_role_policy": "{\"Statement\":[{\"Action\":\"sts:AssumeRole\",\"Effect\":\"Allow\",\"Principal\":{\"Service\":\"states.amazonaws.com\"}}],\"Version\":\"2012-10-17\"}",
            "create_date": "2026-05-16T19:41:03Z",
            "description": "",
            "force_detach_policies": false,
            "id": "CombinePVBattery-sf-role",
            "inline_policy": [],
            "managed_policy_arns": [],
            "max_session_duration": 3600,
            "name": "CombinePVBattery-sf-role",
            "name_prefix": "",
            "path": "/",
            "permissions_boundary": "",
            "tags": null,
            "tags_all": {},
            "unique_id": "AROA2OENPJ7CQU44KTCRB"
          },
          "sensitive_attributes": [],
          "identity_schema_version": 0,
          "identity": {
            "account_id": "717556240325",
            "name": "CombinePVBattery-sf-role"
          },
          "private": "bnVsbA=="
        }
      ]
    },
    {
      "mode": "managed",
      "type": "aws_iam_role",
      "name": "CombinePVBattery_strategy_role",
      "provider": "provider[\"registry.terraform.io/hashicorp/aws\"]",
      "instances": [
        {
          "schema_version": 0,
          "attributes": {
            "arn": "arn:aws:iam::717556240325:role/CombinePVBattery_strategy-role",
            "assume_role_policy": "{\"Statement\":[{\"Action\":\"sts:AssumeRole\",\"Effect\":\"Allow\",\"Principal\":{\"Service\":\"lambda.amazonaws.com\"}}],\"Version\":\"2012-10-17\"}",
            "create_date": "2026-05-16T19:41:03Z",
            "description": "",
            "force_detach_policies": false,
            "id": "CombinePVBattery_strategy-role",
            "inline_policy": [],
            "managed_policy_arns": [],
            "max_session_duration": 3600,
            "name": "CombinePVBattery_strategy-role",
            "name_prefix": "",
            "path": "/",
            "permissions_boundary": "",
            "tags": null,
            "tags_all": {},
            "unique_id": "AROA2OENPJ7C64QBDHZD5"
          },
          "sensitive_attributes": [],
          "identity_schema_version": 0,
          "identity": {
            "account_id": "717556240325",
            "name": "CombinePVBattery_strategy-role"
          },
          "private": "bnVsbA=="
        }
      ]
    },
    {
      "mode": "managed",
      "type": "aws_iam_role",
      "name": "CombinePVGrid_collector_role",
      "provider": "provider[\"registry.terraform.io/hashicorp/aws\"]",
      "instances": [
        {
          "schema_version": 0,
          "attributes": {
            "arn": "arn:aws:iam::717556240325:role/CombinePVGrid_collector-role",
            "assume_role_policy": "{\"Statement\":[{\"Action\":\"sts:AssumeRole\",\"Effect\":\"Allow\",\"Principal\":{\"Service\":\"lambda.amazonaws.com\"}}],\"Version\":\"2012-10-17\"}",
            "create_date": "2026-05-16T19:41:03Z",
            "description": "",
            "force_detach_policies": false,
            "id": "CombinePVGrid_collector-role",
            "inline_policy": [],
            "managed_policy_arns": [],
            "max_session_duration": 3600,
            "name": "CombinePVGrid_collector-role",
            "name_prefix": "",
            "path": "/",
            "permissions_boundary": "",
            "tags": null,
            "tags_all": {},
            "unique_id": "AROA2OENPJ7C2H43PFHBO"
          },
          "sensitive_attributes": [],
          "identity_schema_version": 0,
          "identity": {
            "account_id": "717556240325",
            "name": "CombinePVGrid_collector-role"
          },
          "private": "bnVsbA=="
        }
      ]
    },
    {
      "mode": "managed",
      "type": "aws_iam_role",
      "name": "CombinePVGrid_feedback_role",
      "provider": "provider[\"registry.terraform.io/hashicorp/aws\"]",
      "instances": [
        {
          "schema_version": 0,
          "attributes": {
            "arn": "arn:aws:iam::717556240325:role/CombinePVGrid_feedback-role",
            "assume_role_policy": "{\"Statement\":[{\"Action\":\"sts:AssumeRole\",\"Effect\":\"Allow\",\"Principal\":{\"Service\":\"lambda.amazonaws.com\"}}],\"Version\":\"2012-10-17\"}",
            "create_date": "2026-05-16T19:41:04Z",
            "description": "",
            "force_detach_policies": false,
            "id": "CombinePVGrid_feedback-role",
            "inline_policy": [],
            "managed_policy_arns": [],
            "max_session_duration": 3600,
            "name": "CombinePVGrid_feedback-role",
            "name_prefix": "",
            "path": "/",
            "permissions_boundary": "",
            "tags": null,
            "tags_all": {},
            "unique_id": "AROA2OENPJ7CR24PXZONF"
          },
          "sensitive_attributes": [],
          "identity_schema_version": 0,
          "identity": {
            "account_id": "717556240325",
            "name": "CombinePVGrid_feedback-role"
          },
          "private": "bnVsbA=="
        }
      ]
    },
    {
      "mode": "managed",
      "type": "aws_iam_role",
      "name": "CombinePVGrid_sf_role",
      "provider": "provider[\"registry.terraform.io/hashicorp/aws\"]",
      "instances": [
        {
          "schema_version": 0,
          "attributes": {
            "arn": "arn:aws:iam::717556240325:role/CombinePVGrid-sf-role",
            "assume_role_policy": "{\"Statement\":[{\"Action\":\"sts:AssumeRole\",\"Effect\":\"Allow\",\"Principal\":{\"Service\":\"states.amazonaws.com\"}}],\"Version\":\"2012-10-17\"}",
            "create_date": "2026-05-16T19:41:04Z",
            "description": "",
            "force_detach_policies": false,
            "id": "CombinePVGrid-sf-role",
            "inline_policy": [],
            "managed_policy_arns": [],
            "max_session_duration": 3600,
            "name": "CombinePVGrid-sf-role",
            "name_prefix": "",
            "path": "/",
            "permissions_boundary": "",
            "tags": null,
            "tags_all": {},
            "unique_id": "AROA2OENPJ7C3XVZP55LZ"
          },
          "sensitive_attributes": [],
          "identity_schema_version": 0,
          "identity": {
            "account_id": "717556240325",
            "name": "CombinePVGrid-sf-role"
          },
          "private": "bnVsbA=="
        }
      ]
    },
    {
      "mode": "managed",
      "type": "aws_iam_role",
      "name": "CombinePVGrid_strategy_role",
      "provider": "provider[\"registry.terraform.io/hashicorp/aws\"]",
      "instances": [
        {
          "schema_version": 0,
          "attributes": {
            "arn": "arn:aws:iam::717556240325:role/CombinePVGrid_strategy-role",
            "assume_role_policy": "{\"Statement\":[{\"Action\":\"sts:AssumeRole\",\"Effect\":\"Allow\",\"Principal\":{\"Service\":\"lambda.amazonaws.com\"}}],\"Version\":\"2012-10-17\"}",
            "create_date": "2026-05-16T19:41:03Z",
            "description": "",
            "force_detach_policies": false,
            "id": "CombinePVGrid_strategy-role",
            "inline_policy": [],
            "managed_policy_arns": [],
            "max_session_duration": 3600,
            "name": "CombinePVGrid_strategy-role",
            "name_prefix": "",
            "path": "/",
            "permissions_boundary": "",
            "tags": null,
            "tags_all": {},
            "unique_id": "AROA2OENPJ7C4TUHV5BXC"
          },
          "sensitive_attributes": [],
          "identity_schema_version": 0,
          "identity": {
            "account_id": "717556240325",
            "name": "CombinePVGrid_strategy-role"
          },
          "private": "bnVsbA=="
        }
      ]
    },
    {
      "mode": "managed",
      "type": "aws_iam_role",
      "name": "CombineToAuthbroker_collector_role",
      "provider": "provider[\"registry.terraform.io/hashicorp/aws\"]",
      "instances": [
        {
          "schema_version": 0,
          "attributes": {
            "arn": "arn:aws:iam::717556240325:role/CombineToAuthbroker_collector-role",
            "assume_role_policy": "{\"Statement\":[{\"Action\":\"sts:AssumeRole\",\"Effect\":\"Allow\",\"Principal\":{\"Service\":\"lambda.amazonaws.com\"}}],\"Version\":\"2012-10-17\"}",
            "create_date": "2026-05-16T19:41:03Z",
            "description": "",
            "force_detach_policies": false,
            "id": "CombineToAuthbroker_collector-role",
            "inline_policy": [],
            "managed_policy_arns": [],
            "max_session_duration": 3600,
            "name": "CombineToAuthbroker_collector-role",
            "name_prefix": "",
            "path": "/",
            "permissions_boundary": "",
            "tags": null,
            "tags_all": {},
            "unique_id": "AROA2OENPJ7CWHYZAYHGY"
          },
          "sensitive_attributes": [],
          "identity_schema_version": 0,
          "identity": {
            "account_id": "717556240325",
            "name": "CombineToAuthbroker_collector-role"
          },
          "private": "bnVsbA=="
        }
      ]
    },
    {
      "mode": "managed",
      "type": "aws_iam_role",
      "name": "CombineToAuthbroker_feedback_role",
      "provider": "provider[\"registry.terraform.io/hashicorp/aws\"]",
      "instances": [
        {
          "schema_version": 0,
          "attributes": {
            "arn": "arn:aws:iam::717556240325:role/CombineToAuthbroker_feedback-role",
            "assume_role_policy": "{\"Statement\":[{\"Action\":\"sts:AssumeRole\",\"Effect\":\"Allow\",\"Principal\":{\"Service\":\"lambda.amazonaws.com\"}}],\"Version\":\"2012-10-17\"}",
            "create_date": "2026-05-16T19:41:04Z",
            "description": "",
            "force_detach_policies": false,
            "id": "CombineToAuthbroker_feedback-role",
            "inline_policy": [],
            "managed_policy_arns": [],
            "max_session_duration": 3600,
            "name": "CombineToAuthbroker_feedback-role",
            "name_prefix": "",
            "path": "/",
            "permissions_boundary": "",
            "tags": null,
            "tags_all": {},
            "unique_id": "AROA2OENPJ7C43WBYUYLC"
          },
          "sensitive_attributes": [],
          "identity_schema_version": 0,
          "identity": {
            "account_id": "717556240325",
            "name": "CombineToAuthbroker_feedback-role"
          },
          "private": "bnVsbA=="
        }
      ]
    },
    {
      "mode": "managed",
      "type": "aws_iam_role",
      "name": "CombineToAuthbroker_sf_role",
      "provider": "provider[\"registry.terraform.io/hashicorp/aws\"]",
      "instances": [
        {
          "schema_version": 0,
          "attributes": {
            "arn": "arn:aws:iam::717556240325:role/CombineToAuthbroker-sf-role",
            "assume_role_policy": "{\"Statement\":[{\"Action\":\"sts:AssumeRole\",\"Effect\":\"Allow\",\"Principal\":{\"Service\":\"states.amazonaws.com\"}}],\"Version\":\"2012-10-17\"}",
            "create_date": "2026-05-16T19:41:03Z",
            "description": "",
            "force_detach_policies": false,
            "id": "CombineToAuthbroker-sf-role",
            "inline_policy": [],
            "managed_policy_arns": [],
            "max_session_duration": 3600,
            "name": "CombineToAuthbroker-sf-role",
            "name_prefix": "",
            "path": "/",
            "permissions_boundary": "",
            "tags": null,
            "tags_all": {},
            "unique_id": "AROA2OENPJ7CWAENM3JWS"
          },
          "sensitive_attributes": [],
          "identity_schema_version": 0,
          "identity": {
            "account_id": "717556240325",
            "name": "CombineToAuthbroker-sf-role"
          },
          "private": "bnVsbA=="
        }
      ]
    },
    {
      "mode": "managed",
      "type": "aws_iam_role",
      "name": "CombineToAuthbroker_strategy_role",
      "provider": "provider[\"registry.terraform.io/hashicorp/aws\"]",
      "instances": [
        {
          "schema_version": 0,
          "attributes": {
            "arn": "arn:aws:iam::717556240325:role/CombineToAuthbroker_strategy-role",
            "assume_role_policy": "{\"Statement\":[{\"Action\":\"sts:AssumeRole\",\"Effect\":\"Allow\",\"Principal\":{\"Service\":\"lambda.amazonaws.com\"}}],\"Version\":\"2012-10-17\"}",
            "create_date": "2026-05-16T19:41:03Z",
            "description": "",
            "force_detach_policies": false,
            "id": "CombineToAuthbroker_strategy-role",
            "inline_policy": [],
            "managed_policy_arns": [],
            "max_session_duration": 3600,
            "name": "CombineToAuthbroker_strategy-role",
            "name_prefix": "",
            "path": "/",
            "permissions_boundary": "",
            "tags": null,
            "tags_all": {},
            "unique_id": "AROA2OENPJ7CVBPBHXMU4"
          },
          "sensitive_attributes": [],
          "identity_schema_version": 0,
          "identity": {
            "account_id": "717556240325",
            "name": "CombineToAuthbroker_strategy-role"
          },
          "private": "bnVsbA=="
        }
      ]
    },
    {
      "mode": "managed",
      "type": "aws_iam_role",
      "name": "SingleStrategyPass_collector_role",
      "provider": "provider[\"registry.terraform.io/hashicorp/aws\"]",
      "instances": [
        {
          "schema_version": 0,
          "attributes": {
            "arn": "arn:aws:iam::717556240325:role/SingleStrategyPass_collector-role",
            "assume_role_policy": "{\"Statement\":[{\"Action\":\"sts:AssumeRole\",\"Effect\":\"Allow\",\"Principal\":{\"Service\":\"lambda.amazonaws.com\"}}],\"Version\":\"2012-10-17\"}",
            "create_date": "2026-05-16T19:41:03Z",
            "description": "",
            "force_detach_policies": false,
            "id": "SingleStrategyPass_collector-role",
            "inline_policy": [],
            "managed_policy_arns": [],
            "max_session_duration": 3600,
            "name": "SingleStrategyPass_collector-role",
            "name_prefix": "",
            "path": "/",
            "permissions_boundary": "",
            "tags": null,
            "tags_all": {},
            "unique_id": "AROA2OENPJ7CW4WAJIOH5"
          },
          "sensitive_attributes": [],
          "identity_schema_version": 0,
          "identity": {
            "account_id": "717556240325",
            "name": "SingleStrategyPass_collector-role"
          },
          "private": "bnVsbA=="
        }
      ]
    },
    {
      "mode": "managed",
      "type": "aws_iam_role",
      "name": "SingleStrategyPass_feedback_role",
      "provider": "provider[\"registry.terraform.io/hashicorp/aws\"]",
      "instances": [
        {
          "schema_version": 0,
          "attributes": {
            "arn": "arn:aws:iam::717556240325:role/SingleStrategyPass_feedback-role",
            "assume_role_policy": "{\"Statement\":[{\"Action\":\"sts:AssumeRole\",\"Effect\":\"Allow\",\"Principal\":{\"Service\":\"lambda.amazonaws.com\"}}],\"Version\":\"2012-10-17\"}",
            "create_date": "2026-05-16T19:41:03Z",
            "description": "",
            "force_detach_policies": false,
            "id": "SingleStrategyPass_feedback-role",
            "inline_policy": [],
            "managed_policy_arns": [],
            "max_session_duration": 3600,
            "name": "SingleStrategyPass_feedback-role",
            "name_prefix": "",
            "path": "/",
            "permissions_boundary": "",
            "tags": null,
            "tags_all": {},
            "unique_id": "AROA2OENPJ7C7BGIUV57I"
          },
          "sensitive_attributes": [],
          "identity_schema_version": 0,
          "identity": {
            "account_id": "717556240325",
            "name": "SingleStrategyPass_feedback-role"
          },
          "private": "bnVsbA=="
        }
      ]
    },
    {
      "mode": "managed",
      "type": "aws_iam_role",
      "name": "SingleStrategyPass_sf_role",
      "provider": "provider[\"registry.terraform.io/hashicorp/aws\"]",
      "instances": [
        {
          "schema_version": 0,
          "attributes": {
            "arn": "arn:aws:iam::717556240325:role/SingleStrategyPass-sf-role",
            "assume_role_policy": "{\"Statement\":[{\"Action\":\"sts:AssumeRole\",\"Effect\":\"Allow\",\"Principal\":{\"Service\":\"states.amazonaws.com\"}}],\"Version\":\"2012-10-17\"}",
            "create_date": "2026-05-16T19:41:03Z",
            "description": "",
            "force_detach_policies": false,
            "id": "SingleStrategyPass-sf-role",
            "inline_policy": [],
            "managed_policy_arns": [],
            "max_session_duration": 3600,
            "name": "SingleStrategyPass-sf-role",
            "name_prefix": "",
            "path": "/",
            "permissions_boundary": "",
            "tags": null,
            "tags_all": {},
            "unique_id": "AROA2OENPJ7CT7GCNP5EB"
          },
          "sensitive_attributes": [],
          "identity_schema_version": 0,
          "identity": {
            "account_id": "717556240325",
            "name": "SingleStrategyPass-sf-role"
          },
          "private": "bnVsbA=="
        }
      ]
    },
    {
      "mode": "managed",
      "type": "aws_iam_role",
      "name": "SingleStrategyPass_strategy_role",
      "provider": "provider[\"registry.terraform.io/hashicorp/aws\"]",
      "instances": [
        {
          "schema_version": 0,
          "attributes": {
            "arn": "arn:aws:iam::717556240325:role/SingleStrategyPass_strategy-role",
            "assume_role_policy": "{\"Statement\":[{\"Action\":\"sts:AssumeRole\",\"Effect\":\"Allow\",\"Principal\":{\"Service\":\"lambda.amazonaws.com\"}}],\"Version\":\"2012-10-17\"}",
            "create_date": "2026-05-16T19:41:03Z",
            "description": "",
            "force_detach_policies": false,
            "id": "SingleStrategyPass_strategy-role",
            "inline_policy": [],
            "managed_policy_arns": [],
            "max_session_duration": 3600,
            "name": "SingleStrategyPass_strategy-role",
            "name_prefix": "",
            "path": "/",
            "permissions_boundary": "",
            "tags": null,
            "tags_all": {},
            "unique_id": "AROA2OENPJ7CTRZD25GZD"
          },
          "sensitive_attributes": [],
          "identity_schema_version": 0,
          "identity": {
            "account_id": "717556240325",
            "name": "SingleStrategyPass_strategy-role"
          },
          "private": "bnVsbA=="
        }
      ]
    },
    {
      "mode": "managed",
      "type": "aws_iam_role_policy",
      "name": "CombineAllExternal_collector_policy",
      "provider": "provider[\"registry.terraform.io/hashicorp/aws\"]",
      "instances": [
        {
          "schema_version": 0,
          "attributes": {
            "id": "CombineAllExternal_collector-role:terraform-20260516194104601600000003",
            "name": "terraform-20260516194104601600000003",
            "name_prefix": "terraform-",
            "policy": "{\"Version\":\"2012-10-17\",\"Statement\":[{\"Action\":[\"logs:CreateLogGroup\",\"logs:CreateLogStream\",\"logs:PutLogEvents\"],\"Effect\":\"Allow\",\"Resource\":\"*\"},{\"Action\":[\"lambda:InvokeFunction\"],\"Effect\":\"Allow\",\"Resource\":[\"arn:aws:lambda:eu-central-1:717556240325:function:PV-hot-reader\",\"arn:aws:lambda:eu-central-1:717556240325:function:MicroGrid-hot-reader\",\"arn:aws:lambda:eu-central-1:717556240325:function:Battery-hot-reader\"]}]}",
            "role": "CombineAllExternal_collector-role"
          },
          "sensitive_attributes": [],
          "identity_schema_version": 0,
          "identity": {
            "account_id": "717556240325",
            "name": "terraform-20260516194104601600000003",
            "role": "CombineAllExternal_collector-role"
          },
          "private": "bnVsbA==",
          "dependencies": [
            "aws_iam_role.CombineAllExternal_collector_role"
          ]
        }
      ]
    },
    {
      "mode": "managed",
      "type": "aws_iam_role_policy",
      "name": "CombineAllExternal_feedback_policy",
      "provider": "provider[\"registry.terraform.io/hashicorp/aws\"]",
      "instances": [
        {
          "schema_version": 0,
          "attributes": {
            "id": "CombineAllExternal_feedback-role:terraform-20260516194104153400000002",
            "name": "terraform-20260516194104153400000002",
            "name_prefix": "terraform-",
            "policy": "{\"Version\":\"2012-10-17\",\"Statement\":[{\"Action\":[\"logs:CreateLogGroup\",\"logs:CreateLogStream\",\"logs:PutLogEvents\"],\"Effect\":\"Allow\",\"Resource\":\"*\"}]}",
            "role": "CombineAllExternal_feedback-role"
          },
          "sensitive_attributes": [],
          "identity_schema_version": 0,
          "identity": {
            "account_id": "717556240325",
            "name": "terraform-20260516194104153400000002",
            "role": "CombineAllExternal_feedback-role"
          },
          "private": "bnVsbA==",
          "dependencies": [
            "aws_iam_role.CombineAllExternal_feedback_role"
          ]
        }
      ]
    },
    {
      "mode": "managed",
      "type": "aws_iam_role_policy",
      "name": "CombineAllExternal_sf_policy",
      "provider": "provider[\"registry.terraform.io/hashicorp/aws\"]",
      "instances": [
        {
          "schema_version": 0,
          "attributes": {
            "id": "CombineAllExternal-sf-role:terraform-20260516194228254300000013",
            "name": "terraform-20260516194228254300000013",
            "name_prefix": "terraform-",
            "policy": "{\"Version\":\"2012-10-17\",\"Statement\":[{\"Action\":\"lambda:InvokeFunction\",\"Effect\":\"Allow\",\"Resource\":[\"arn:aws:lambda:eu-central-1:717556240325:function:CombineAllExternal_collector\",\"arn:aws:lambda:eu-central-1:717556240325:function:CombineAllExternal_strategy\",\"arn:aws:lambda:eu-central-1:717556240325:function:CombineAllExternal_feedback\"]}]}",
            "role": "CombineAllExternal-sf-role"
          },
          "sensitive_attributes": [],
          "identity_schema_version": 0,
          "identity": {
            "account_id": "717556240325",
            "name": "terraform-20260516194228254300000013",
            "role": "CombineAllExternal-sf-role"
          },
          "private": "bnVsbA==",
          "dependencies": [
            "aws_iam_role.CombineAllExternal_collector_role",
            "aws_iam_role.CombineAllExternal_feedback_role",
            "aws_iam_role.CombineAllExternal_sf_role",
            "aws_iam_role.CombineAllExternal_strategy_role",
            "aws_lambda_function.CombineAllExternal_collector",
            "aws_lambda_function.CombineAllExternal_feedback",
            "aws_lambda_function.CombineAllExternal_strategy",
            "aws_lambda_layer_version.paho_mqtt",
            "data.archive_file.CombineAllExternal_collector_zip",
            "data.archive_file.CombineAllExternal_feedback_zip",
            "data.archive_file.CombineAllExternal_strategy_zip"
          ]
        }
      ]
    },
    {
      "mode": "managed",
      "type": "aws_iam_role_policy",
      "name": "CombineAllExternal_strategy_policy",
      "provider": "provider[\"registry.terraform.io/hashicorp/aws\"]",
      "instances": [
        {
          "schema_version": 0,
          "attributes": {
            "id": "CombineAllExternal_strategy-role:terraform-20260516194119480800000010",
            "name": "terraform-20260516194119480800000010",
            "name_prefix": "terraform-",
            "policy": "{\"Version\":\"2012-10-17\",\"Statement\":[{\"Action\":[\"logs:CreateLogGroup\",\"logs:CreateLogStream\",\"logs:PutLogEvents\"],\"Effect\":\"Allow\",\"Resource\":\"*\"}]}",
            "role": "CombineAllExternal_strategy-role"
          },
          "sensitive_attributes": [],
          "identity_schema_version": 0,
          "identity": {
            "account_id": "717556240325",
            "name": "terraform-20260516194119480800000010",
            "role": "CombineAllExternal_strategy-role"
          },
          "private": "bnVsbA==",
          "dependencies": [
            "aws_iam_role.CombineAllExternal_strategy_role"
          ]
        }
      ]
    },
    {
      "mode": "managed",
      "type": "aws_iam_role_policy",
      "name": "CombineAllInternal_collector_policy",
      "provider": "provider[\"registry.terraform.io/hashicorp/aws\"]",
      "instances": [
        {
          "schema_version": 0,
          "attributes": {
            "id": "CombineAllInternal_collector-role:terraform-2026051619410791410000000d",
            "name": "terraform-2026051619410791410000000d",
            "name_prefix": "terraform-",
            "policy": "{\"Version\":\"2012-10-17\",\"Statement\":[{\"Action\":[\"logs:CreateLogGroup\",\"logs:CreateLogStream\",\"logs:PutLogEvents\"],\"Effect\":\"Allow\",\"Resource\":\"*\"},{\"Action\":[\"lambda:InvokeFunction\"],\"Effect\":\"Allow\",\"Resource\":[\"arn:aws:lambda:eu-central-1:717556240325:function:PV-hot-reader\",\"arn:aws:lambda:eu-central-1:717556240325:function:MicroGrid-hot-reader\",\"arn:aws:lambda:eu-central-1:717556240325:function:Battery-hot-reader\"]}]}",
            "role": "CombineAllInternal_collector-role"
          },
          "sensitive_attributes": [],
          "identity_schema_version": 0,
          "identity": {
            "account_id": "717556240325",
            "name": "terraform-2026051619410791410000000d",
            "role": "CombineAllInternal_collector-role"
          },
          "private": "bnVsbA==",
          "dependencies": [
            "aws_iam_role.CombineAllInternal_collector_role"
          ]
        }
      ]
    },
    {
      "mode": "managed",
      "type": "aws_iam_role_policy",
      "name": "CombineAllInternal_feedback_policy",
      "provider": "provider[\"registry.terraform.io/hashicorp/aws\"]",
      "instances": [
        {
          "schema_version": 0,
          "attributes": {
            "id": "CombineAllInternal_feedback-role:terraform-20260516194104147500000001",
            "name": "terraform-20260516194104147500000001",
            "name_prefix": "terraform-",
            "policy": "{\"Version\":\"2012-10-17\",\"Statement\":[{\"Action\":[\"logs:CreateLogGroup\",\"logs:CreateLogStream\",\"logs:PutLogEvents\"],\"Effect\":\"Allow\",\"Resource\":\"*\"},{\"Action\":[\"iot:Publish\"],\"Effect\":\"Allow\",\"Resource\":[\"*\"]}]}",
            "role": "CombineAllInternal_feedback-role"
          },
          "sensitive_attributes": [],
          "identity_schema_version": 0,
          "identity": {
            "account_id": "717556240325",
            "name": "terraform-20260516194104147500000001",
            "role": "CombineAllInternal_feedback-role"
          },
          "private": "bnVsbA==",
          "dependencies": [
            "aws_iam_role.CombineAllInternal_feedback_role"
          ]
        }
      ]
    },
    {
      "mode": "managed",
      "type": "aws_iam_role_policy",
      "name": "CombineAllInternal_sf_policy",
      "provider": "provider[\"registry.terraform.io/hashicorp/aws\"]",
      "instances": [
        {
          "schema_version": 0,
          "attributes": {
            "id": "CombineAllInternal-sf-role:terraform-20260516194234151000000014",
            "name": "terraform-20260516194234151000000014",
            "name_prefix": "terraform-",
            "policy": "{\"Version\":\"2012-10-17\",\"Statement\":[{\"Action\":\"lambda:InvokeFunction\",\"Effect\":\"Allow\",\"Resource\":[\"arn:aws:lambda:eu-central-1:717556240325:function:CombineAllInternal_collector\",\"arn:aws:lambda:eu-central-1:717556240325:function:CombineAllInternal_strategy\",\"arn:aws:lambda:eu-central-1:717556240325:function:CombineAllInternal_feedback\"]}]}",
            "role": "CombineAllInternal-sf-role"
          },
          "sensitive_attributes": [],
          "identity_schema_version": 0,
          "identity": {
            "account_id": "717556240325",
            "name": "terraform-20260516194234151000000014",
            "role": "CombineAllInternal-sf-role"
          },
          "private": "bnVsbA==",
          "dependencies": [
            "aws_iam_role.CombineAllInternal_collector_role",
            "aws_iam_role.CombineAllInternal_feedback_role",
            "aws_iam_role.CombineAllInternal_sf_role",
            "aws_iam_role.CombineAllInternal_strategy_role",
            "aws_lambda_function.CombineAllInternal_collector",
            "aws_lambda_function.CombineAllInternal_feedback",
            "aws_lambda_function.CombineAllInternal_strategy",
            "aws_lambda_layer_version.paho_mqtt",
            "data.archive_file.CombineAllInternal_collector_zip",
            "data.archive_file.CombineAllInternal_feedback_zip",
            "data.archive_file.CombineAllInternal_strategy_zip"
          ]
        }
      ]
    },
    {
      "mode": "managed",
      "type": "aws_iam_role_policy",
      "name": "CombineAllInternal_strategy_policy",
      "provider": "provider[\"registry.terraform.io/hashicorp/aws\"]",
      "instances": [
        {
          "schema_version": 0,
          "attributes": {
            "id": "CombineAllInternal_strategy-role:terraform-20260516194104679700000005",
            "name": "terraform-20260516194104679700000005",
            "name_prefix": "terraform-",
            "policy": "{\"Version\":\"2012-10-17\",\"Statement\":[{\"Action\":[\"logs:CreateLogGroup\",\"logs:CreateLogStream\",\"logs:PutLogEvents\"],\"Effect\":\"Allow\",\"Resource\":\"*\"}]}",
            "role": "CombineAllInternal_strategy-role"
          },
          "sensitive_attributes": [],
          "identity_schema_version": 0,
          "identity": {
            "account_id": "717556240325",
            "name": "terraform-20260516194104679700000005",
            "role": "CombineAllInternal_strategy-role"
          },
          "private": "bnVsbA==",
          "dependencies": [
            "aws_iam_role.CombineAllInternal_strategy_role"
          ]
        }
      ]
    },
    {
      "mode": "managed",
      "type": "aws_iam_role_policy",
      "name": "CombinePVBattery_collector_policy",
      "provider": "provider[\"registry.terraform.io/hashicorp/aws\"]",
      "instances": [
        {
          "schema_version": 0,
          "attributes": {
            "id": "CombinePVBattery_collector-role:terraform-20260516194129937700000011",
            "name": "terraform-20260516194129937700000011",
            "name_prefix": "terraform-",
            "policy": "{\"Version\":\"2012-10-17\",\"Statement\":[{\"Action\":[\"logs:CreateLogGroup\",\"logs:CreateLogStream\",\"logs:PutLogEvents\"],\"Effect\":\"Allow\",\"Resource\":\"*\"},{\"Action\":[\"lambda:InvokeFunction\"],\"Effect\":\"Allow\",\"Resource\":[\"arn:aws:lambda:eu-central-1:717556240325:function:PV-hot-reader\",\"arn:aws:lambda:eu-central-1:717556240325:function:Battery-hot-reader\"]}]}",
            "role": "CombinePVBattery_collector-role"
          },
          "sensitive_attributes": [],
          "identity_schema_version": 0,
          "identity": {
            "account_id": "717556240325",
            "name": "terraform-20260516194129937700000011",
            "role": "CombinePVBattery_collector-role"
          },
          "private": "bnVsbA==",
          "dependencies": [
            "aws_iam_role.CombinePVBattery_collector_role"
          ]
        }
      ]
    },
    {
      "mode": "managed",
      "type": "aws_iam_role_policy",
      "name": "CombinePVBattery_feedback_policy",
      "provider": "provider[\"registry.terraform.io/hashicorp/aws\"]",
      "instances": [
        {
          "schema_version": 0,
          "attributes": {
            "id": "CombinePVBattery_feedback-role:terraform-20260516194105130800000009",
            "name": "terraform-20260516194105130800000009",
            "name_prefix": "terraform-",
            "policy": "{\"Version\":\"2012-10-17\",\"Statement\":[{\"Action\":[\"logs:CreateLogGroup\",\"logs:CreateLogStream\",\"logs:PutLogEvents\"],\"Effect\":\"Allow\",\"Resource\":\"*\"}]}",
            "role": "CombinePVBattery_feedback-role"
          },
          "sensitive_attributes": [],
          "identity_schema_version": 0,
          "identity": {
            "account_id": "717556240325",
            "name": "terraform-20260516194105130800000009",
            "role": "CombinePVBattery_feedback-role"
          },
          "private": "bnVsbA==",
          "dependencies": [
            "aws_iam_role.CombinePVBattery_feedback_role"
          ]
        }
      ]
    },
    {
      "mode": "managed",
      "type": "aws_iam_role_policy",
      "name": "CombinePVBattery_sf_policy",
      "provider": "provider[\"registry.terraform.io/hashicorp/aws\"]",
      "instances": [
        {
          "schema_version": 0,
          "attributes": {
            "id": "CombinePVBattery-sf-role:terraform-20260516194251686300000017",
            "name": "terraform-20260516194251686300000017",
            "name_prefix": "terraform-",
            "policy": "{\"Version\":\"2012-10-17\",\"Statement\":[{\"Action\":\"lambda:InvokeFunction\",\"Effect\":\"Allow\",\"Resource\":[\"arn:aws:lambda:eu-central-1:717556240325:function:CombinePVBattery_collector\",\"arn:aws:lambda:eu-central-1:717556240325:function:CombinePVBattery_strategy\",\"arn:aws:lambda:eu-central-1:717556240325:function:CombinePVBattery_feedback\"]}]}",
            "role": "CombinePVBattery-sf-role"
          },
          "sensitive_attributes": [],
          "identity_schema_version": 0,
          "identity": {
            "account_id": "717556240325",
            "name": "terraform-20260516194251686300000017",
            "role": "CombinePVBattery-sf-role"
          },
          "private": "bnVsbA==",
          "dependencies": [
            "aws_iam_role.CombinePVBattery_collector_role",
            "aws_iam_role.CombinePVBattery_feedback_role",
            "aws_iam_role.CombinePVBattery_sf_role",
            "aws_iam_role.CombinePVBattery_strategy_role",
            "aws_lambda_function.CombinePVBattery_collector",
            "aws_lambda_function.CombinePVBattery_feedback",
            "aws_lambda_function.CombinePVBattery_strategy",
            "aws_lambda_layer_version.paho_mqtt",
            "data.archive_file.CombinePVBattery_collector_zip",
            "data.archive_file.CombinePVBattery_feedback_zip",
            "data.archive_file.CombinePVBattery_strategy_zip"
          ]
        }
      ]
    },
    {
      "mode": "managed",
      "type": "aws_iam_role_policy",
      "name": "CombinePVBattery_strategy_policy",
      "provider": "provider[\"registry.terraform.io/hashicorp/aws\"]",
      "instances": [
        {
          "schema_version": 0,
          "attributes": {
            "id": "CombinePVBattery_strategy-role:terraform-20260516194104701500000007",
            "name": "terraform-20260516194104701500000007",
            "name_prefix": "terraform-",
            "policy": "{\"Version\":\"2012-10-17\",\"Statement\":[{\"Action\":[\"logs:CreateLogGroup\",\"logs:CreateLogStream\",\"logs:PutLogEvents\"],\"Effect\":\"Allow\",\"Resource\":\"*\"}]}",
            "role": "CombinePVBattery_strategy-role"
          },
          "sensitive_attributes": [],
          "identity_schema_version": 0,
          "identity": {
            "account_id": "717556240325",
            "name": "terraform-20260516194104701500000007",
            "role": "CombinePVBattery_strategy-role"
          },
          "private": "bnVsbA==",
          "dependencies": [
            "aws_iam_role.CombinePVBattery_strategy_role"
          ]
        }
      ]
    },
    {
      "mode": "managed",
      "type": "aws_iam_role_policy",
      "name": "CombinePVGrid_collector_policy",
      "provider": "provider[\"registry.terraform.io/hashicorp/aws\"]",
      "instances": [
        {
          "schema_version": 0,
          "attributes": {
            "id": "CombinePVGrid_collector-role:terraform-2026051619410556910000000b",
            "name": "terraform-2026051619410556910000000b",
            "name_prefix": "terraform-",
            "policy": "{\"Version\":\"2012-10-17\",\"Statement\":[{\"Action\":[\"logs:CreateLogGroup\",\"logs:CreateLogStream\",\"logs:PutLogEvents\"],\"Effect\":\"Allow\",\"Resource\":\"*\"},{\"Action\":[\"lambda:InvokeFunction\"],\"Effect\":\"Allow\",\"Resource\":[\"arn:aws:lambda:eu-central-1:717556240325:function:PV-hot-reader\",\"arn:aws:lambda:eu-central-1:717556240325:function:MicroGrid-hot-reader\"]}]}",
            "role": "CombinePVGrid_collector-role"
          },
          "sensitive_attributes": [],
          "identity_schema_version": 0,
          "identity": {
            "account_id": "717556240325",
            "name": "terraform-2026051619410556910000000b",
            "role": "CombinePVGrid_collector-role"
          },
          "private": "bnVsbA==",
          "dependencies": [
            "aws_iam_role.CombinePVGrid_collector_role"
          ]
        }
      ]
    },
    {
      "mode": "managed",
      "type": "aws_iam_role_policy",
      "name": "CombinePVGrid_feedback_policy",
      "provider": "provider[\"registry.terraform.io/hashicorp/aws\"]",
      "instances": [
        {
          "schema_version": 0,
          "attributes": {
            "id": "CombinePVGrid_feedback-role:terraform-20260516194130474000000012",
            "name": "terraform-20260516194130474000000012",
            "name_prefix": "terraform-",
            "policy": "{\"Version\":\"2012-10-17\",\"Statement\":[{\"Action\":[\"logs:CreateLogGroup\",\"logs:CreateLogStream\",\"logs:PutLogEvents\"],\"Effect\":\"Allow\",\"Resource\":\"*\"}]}",
            "role": "CombinePVGrid_feedback-role"
          },
          "sensitive_attributes": [],
          "identity_schema_version": 0,
          "identity": {
            "account_id": "717556240325",
            "name": "terraform-20260516194130474000000012",
            "role": "CombinePVGrid_feedback-role"
          },
          "private": "bnVsbA==",
          "dependencies": [
            "aws_iam_role.CombinePVGrid_feedback_role"
          ]
        }
      ]
    },
    {
      "mode": "managed",
      "type": "aws_iam_role_policy",
      "name": "CombinePVGrid_sf_policy",
      "provider": "provider[\"registry.terraform.io/hashicorp/aws\"]",
      "instances": [
        {
          "schema_version": 0,
          "attributes": {
            "id": "CombinePVGrid-sf-role:terraform-20260516194245806100000016",
            "name": "terraform-20260516194245806100000016",
            "name_prefix": "terraform-",
            "policy": "{\"Version\":\"2012-10-17\",\"Statement\":[{\"Action\":\"lambda:InvokeFunction\",\"Effect\":\"Allow\",\"Resource\":[\"arn:aws:lambda:eu-central-1:717556240325:function:CombinePVGrid_collector\",\"arn:aws:lambda:eu-central-1:717556240325:function:CombinePVGrid_strategy\",\"arn:aws:lambda:eu-central-1:717556240325:function:CombinePVGrid_feedback\"]}]}",
            "role": "CombinePVGrid-sf-role"
          },
          "sensitive_attributes": [],
          "identity_schema_version": 0,
          "identity": {
            "account_id": "717556240325",
            "name": "terraform-20260516194245806100000016",
            "role": "CombinePVGrid-sf-role"
          },
          "private": "bnVsbA==",
          "dependencies": [
            "aws_iam_role.CombinePVGrid_collector_role",
            "aws_iam_role.CombinePVGrid_feedback_role",
            "aws_iam_role.CombinePVGrid_sf_role",
            "aws_iam_role.CombinePVGrid_strategy_role",
            "aws_lambda_function.CombinePVGrid_collector",
            "aws_lambda_function.CombinePVGrid_feedback",
            "aws_lambda_function.CombinePVGrid_strategy",
            "aws_lambda_layer_version.paho_mqtt",
            "data.archive_file.CombinePVGrid_collector_zip",
            "data.archive_file.CombinePVGrid_feedback_zip",
            "data.archive_file.CombinePVGrid_strategy_zip"
          ]
        }
      ]
    },
    {
      "mode": "managed",
      "type": "aws_iam_role_policy",
      "name": "CombinePVGrid_strategy_policy",
      "provider": "provider[\"registry.terraform.io/hashicorp/aws\"]",
      "instances": [
        {
          "schema_version": 0,
          "attributes": {
            "id": "CombinePVGrid_strategy-role:terraform-20260516194105039800000008",
            "name": "terraform-20260516194105039800000008",
            "name_prefix": "terraform-",
            "policy": "{\"Version\":\"2012-10-17\",\"Statement\":[{\"Action\":[\"logs:CreateLogGroup\",\"logs:CreateLogStream\",\"logs:PutLogEvents\"],\"Effect\":\"Allow\",\"Resource\":\"*\"}]}",
            "role": "CombinePVGrid_strategy-role"
          },
          "sensitive_attributes": [],
          "identity_schema_version": 0,
          "identity": {
            "account_id": "717556240325",
            "name": "terraform-20260516194105039800000008",
            "role": "CombinePVGrid_strategy-role"
          },
          "private": "bnVsbA==",
          "dependencies": [
            "aws_iam_role.CombinePVGrid_strategy_role"
          ]
        }
      ]
    },
    {
      "mode": "managed",
      "type": "aws_iam_role_policy",
      "name": "CombineToAuthbroker_collector_policy",
      "provider": "provider[\"registry.terraform.io/hashicorp/aws\"]",
      "instances": [
        {
          "schema_version": 0,
          "attributes": {
            "id": "CombineToAuthbroker_collector-role:terraform-2026051619410742680000000c",
            "name": "terraform-2026051619410742680000000c",
            "name_prefix": "terraform-",
            "policy": "{\"Version\":\"2012-10-17\",\"Statement\":[{\"Action\":[\"logs:CreateLogGroup\",\"logs:CreateLogStream\",\"logs:PutLogEvents\"],\"Effect\":\"Allow\",\"Resource\":\"*\"},{\"Action\":[\"lambda:InvokeFunction\"],\"Effect\":\"Allow\",\"Resource\":[\"arn:aws:lambda:eu-central-1:717556240325:function:MicroGrid-hot-reader\",\"arn:aws:lambda:eu-central-1:717556240325:function:Battery-hot-reader\"]}]}",
            "role": "CombineToAuthbroker_collector-role"
          },
          "sensitive_attributes": [],
          "identity_schema_version": 0,
          "identity": {
            "account_id": "717556240325",
            "name": "terraform-2026051619410742680000000c",
            "role": "CombineToAuthbroker_collector-role"
          },
          "private": "bnVsbA==",
          "dependencies": [
            "aws_iam_role.CombineToAuthbroker_collector_role"
          ]
        }
      ]
    },
    {
      "mode": "managed",
      "type": "aws_iam_role_policy",
      "name": "CombineToAuthbroker_feedback_policy",
      "provider": "provider[\"registry.terraform.io/hashicorp/aws\"]",
      "instances": [
        {
          "schema_version": 0,
          "attributes": {
            "id": "CombineToAuthbroker_feedback-role:terraform-2026051619411889380000000f",
            "name": "terraform-2026051619411889380000000f",
            "name_prefix": "terraform-",
            "policy": "{\"Version\":\"2012-10-17\",\"Statement\":[{\"Action\":[\"logs:CreateLogGroup\",\"logs:CreateLogStream\",\"logs:PutLogEvents\"],\"Effect\":\"Allow\",\"Resource\":\"*\"}]}",
            "role": "CombineToAuthbroker_feedback-role"
          },
          "sensitive_attributes": [],
          "identity_schema_version": 0,
          "identity": {
            "account_id": "717556240325",
            "name": "terraform-2026051619411889380000000f",
            "role": "CombineToAuthbroker_feedback-role"
          },
          "private": "bnVsbA==",
          "dependencies": [
            "aws_iam_role.CombineToAuthbroker_feedback_role"
          ]
        }
      ]
    },
    {
      "mode": "managed",
      "type": "aws_iam_role_policy",
      "name": "CombineToAuthbroker_sf_policy",
      "provider": "provider[\"registry.terraform.io/hashicorp/aws\"]",
      "instances": [
        {
          "schema_version": 0,
          "attributes": {
            "id": "CombineToAuthbroker-sf-role:terraform-20260516194257582800000018",
            "name": "terraform-20260516194257582800000018",
            "name_prefix": "terraform-",
            "policy": "{\"Version\":\"2012-10-17\",\"Statement\":[{\"Action\":\"lambda:InvokeFunction\",\"Effect\":\"Allow\",\"Resource\":[\"arn:aws:lambda:eu-central-1:717556240325:function:CombineToAuthbroker_collector\",\"arn:aws:lambda:eu-central-1:717556240325:function:CombineToAuthbroker_strategy\",\"arn:aws:lambda:eu-central-1:717556240325:function:CombineToAuthbroker_feedback\"]}]}",
            "role": "CombineToAuthbroker-sf-role"
          },
          "sensitive_attributes": [],
          "identity_schema_version": 0,
          "identity": {
            "account_id": "717556240325",
            "name": "terraform-20260516194257582800000018",
            "role": "CombineToAuthbroker-sf-role"
          },
          "private": "bnVsbA==",
          "dependencies": [
            "aws_iam_role.CombineToAuthbroker_collector_role",
            "aws_iam_role.CombineToAuthbroker_feedback_role",
            "aws_iam_role.CombineToAuthbroker_sf_role",
            "aws_iam_role.CombineToAuthbroker_strategy_role",
            "aws_lambda_function.CombineToAuthbroker_collector",
            "aws_lambda_function.CombineToAuthbroker_feedback",
            "aws_lambda_function.CombineToAuthbroker_strategy",
            "aws_lambda_layer_version.paho_mqtt",
            "data.archive_file.CombineToAuthbroker_collector_zip",
            "data.archive_file.CombineToAuthbroker_feedback_zip",
            "data.archive_file.CombineToAuthbroker_strategy_zip"
          ]
        }
      ]
    },
    {
      "mode": "managed",
      "type": "aws_iam_role_policy",
      "name": "CombineToAuthbroker_strategy_policy",
      "provider": "provider[\"registry.terraform.io/hashicorp/aws\"]",
      "instances": [
        {
          "schema_version": 0,
          "attributes": {
            "id": "CombineToAuthbroker_strategy-role:terraform-20260516194104700100000006",
            "name": "terraform-20260516194104700100000006",
            "name_prefix": "terraform-",
            "policy": "{\"Version\":\"2012-10-17\",\"Statement\":[{\"Action\":[\"logs:CreateLogGroup\",\"logs:CreateLogStream\",\"logs:PutLogEvents\"],\"Effect\":\"Allow\",\"Resource\":\"*\"}]}",
            "role": "CombineToAuthbroker_strategy-role"
          },
          "sensitive_attributes": [],
          "identity_schema_version": 0,
          "identity": {
            "account_id": "717556240325",
            "name": "terraform-20260516194104700100000006",
            "role": "CombineToAuthbroker_strategy-role"
          },
          "private": "bnVsbA==",
          "dependencies": [
            "aws_iam_role.CombineToAuthbroker_strategy_role"
          ]
        }
      ]
    },
    {
      "mode": "managed",
      "type": "aws_iam_role_policy",
      "name": "SingleStrategyPass_collector_policy",
      "provider": "provider[\"registry.terraform.io/hashicorp/aws\"]",
      "instances": [
        {
          "schema_version": 0,
          "attributes": {
            "id": "SingleStrategyPass_collector-role:terraform-2026051619410515220000000a",
            "name": "terraform-2026051619410515220000000a",
            "name_prefix": "terraform-",
            "policy": "{\"Version\":\"2012-10-17\",\"Statement\":[{\"Action\":[\"logs:CreateLogGroup\",\"logs:CreateLogStream\",\"logs:PutLogEvents\"],\"Effect\":\"Allow\",\"Resource\":\"*\"},{\"Action\":[\"lambda:InvokeFunction\"],\"Effect\":\"Allow\",\"Resource\":[\"arn:aws:lambda:eu-central-1:717556240325:function:Battery-hot-reader\"]}]}",
            "role": "SingleStrategyPass_collector-role"
          },
          "sensitive_attributes": [],
          "identity_schema_version": 0,
          "identity": {
            "account_id": "717556240325",
            "name": "terraform-2026051619410515220000000a",
            "role": "SingleStrategyPass_collector-role"
          },
          "private": "bnVsbA==",
          "dependencies": [
            "aws_iam_role.SingleStrategyPass_collector_role"
          ]
        }
      ]
    },
    {
      "mode": "managed",
      "type": "aws_iam_role_policy",
      "name": "SingleStrategyPass_feedback_policy",
      "provider": "provider[\"registry.terraform.io/hashicorp/aws\"]",
      "instances": [
        {
          "schema_version": 0,
          "attributes": {
            "id": "SingleStrategyPass_feedback-role:terraform-2026051619411839450000000e",
            "name": "terraform-2026051619411839450000000e",
            "name_prefix": "terraform-",
            "policy": "{\"Version\":\"2012-10-17\",\"Statement\":[{\"Action\":[\"logs:CreateLogGroup\",\"logs:CreateLogStream\",\"logs:PutLogEvents\"],\"Effect\":\"Allow\",\"Resource\":\"*\"},{\"Action\":[\"iot:Publish\"],\"Effect\":\"Allow\",\"Resource\":[\"*\"]}]}",
            "role": "SingleStrategyPass_feedback-role"
          },
          "sensitive_attributes": [],
          "identity_schema_version": 0,
          "identity": {
            "account_id": "717556240325",
            "name": "terraform-2026051619411839450000000e",
            "role": "SingleStrategyPass_feedback-role"
          },
          "private": "bnVsbA==",
          "dependencies": [
            "aws_iam_role.SingleStrategyPass_feedback_role"
          ]
        }
      ]
    },
    {
      "mode": "managed",
      "type": "aws_iam_role_policy",
      "name": "SingleStrategyPass_sf_policy",
      "provider": "provider[\"registry.terraform.io/hashicorp/aws\"]",
      "instances": [
        {
          "schema_version": 0,
          "attributes": {
            "id": "SingleStrategyPass-sf-role:terraform-20260516194239970100000015",
            "name": "terraform-20260516194239970100000015",
            "name_prefix": "terraform-",
            "policy": "{\"Version\":\"2012-10-17\",\"Statement\":[{\"Action\":\"lambda:InvokeFunction\",\"Effect\":\"Allow\",\"Resource\":[\"arn:aws:lambda:eu-central-1:717556240325:function:SingleStrategyPass_collector\",\"arn:aws:lambda:eu-central-1:717556240325:function:SingleStrategyPass_strategy\",\"arn:aws:lambda:eu-central-1:717556240325:function:SingleStrategyPass_feedback\"]}]}",
            "role": "SingleStrategyPass-sf-role"
          },
          "sensitive_attributes": [],
          "identity_schema_version": 0,
          "identity": {
            "account_id": "717556240325",
            "name": "terraform-20260516194239970100000015",
            "role": "SingleStrategyPass-sf-role"
          },
          "private": "bnVsbA==",
          "dependencies": [
            "aws_iam_role.SingleStrategyPass_collector_role",
            "aws_iam_role.SingleStrategyPass_feedback_role",
            "aws_iam_role.SingleStrategyPass_sf_role",
            "aws_iam_role.SingleStrategyPass_strategy_role",
            "aws_lambda_function.SingleStrategyPass_collector",
            "aws_lambda_function.SingleStrategyPass_feedback",
            "aws_lambda_function.SingleStrategyPass_strategy",
            "aws_lambda_layer_version.paho_mqtt",
            "data.archive_file.SingleStrategyPass_collector_zip",
            "data.archive_file.SingleStrategyPass_feedback_zip",
            "data.archive_file.SingleStrategyPass_strategy_zip"
          ]
        }
      ]
    },
    {
      "mode": "managed",
      "type": "aws_iam_role_policy",
      "name": "SingleStrategyPass_strategy_policy",
      "provider": "provider[\"registry.terraform.io/hashicorp/aws\"]",
      "instances": [
        {
          "schema_version": 0,
          "attributes": {
            "id": "SingleStrategyPass_strategy-role:terraform-20260516194104619000000004",
            "name": "terraform-20260516194104619000000004",
            "name_prefix": "terraform-",
            "policy": "{\"Version\":\"2012-10-17\",\"Statement\":[{\"Action\":[\"logs:CreateLogGroup\",\"logs:CreateLogStream\",\"logs:PutLogEvents\"],\"Effect\":\"Allow\",\"Resource\":\"*\"}]}",
            "role": "SingleStrategyPass_strategy-role"
          },
          "sensitive_attributes": [],
          "identity_schema_version": 0,
          "identity": {
            "account_id": "717556240325",
            "name": "terraform-20260516194104619000000004",
            "role": "SingleStrategyPass_strategy-role"
          },
          "private": "bnVsbA==",
          "dependencies": [
            "aws_iam_role.SingleStrategyPass_strategy_role"
          ]
        }
      ]
    },
    {
      "mode": "managed",
      "type": "aws_lambda_function",
      "name": "CombineAllExternal_collector",
      "provider": "provider[\"registry.terraform.io/hashicorp/aws\"]",
      "instances": [
        {
          "schema_version": 0,
          "attributes": {
            "architectures": [
              "x86_64"
            ],
            "arn": "arn:aws:lambda:eu-central-1:717556240325:function:CombineAllExternal_collector",
            "capacity_provider_config": [],
            "code_sha256": "Ea7X18R+cNcmmsqO9njT/ZQT4OvtMLPzoJS5ElZLltA=",
            "code_signing_config_arn": "",
            "dead_letter_config": [],
            "description": "",
            "durable_config": [],
            "environment": [
              {
                "variables": {
                  "PARAMETERS": "{\"CombineAllExternal\": [{\"name\": \"test1\", \"dataType\": \"DOUBLE\", \"strategy_name\": \"peakProduction\", \"hot_reader_arn\": \"arn:aws:lambda:eu-central-1:717556240325:function:PV-hot-reader\", \"region\": \"eu-central-1\", \"workspace_id\": \"PV-twinmaker\", \"entity_id\": \"NZrw6C5K5Edpk57vfJk96W\", \"component_name\": \"pV1\", \"property_name\": \"output\"}, {\"name\": \"test2\", \"dataType\": \"DOUBLE\", \"strategy_name\": \"peakProduction\", \"hot_reader_arn\": \"arn:aws:lambda:eu-central-1:717556240325:function:PV-hot-reader\", \"region\": \"eu-central-1\", \"workspace_id\": \"PV-twinmaker\", \"entity_id\": \"NZrw6C5K5Edpk57vfJk96W\", \"component_name\": \"PVconst_component\", \"property_name\": \"peakThreshold\", \"value\": 8000.0}, {\"name\": \"test1\", \"dataType\": \"DOUBLE\", \"strategy_name\": \"overheatAlert\", \"hot_reader_arn\": \"arn:aws:lambda:eu-central-1:717556240325:function:Battery-hot-reader\", \"region\": \"eu-central-1\", \"workspace_id\": \"Battery-twinmaker\", \"entity_id\": \"Yg5PFZKrNUtE8t8KGqQPGS\", \"component_name\": \"p16\", \"property_name\": \"temperature\"}, {\"name\": \"test2\", \"dataType\": \"DOUBLE\", \"strategy_name\": \"overheatAlert\", \"hot_reader_arn\": \"arn:aws:lambda:eu-central-1:717556240325:function:Battery-hot-reader\", \"region\": \"eu-central-1\", \"workspace_id\": \"Battery-twinmaker\", \"entity_id\": \"Yg5PFZKrNUtE8t8KGqQPGS\", \"component_name\": \"p16\", \"property_name\": \"currentCapacity\"}, {\"name\": \"test1\", \"dataType\": \"DOUBLE\", \"strategy_name\": \"overloadAlert\", \"hot_reader_arn\": \"arn:aws:lambda:eu-central-1:717556240325:function:MicroGrid-hot-reader\", \"region\": \"eu-central-1\", \"workspace_id\": \"MicroGrid-twinmaker\", \"entity_id\": \"Z4nLdDKudAfc4RAAXxJDLA\", \"component_name\": \"p12\", \"property_name\": \"consumption\"}, {\"name\": \"test2\", \"dataType\": \"DOUBLE\", \"strategy_name\": \"overloadAlert\", \"hot_reader_arn\": \"arn:aws:lambda:eu-central-1:717556240325:function:MicroGrid-hot-reader\", \"region\": \"eu-central-1\", \"workspace_id\": \"MicroGrid-twinmaker\", \"entity_id\": \"MKjsFDqWjCxJmcAvj9du6f\", \"component_name\": \"p13\", \"property_name\": \"power\"}]}"
                }
              }
            ],
            "ephemeral_storage": [
              {
                "size": 512
              }
            ],
            "file_system_config": [],
            "filename": "./CombineAllExternal_collector_payload.zip",
            "function_name": "CombineAllExternal_collector",
            "handler": "lambda_function.lambda_handler",
            "id": "CombineAllExternal_collector",
            "image_config": [],
            "image_uri": "",
            "invoke_arn": "arn:aws:apigateway:eu-central-1:lambda:path/2015-03-31/functions/arn:aws:lambda:eu-central-1:717556240325:function:CombineAllExternal_collector/invocations",
            "kms_key_arn": "",
            "last_modified": "2026-05-16T19:41:12.581+0000",
            "layers": null,
            "logging_config": [
              {
                "application_log_level": "",
                "log_format": "Text",
                "log_group": "/aws/lambda/CombineAllExternal_collector",
                "system_log_level": ""
              }
            ],
            "memory_size": 128,
            "package_type": "Zip",
            "publish": false,
            "publish_to": null,
            "qualified_arn": "arn:aws:lambda:eu-central-1:717556240325:function:CombineAllExternal_collector:$LATEST",
            "qualified_invoke_arn": "arn:aws:apigateway:eu-central-1:lambda:path/2015-03-31/functions/arn:aws:lambda:eu-central-1:717556240325:function:CombineAllExternal_collector:$LATEST/invocations",
            "region": "eu-central-1",
            "replace_security_groups_on_destroy": null,
            "replacement_security_group_ids": null,
            "reserved_concurrent_executions": -1,
            "response_streaming_invoke_arn": "arn:aws:apigateway:eu-central-1:lambda:path/2021-11-15/functions/arn:aws:lambda:eu-central-1:717556240325:function:CombineAllExternal_collector/response-streaming-invocations",
            "role": "arn:aws:iam::717556240325:role/CombineAllExternal_collector-role",
            "runtime": "python3.13",
            "s3_bucket": null,
            "s3_key": null,
            "s3_object_version": null,
            "signing_job_arn": "",
            "signing_profile_version_arn": "",
            "skip_destroy": false,
            "snap_start": [],
            "source_code_hash": "Ea7X18R+cNcmmsqO9njT/ZQT4OvtMLPzoJS5ElZLltA=",
            "source_code_size": 2719,
            "source_kms_key_arn": "",
            "tags": null,
            "tags_all": {},
            "tenancy_config": [],
            "timeout": 30,
            "timeouts": null,
            "tracing_config": [
              {
                "mode": "PassThrough"
              }
            ],
            "version": "$LATEST",
            "vpc_config": []
          },
          "sensitive_attributes": [],
          "identity_schema_version": 0,
          "identity": {
            "account_id": "717556240325",
            "function_name": "CombineAllExternal_collector",
            "region": "eu-central-1"
          },
          "private": "eyJlMmJmYjczMC1lY2FhLTExZTYtOGY4OC0zNDM2M2JjN2M0YzAiOnsiY3JlYXRlIjo2MDAwMDAwMDAwMDAsImRlbGV0ZSI6NjAwMDAwMDAwMDAwLCJ1cGRhdGUiOjYwMDAwMDAwMDAwMH19",
          "dependencies": [
            "aws_iam_role.CombineAllExternal_collector_role",
            "data.archive_file.CombineAllExternal_collector_zip"
          ]
        }
      ]
    },
    {
      "mode": "managed",
      "type": "aws_lambda_function",
      "name": "CombineAllExternal_feedback",
      "provider": "provider[\"registry.terraform.io/hashicorp/aws\"]",
      "instances": [
        {
          "schema_version": 0,
          "attributes": {
            "architectures": [
              "x86_64"
            ],
            "arn": "arn:aws:lambda:eu-central-1:717556240325:function:CombineAllExternal_feedback",
            "capacity_provider_config": [],
            "code_sha256": "7hg5vMbj/m9dayit2DMhbOWTey3o42JTxs4/t3o9F+w=",
            "code_signing_config_arn": "",
            "dead_letter_config": [],
            "description": "",
            "durable_config": [],
            "environment": [
              {
                "variables": {
                  "BROKER_PASSWORD": "",
                  "BROKER_PORT": "1883",
                  "BROKER_URL": "broker.hivemq.com",
                  "BROKER_USERNAME": "",
                  "FEEDBACK_TOPIC": "unAuthBroker/topics/peakAlert",
                  "FEEDBACK_TYPE": "EXTERNAL",
                  "USE_TLS": "true"
                }
              }
            ],
            "ephemeral_storage": [
              {
                "size": 512
              }
            ],
            "file_system_config": [],
            "filename": "./CombineAllExternal_feedback_payload.zip",
            "function_name": "CombineAllExternal_feedback",
            "handler": "lambda_function.lambda_handler",
            "id": "CombineAllExternal_feedback",
            "image_config": [],
            "image_uri": "",
            "invoke_arn": "arn:aws:apigateway:eu-central-1:lambda:path/2015-03-31/functions/arn:aws:lambda:eu-central-1:717556240325:function:CombineAllExternal_feedback/invocations",
            "kms_key_arn": "",
            "last_modified": "2026-05-16T19:42:22.596+0000",
            "layers": [
              "arn:aws:lambda:eu-central-1:717556240325:layer:paho_mqtt_layer:14"
            ],
            "logging_config": [
              {
                "application_log_level": "",
                "log_format": "Text",
                "log_group": "/aws/lambda/CombineAllExternal_feedback",
                "system_log_level": ""
              }
            ],
            "memory_size": 128,
            "package_type": "Zip",
            "publish": false,
            "publish_to": null,
            "qualified_arn": "arn:aws:lambda:eu-central-1:717556240325:function:CombineAllExternal_feedback:$LATEST",
            "qualified_invoke_arn": "arn:aws:apigateway:eu-central-1:lambda:path/2015-03-31/functions/arn:aws:lambda:eu-central-1:717556240325:function:CombineAllExternal_feedback:$LATEST/invocations",
            "region": "eu-central-1",
            "replace_security_groups_on_destroy": null,
            "replacement_security_group_ids": null,
            "reserved_concurrent_executions": -1,
            "response_streaming_invoke_arn": "arn:aws:apigateway:eu-central-1:lambda:path/2021-11-15/functions/arn:aws:lambda:eu-central-1:717556240325:function:CombineAllExternal_feedback/response-streaming-invocations",
            "role": "arn:aws:iam::717556240325:role/CombineAllExternal_feedback-role",
            "runtime": "python3.13",
            "s3_bucket": null,
            "s3_key": null,
            "s3_object_version": null,
            "signing_job_arn": "",
            "signing_profile_version_arn": "",
            "skip_destroy": false,
            "snap_start": [],
            "source_code_hash": "7hg5vMbj/m9dayit2DMhbOWTey3o42JTxs4/t3o9F+w=",
            "source_code_size": 1711,
            "source_kms_key_arn": "",
            "tags": null,
            "tags_all": {},
            "tenancy_config": [],
            "timeout": 30,
            "timeouts": null,
            "tracing_config": [
              {
                "mode": "PassThrough"
              }
            ],
            "version": "$LATEST",
            "vpc_config": []
          },
          "sensitive_attributes": [],
          "identity_schema_version": 0,
          "identity": {
            "account_id": "717556240325",
            "function_name": "CombineAllExternal_feedback",
            "region": "eu-central-1"
          },
          "private": "eyJlMmJmYjczMC1lY2FhLTExZTYtOGY4OC0zNDM2M2JjN2M0YzAiOnsiY3JlYXRlIjo2MDAwMDAwMDAwMDAsImRlbGV0ZSI6NjAwMDAwMDAwMDAwLCJ1cGRhdGUiOjYwMDAwMDAwMDAwMH19",
          "dependencies": [
            "aws_iam_role.CombineAllExternal_feedback_role",
            "aws_lambda_layer_version.paho_mqtt",
            "data.archive_file.CombineAllExternal_feedback_zip"
          ]
        }
      ]
    },
    {
      "mode": "managed",
      "type": "aws_lambda_function",
      "name": "CombineAllExternal_strategy",
      "provider": "provider[\"registry.terraform.io/hashicorp/aws\"]",
      "instances": [
        {
          "schema_version": 0,
          "attributes": {
            "architectures": [
              "x86_64"
            ],
            "arn": "arn:aws:lambda:eu-central-1:717556240325:function:CombineAllExternal_strategy",
            "capacity_provider_config": [],
            "code_sha256": "HK6mUuGIkVnHWveQ/dNAV4foirXeT5wIVPYc+8EGUSw=",
            "code_signing_config_arn": "",
            "dead_letter_config": [],
            "description": "",
            "durable_config": [],
            "environment": [],
            "ephemeral_storage": [
              {
                "size": 512
              }
            ],
            "file_system_config": [],
            "filename": "./CombineAllExternal_strategy_payload.zip",
            "function_name": "CombineAllExternal_strategy",
            "handler": "lambda_function.lambda_handler",
            "id": "CombineAllExternal_strategy",
            "image_config": [],
            "image_uri": "",
            "invoke_arn": "arn:aws:apigateway:eu-central-1:lambda:path/2015-03-31/functions/arn:aws:lambda:eu-central-1:717556240325:function:CombineAllExternal_strategy/invocations",
            "kms_key_arn": "",
            "last_modified": "2026-05-16T19:42:10.948+0000",
            "layers": null,
            "logging_config": [
              {
                "application_log_level": "",
                "log_format": "Text",
                "log_group": "/aws/lambda/CombineAllExternal_strategy",
                "system_log_level": ""
              }
            ],
            "memory_size": 128,
            "package_type": "Zip",
            "publish": false,
            "publish_to": null,
            "qualified_arn": "arn:aws:lambda:eu-central-1:717556240325:function:CombineAllExternal_strategy:$LATEST",
            "qualified_invoke_arn": "arn:aws:apigateway:eu-central-1:lambda:path/2015-03-31/functions/arn:aws:lambda:eu-central-1:717556240325:function:CombineAllExternal_strategy:$LATEST/invocations",
            "region": "eu-central-1",
            "replace_security_groups_on_destroy": null,
            "replacement_security_group_ids": null,
            "reserved_concurrent_executions": -1,
            "response_streaming_invoke_arn": "arn:aws:apigateway:eu-central-1:lambda:path/2021-11-15/functions/arn:aws:lambda:eu-central-1:717556240325:function:CombineAllExternal_strategy/response-streaming-invocations",
            "role": "arn:aws:iam::717556240325:role/CombineAllExternal_strategy-role",
            "runtime": "python3.13",
            "s3_bucket": null,
            "s3_key": null,
            "s3_object_version": null,
            "signing_job_arn": "",
            "signing_profile_version_arn": "",
            "skip_destroy": false,
            "snap_start": [],
            "source_code_hash": "HK6mUuGIkVnHWveQ/dNAV4foirXeT5wIVPYc+8EGUSw=",
            "source_code_size": 316,
            "source_kms_key_arn": "",
            "tags": null,
            "tags_all": {},
            "tenancy_config": [],
            "timeout": 30,
            "timeouts": null,
            "tracing_config": [
              {
                "mode": "PassThrough"
              }
            ],
            "version": "$LATEST",
            "vpc_config": []
          },
          "sensitive_attributes": [],
          "identity_schema_version": 0,
          "identity": {
            "account_id": "717556240325",
            "function_name": "CombineAllExternal_strategy",
            "region": "eu-central-1"
          },
          "private": "eyJlMmJmYjczMC1lY2FhLTExZTYtOGY4OC0zNDM2M2JjN2M0YzAiOnsiY3JlYXRlIjo2MDAwMDAwMDAwMDAsImRlbGV0ZSI6NjAwMDAwMDAwMDAwLCJ1cGRhdGUiOjYwMDAwMDAwMDAwMH19",
          "dependencies": [
            "aws_iam_role.CombineAllExternal_strategy_role",
            "data.archive_file.CombineAllExternal_strategy_zip"
          ]
        }
      ]
    },
    {
      "mode": "managed",
      "type": "aws_lambda_function",
      "name": "CombineAllInternal_collector",
      "provider": "provider[\"registry.terraform.io/hashicorp/aws\"]",
      "instances": [
        {
          "schema_version": 0,
          "attributes": {
            "architectures": [
              "x86_64"
            ],
            "arn": "arn:aws:lambda:eu-central-1:717556240325:function:CombineAllInternal_collector",
            "capacity_provider_config": [],
            "code_sha256": "Ea7X18R+cNcmmsqO9njT/ZQT4OvtMLPzoJS5ElZLltA=",
            "code_signing_config_arn": "",
            "dead_letter_config": [],
            "description": "",
            "durable_config": [],
            "environment": [
              {
                "variables": {
                  "PARAMETERS": "{\"CombineAllInternal\": [{\"name\": \"test1\", \"dataType\": \"DOUBLE\", \"strategy_name\": \"peakProduction\", \"hot_reader_arn\": \"arn:aws:lambda:eu-central-1:717556240325:function:PV-hot-reader\", \"region\": \"eu-central-1\", \"workspace_id\": \"PV-twinmaker\", \"entity_id\": \"NZrw6C5K5Edpk57vfJk96W\", \"component_name\": \"pV1\", \"property_name\": \"output\"}, {\"name\": \"test2\", \"dataType\": \"DOUBLE\", \"strategy_name\": \"peakProduction\", \"hot_reader_arn\": \"arn:aws:lambda:eu-central-1:717556240325:function:PV-hot-reader\", \"region\": \"eu-central-1\", \"workspace_id\": \"PV-twinmaker\", \"entity_id\": \"NZrw6C5K5Edpk57vfJk96W\", \"component_name\": \"PVconst_component\", \"property_name\": \"peakThreshold\", \"value\": 8000.0}, {\"name\": \"test1\", \"dataType\": \"DOUBLE\", \"strategy_name\": \"overheatAlert\", \"hot_reader_arn\": \"arn:aws:lambda:eu-central-1:717556240325:function:Battery-hot-reader\", \"region\": \"eu-central-1\", \"workspace_id\": \"Battery-twinmaker\", \"entity_id\": \"Yg5PFZKrNUtE8t8KGqQPGS\", \"component_name\": \"p16\", \"property_name\": \"temperature\"}, {\"name\": \"test2\", \"dataType\": \"DOUBLE\", \"strategy_name\": \"overheatAlert\", \"hot_reader_arn\": \"arn:aws:lambda:eu-central-1:717556240325:function:Battery-hot-reader\", \"region\": \"eu-central-1\", \"workspace_id\": \"Battery-twinmaker\", \"entity_id\": \"Yg5PFZKrNUtE8t8KGqQPGS\", \"component_name\": \"p16\", \"property_name\": \"currentCapacity\"}, {\"name\": \"test1\", \"dataType\": \"DOUBLE\", \"strategy_name\": \"overloadAlert\", \"hot_reader_arn\": \"arn:aws:lambda:eu-central-1:717556240325:function:MicroGrid-hot-reader\", \"region\": \"eu-central-1\", \"workspace_id\": \"MicroGrid-twinmaker\", \"entity_id\": \"Z4nLdDKudAfc4RAAXxJDLA\", \"component_name\": \"p12\", \"property_name\": \"consumption\"}, {\"name\": \"test2\", \"dataType\": \"DOUBLE\", \"strategy_name\": \"overloadAlert\", \"hot_reader_arn\": \"arn:aws:lambda:eu-central-1:717556240325:function:MicroGrid-hot-reader\", \"region\": \"eu-central-1\", \"workspace_id\": \"MicroGrid-twinmaker\", \"entity_id\": \"MKjsFDqWjCxJmcAvj9du6f\", \"component_name\": \"p13\", \"property_name\": \"power\"}]}"
                }
              }
            ],
            "ephemeral_storage": [
              {
                "size": 512
              }
            ],
            "file_system_config": [],
            "filename": "./CombineAllInternal_collector_payload.zip",
            "function_name": "CombineAllInternal_collector",
            "handler": "lambda_function.lambda_handler",
            "id": "CombineAllInternal_collector",
            "image_config": [],
            "image_uri": "",
            "invoke_arn": "arn:aws:apigateway:eu-central-1:lambda:path/2015-03-31/functions/arn:aws:lambda:eu-central-1:717556240325:function:CombineAllInternal_collector/invocations",
            "kms_key_arn": "",
            "last_modified": "2026-05-16T19:42:05.147+0000",
            "layers": null,
            "logging_config": [
              {
                "application_log_level": "",
                "log_format": "Text",
                "log_group": "/aws/lambda/CombineAllInternal_collector",
                "system_log_level": ""
              }
            ],
            "memory_size": 128,
            "package_type": "Zip",
            "publish": false,
            "publish_to": null,
            "qualified_arn": "arn:aws:lambda:eu-central-1:717556240325:function:CombineAllInternal_collector:$LATEST",
            "qualified_invoke_arn": "arn:aws:apigateway:eu-central-1:lambda:path/2015-03-31/functions/arn:aws:lambda:eu-central-1:717556240325:function:CombineAllInternal_collector:$LATEST/invocations",
            "region": "eu-central-1",
            "replace_security_groups_on_destroy": null,
            "replacement_security_group_ids": null,
            "reserved_concurrent_executions": -1,
            "response_streaming_invoke_arn": "arn:aws:apigateway:eu-central-1:lambda:path/2021-11-15/functions/arn:aws:lambda:eu-central-1:717556240325:function:CombineAllInternal_collector/response-streaming-invocations",
            "role": "arn:aws:iam::717556240325:role/CombineAllInternal_collector-role",
            "runtime": "python3.13",
            "s3_bucket": null,
            "s3_key": null,
            "s3_object_version": null,
            "signing_job_arn": "",
            "signing_profile_version_arn": "",
            "skip_destroy": false,
            "snap_start": [],
            "source_code_hash": "Ea7X18R+cNcmmsqO9njT/ZQT4OvtMLPzoJS5ElZLltA=",
            "source_code_size": 2719,
            "source_kms_key_arn": "",
            "tags": null,
            "tags_all": {},
            "tenancy_config": [],
            "timeout": 30,
            "timeouts": null,
            "tracing_config": [
              {
                "mode": "PassThrough"
              }
            ],
            "version": "$LATEST",
            "vpc_config": []
          },
          "sensitive_attributes": [],
          "identity_schema_version": 0,
          "identity": {
            "account_id": "717556240325",
            "function_name": "CombineAllInternal_collector",
            "region": "eu-central-1"
          },
          "private": "eyJlMmJmYjczMC1lY2FhLTExZTYtOGY4OC0zNDM2M2JjN2M0YzAiOnsiY3JlYXRlIjo2MDAwMDAwMDAwMDAsImRlbGV0ZSI6NjAwMDAwMDAwMDAwLCJ1cGRhdGUiOjYwMDAwMDAwMDAwMH19",
          "dependencies": [
            "aws_iam_role.CombineAllInternal_collector_role",
            "data.archive_file.CombineAllInternal_collector_zip"
          ]
        }
      ]
    },
    {
      "mode": "managed",
      "type": "aws_lambda_function",
      "name": "CombineAllInternal_feedback",
      "provider": "provider[\"registry.terraform.io/hashicorp/aws\"]",
      "instances": [
        {
          "schema_version": 0,
          "attributes": {
            "architectures": [
              "x86_64"
            ],
            "arn": "arn:aws:lambda:eu-central-1:717556240325:function:CombineAllInternal_feedback",
            "capacity_provider_config": [],
            "code_sha256": "7hg5vMbj/m9dayit2DMhbOWTey3o42JTxs4/t3o9F+w=",
            "code_signing_config_arn": "",
            "dead_letter_config": [],
            "description": "",
            "durable_config": [],
            "environment": [
              {
                "variables": {
                  "FEEDBACK_TOPIC": "EXTERN_TPIC",
                  "FEEDBACK_TYPE": "INTERNAL"
                }
              }
            ],
            "ephemeral_storage": [
              {
                "size": 512
              }
            ],
            "file_system_config": [],
            "filename": "./CombineAllInternal_feedback_payload.zip",
            "function_name": "CombineAllInternal_feedback",
            "handler": "lambda_function.lambda_handler",
            "id": "CombineAllInternal_feedback",
            "image_config": [],
            "image_uri": "",
            "invoke_arn": "arn:aws:apigateway:eu-central-1:lambda:path/2015-03-31/functions/arn:aws:lambda:eu-central-1:717556240325:function:CombineAllInternal_feedback/invocations",
            "kms_key_arn": "",
            "last_modified": "2026-05-16T19:42:28.386+0000",
            "layers": [
              "arn:aws:lambda:eu-central-1:717556240325:layer:paho_mqtt_layer:14"
            ],
            "logging_config": [
              {
                "application_log_level": "",
                "log_format": "Text",
                "log_group": "/aws/lambda/CombineAllInternal_feedback",
                "system_log_level": ""
              }
            ],
            "memory_size": 128,
            "package_type": "Zip",
            "publish": false,
            "publish_to": null,
            "qualified_arn": "arn:aws:lambda:eu-central-1:717556240325:function:CombineAllInternal_feedback:$LATEST",
            "qualified_invoke_arn": "arn:aws:apigateway:eu-central-1:lambda:path/2015-03-31/functions/arn:aws:lambda:eu-central-1:717556240325:function:CombineAllInternal_feedback:$LATEST/invocations",
            "region": "eu-central-1",
            "replace_security_groups_on_destroy": null,
            "replacement_security_group_ids": null,
            "reserved_concurrent_executions": -1,
            "response_streaming_invoke_arn": "arn:aws:apigateway:eu-central-1:lambda:path/2021-11-15/functions/arn:aws:lambda:eu-central-1:717556240325:function:CombineAllInternal_feedback/response-streaming-invocations",
            "role": "arn:aws:iam::717556240325:role/CombineAllInternal_feedback-role",
            "runtime": "python3.13",
            "s3_bucket": null,
            "s3_key": null,
            "s3_object_version": null,
            "signing_job_arn": "",
            "signing_profile_version_arn": "",
            "skip_destroy": false,
            "snap_start": [],
            "source_code_hash": "7hg5vMbj/m9dayit2DMhbOWTey3o42JTxs4/t3o9F+w=",
            "source_code_size": 1711,
            "source_kms_key_arn": "",
            "tags": null,
            "tags_all": {},
            "tenancy_config": [],
            "timeout": 30,
            "timeouts": null,
            "tracing_config": [
              {
                "mode": "PassThrough"
              }
            ],
            "version": "$LATEST",
            "vpc_config": []
          },
          "sensitive_attributes": [],
          "identity_schema_version": 0,
          "identity": {
            "account_id": "717556240325",
            "function_name": "CombineAllInternal_feedback",
            "region": "eu-central-1"
          },
          "private": "eyJlMmJmYjczMC1lY2FhLTExZTYtOGY4OC0zNDM2M2JjN2M0YzAiOnsiY3JlYXRlIjo2MDAwMDAwMDAwMDAsImRlbGV0ZSI6NjAwMDAwMDAwMDAwLCJ1cGRhdGUiOjYwMDAwMDAwMDAwMH19",
          "dependencies": [
            "aws_iam_role.CombineAllInternal_feedback_role",
            "aws_lambda_layer_version.paho_mqtt",
            "data.archive_file.CombineAllInternal_feedback_zip"
          ]
        }
      ]
    },
    {
      "mode": "managed",
      "type": "aws_lambda_function",
      "name": "CombineAllInternal_strategy",
      "provider": "provider[\"registry.terraform.io/hashicorp/aws\"]",
      "instances": [
        {
          "schema_version": 0,
          "attributes": {
            "architectures": [
              "x86_64"
            ],
            "arn": "arn:aws:lambda:eu-central-1:717556240325:function:CombineAllInternal_strategy",
            "capacity_provider_config": [],
            "code_sha256": "HK6mUuGIkVnHWveQ/dNAV4foirXeT5wIVPYc+8EGUSw=",
            "code_signing_config_arn": "",
            "dead_letter_config": [],
            "description": "",
            "durable_config": [],
            "environment": [],
            "ephemeral_storage": [
              {
                "size": 512
              }
            ],
            "file_system_config": [],
            "filename": "./CombineAllInternal_strategy_payload.zip",
            "function_name": "CombineAllInternal_strategy",
            "handler": "lambda_function.lambda_handler",
            "id": "CombineAllInternal_strategy",
            "image_config": [],
            "image_uri": "",
            "invoke_arn": "arn:aws:apigateway:eu-central-1:lambda:path/2015-03-31/functions/arn:aws:lambda:eu-central-1:717556240325:function:CombineAllInternal_strategy/invocations",
            "kms_key_arn": "",
            "last_modified": "2026-05-16T19:41:24.338+0000",
            "layers": null,
            "logging_config": [
              {
                "application_log_level": "",
                "log_format": "Text",
                "log_group": "/aws/lambda/CombineAllInternal_strategy",
                "system_log_level": ""
              }
            ],
            "memory_size": 128,
            "package_type": "Zip",
            "publish": false,
            "publish_to": null,
            "qualified_arn": "arn:aws:lambda:eu-central-1:717556240325:function:CombineAllInternal_strategy:$LATEST",
            "qualified_invoke_arn": "arn:aws:apigateway:eu-central-1:lambda:path/2015-03-31/functions/arn:aws:lambda:eu-central-1:717556240325:function:CombineAllInternal_strategy:$LATEST/invocations",
            "region": "eu-central-1",
            "replace_security_groups_on_destroy": null,
            "replacement_security_group_ids": null,
            "reserved_concurrent_executions": -1,
            "response_streaming_invoke_arn": "arn:aws:apigateway:eu-central-1:lambda:path/2021-11-15/functions/arn:aws:lambda:eu-central-1:717556240325:function:CombineAllInternal_strategy/response-streaming-invocations",
            "role": "arn:aws:iam::717556240325:role/CombineAllInternal_strategy-role",
            "runtime": "python3.13",
            "s3_bucket": null,
            "s3_key": null,
            "s3_object_version": null,
            "signing_job_arn": "",
            "signing_profile_version_arn": "",
            "skip_destroy": false,
            "snap_start": [],
            "source_code_hash": "HK6mUuGIkVnHWveQ/dNAV4foirXeT5wIVPYc+8EGUSw=",
            "source_code_size": 316,
            "source_kms_key_arn": "",
            "tags": null,
            "tags_all": {},
            "tenancy_config": [],
            "timeout": 30,
            "timeouts": null,
            "tracing_config": [
              {
                "mode": "PassThrough"
              }
            ],
            "version": "$LATEST",
            "vpc_config": []
          },
          "sensitive_attributes": [],
          "identity_schema_version": 0,
          "identity": {
            "account_id": "717556240325",
            "function_name": "CombineAllInternal_strategy",
            "region": "eu-central-1"
          },
          "private": "eyJlMmJmYjczMC1lY2FhLTExZTYtOGY4OC0zNDM2M2JjN2M0YzAiOnsiY3JlYXRlIjo2MDAwMDAwMDAwMDAsImRlbGV0ZSI6NjAwMDAwMDAwMDAwLCJ1cGRhdGUiOjYwMDAwMDAwMDAwMH19",
          "dependencies": [
            "aws_iam_role.CombineAllInternal_strategy_role",
            "data.archive_file.CombineAllInternal_strategy_zip"
          ]
        }
      ]
    },
    {
      "mode": "managed",
      "type": "aws_lambda_function",
      "name": "CombinePVBattery_collector",
      "provider": "provider[\"registry.terraform.io/hashicorp/aws\"]",
      "instances": [
        {
          "schema_version": 0,
          "attributes": {
            "architectures": [
              "x86_64"
            ],
            "arn": "arn:aws:lambda:eu-central-1:717556240325:function:CombinePVBattery_collector",
            "capacity_provider_config": [],
            "code_sha256": "Ea7X18R+cNcmmsqO9njT/ZQT4OvtMLPzoJS5ElZLltA=",
            "code_signing_config_arn": "",
            "dead_letter_config": [],
            "description": "",
            "durable_config": [],
            "environment": [
              {
                "variables": {
                  "PARAMETERS": "{\"CombinePVBattery\": [{\"name\": \"test1\", \"dataType\": \"DOUBLE\", \"strategy_name\": \"peakProduction\", \"hot_reader_arn\": \"arn:aws:lambda:eu-central-1:717556240325:function:PV-hot-reader\", \"region\": \"eu-central-1\", \"workspace_id\": \"PV-twinmaker\", \"entity_id\": \"NZrw6C5K5Edpk57vfJk96W\", \"component_name\": \"pV1\", \"property_name\": \"output\"}, {\"name\": \"test2\", \"dataType\": \"DOUBLE\", \"strategy_name\": \"peakProduction\", \"hot_reader_arn\": \"arn:aws:lambda:eu-central-1:717556240325:function:PV-hot-reader\", \"region\": \"eu-central-1\", \"workspace_id\": \"PV-twinmaker\", \"entity_id\": \"NZrw6C5K5Edpk57vfJk96W\", \"component_name\": \"PVconst_component\", \"property_name\": \"peakThreshold\", \"value\": 8000.0}, {\"name\": \"test1\", \"dataType\": \"DOUBLE\", \"strategy_name\": \"overheatAlert\", \"hot_reader_arn\": \"arn:aws:lambda:eu-central-1:717556240325:function:Battery-hot-reader\", \"region\": \"eu-central-1\", \"workspace_id\": \"Battery-twinmaker\", \"entity_id\": \"Yg5PFZKrNUtE8t8KGqQPGS\", \"component_name\": \"p16\", \"property_name\": \"temperature\"}, {\"name\": \"test2\", \"dataType\": \"DOUBLE\", \"strategy_name\": \"overheatAlert\", \"hot_reader_arn\": \"arn:aws:lambda:eu-central-1:717556240325:function:Battery-hot-reader\", \"region\": \"eu-central-1\", \"workspace_id\": \"Battery-twinmaker\", \"entity_id\": \"Yg5PFZKrNUtE8t8KGqQPGS\", \"component_name\": \"p16\", \"property_name\": \"currentCapacity\"}]}"
                }
              }
            ],
            "ephemeral_storage": [
              {
                "size": 512
              }
            ],
            "file_system_config": [],
            "filename": "./CombinePVBattery_collector_payload.zip",
            "function_name": "CombinePVBattery_collector",
            "handler": "lambda_function.lambda_handler",
            "id": "CombinePVBattery_collector",
            "image_config": [],
            "image_uri": "",
            "invoke_arn": "arn:aws:apigateway:eu-central-1:lambda:path/2015-03-31/functions/arn:aws:lambda:eu-central-1:717556240325:function:CombinePVBattery_collector/invocations",
            "kms_key_arn": "",
            "last_modified": "2026-05-16T19:42:16.671+0000",
            "layers": null,
            "logging_config": [
              {
                "application_log_level": "",
                "log_format": "Text",
                "log_group": "/aws/lambda/CombinePVBattery_collector",
                "system_log_level": ""
              }
            ],
            "memory_size": 128,
            "package_type": "Zip",
            "publish": false,
            "publish_to": null,
            "qualified_arn": "arn:aws:lambda:eu-central-1:717556240325:function:CombinePVBattery_collector:$LATEST",
            "qualified_invoke_arn": "arn:aws:apigateway:eu-central-1:lambda:path/2015-03-31/functions/arn:aws:lambda:eu-central-1:717556240325:function:CombinePVBattery_collector:$LATEST/invocations",
            "region": "eu-central-1",
            "replace_security_groups_on_destroy": null,
            "replacement_security_group_ids": null,
            "reserved_concurrent_executions": -1,
            "response_streaming_invoke_arn": "arn:aws:apigateway:eu-central-1:lambda:path/2021-11-15/functions/arn:aws:lambda:eu-central-1:717556240325:function:CombinePVBattery_collector/response-streaming-invocations",
            "role": "arn:aws:iam::717556240325:role/CombinePVBattery_collector-role",
            "runtime": "python3.13",
            "s3_bucket": null,
            "s3_key": null,
            "s3_object_version": null,
            "signing_job_arn": "",
            "signing_profile_version_arn": "",
            "skip_destroy": false,
            "snap_start": [],
            "source_code_hash": "Ea7X18R+cNcmmsqO9njT/ZQT4OvtMLPzoJS5ElZLltA=",
            "source_code_size": 2719,
            "source_kms_key_arn": "",
            "tags": null,
            "tags_all": {},
            "tenancy_config": [],
            "timeout": 30,
            "timeouts": null,
            "tracing_config": [
              {
                "mode": "PassThrough"
              }
            ],
            "version": "$LATEST",
            "vpc_config": []
          },
          "sensitive_attributes": [],
          "identity_schema_version": 0,
          "identity": {
            "account_id": "717556240325",
            "function_name": "CombinePVBattery_collector",
            "region": "eu-central-1"
          },
          "private": "eyJlMmJmYjczMC1lY2FhLTExZTYtOGY4OC0zNDM2M2JjN2M0YzAiOnsiY3JlYXRlIjo2MDAwMDAwMDAwMDAsImRlbGV0ZSI6NjAwMDAwMDAwMDAwLCJ1cGRhdGUiOjYwMDAwMDAwMDAwMH19",
          "dependencies": [
            "aws_iam_role.CombinePVBattery_collector_role",
            "data.archive_file.CombinePVBattery_collector_zip"
          ]
        }
      ]
    },
    {
      "mode": "managed",
      "type": "aws_lambda_function",
      "name": "CombinePVBattery_feedback",
      "provider": "provider[\"registry.terraform.io/hashicorp/aws\"]",
      "instances": [
        {
          "schema_version": 0,
          "attributes": {
            "architectures": [
              "x86_64"
            ],
            "arn": "arn:aws:lambda:eu-central-1:717556240325:function:CombinePVBattery_feedback",
            "capacity_provider_config": [],
            "code_sha256": "7hg5vMbj/m9dayit2DMhbOWTey3o42JTxs4/t3o9F+w=",
            "code_signing_config_arn": "",
            "dead_letter_config": [],
            "description": "",
            "durable_config": [],
            "environment": [
              {
                "variables": {
                  "BROKER_PASSWORD": "",
                  "BROKER_PORT": "1883",
                  "BROKER_URL": "broker.hivemq.com",
                  "BROKER_USERNAME": "",
                  "FEEDBACK_TOPIC": "unAuthBroker/topics/peakAlert",
                  "FEEDBACK_TYPE": "EXTERNAL",
                  "USE_TLS": "true"
                }
              }
            ],
            "ephemeral_storage": [
              {
                "size": 512
              }
            ],
            "file_system_config": [],
            "filename": "./CombinePVBattery_feedback_payload.zip",
            "function_name": "CombinePVBattery_feedback",
            "handler": "lambda_function.lambda_handler",
            "id": "CombinePVBattery_feedback",
            "image_config": [],
            "image_uri": "",
            "invoke_arn": "arn:aws:apigateway:eu-central-1:lambda:path/2015-03-31/functions/arn:aws:lambda:eu-central-1:717556240325:function:CombinePVBattery_feedback/invocations",
            "kms_key_arn": "",
            "last_modified": "2026-05-16T19:42:45.933+0000",
            "layers": [
              "arn:aws:lambda:eu-central-1:717556240325:layer:paho_mqtt_layer:14"
            ],
            "logging_config": [
              {
                "application_log_level": "",
                "log_format": "Text",
                "log_group": "/aws/lambda/CombinePVBattery_feedback",
                "system_log_level": ""
              }
            ],
            "memory_size": 128,
            "package_type": "Zip",
            "publish": false,
            "publish_to": null,
            "qualified_arn": "arn:aws:lambda:eu-central-1:717556240325:function:CombinePVBattery_feedback:$LATEST",
            "qualified_invoke_arn": "arn:aws:apigateway:eu-central-1:lambda:path/2015-03-31/functions/arn:aws:lambda:eu-central-1:717556240325:function:CombinePVBattery_feedback:$LATEST/invocations",
            "region": "eu-central-1",
            "replace_security_groups_on_destroy": null,
            "replacement_security_group_ids": null,
            "reserved_concurrent_executions": -1,
            "response_streaming_invoke_arn": "arn:aws:apigateway:eu-central-1:lambda:path/2021-11-15/functions/arn:aws:lambda:eu-central-1:717556240325:function:CombinePVBattery_feedback/response-streaming-invocations",
            "role": "arn:aws:iam::717556240325:role/CombinePVBattery_feedback-role",
            "runtime": "python3.13",
            "s3_bucket": null,
            "s3_key": null,
            "s3_object_version": null,
            "signing_job_arn": "",
            "signing_profile_version_arn": "",
            "skip_destroy": false,
            "snap_start": [],
            "source_code_hash": "7hg5vMbj/m9dayit2DMhbOWTey3o42JTxs4/t3o9F+w=",
            "source_code_size": 1711,
            "source_kms_key_arn": "",
            "tags": null,
            "tags_all": {},
            "tenancy_config": [],
            "timeout": 30,
            "timeouts": null,
            "tracing_config": [
              {
                "mode": "PassThrough"
              }
            ],
            "version": "$LATEST",
            "vpc_config": []
          },
          "sensitive_attributes": [],
          "identity_schema_version": 0,
          "identity": {
            "account_id": "717556240325",
            "function_name": "CombinePVBattery_feedback",
            "region": "eu-central-1"
          },
          "private": "eyJlMmJmYjczMC1lY2FhLTExZTYtOGY4OC0zNDM2M2JjN2M0YzAiOnsiY3JlYXRlIjo2MDAwMDAwMDAwMDAsImRlbGV0ZSI6NjAwMDAwMDAwMDAwLCJ1cGRhdGUiOjYwMDAwMDAwMDAwMH19",
          "dependencies": [
            "aws_iam_role.CombinePVBattery_feedback_role",
            "aws_lambda_layer_version.paho_mqtt",
            "data.archive_file.CombinePVBattery_feedback_zip"
          ]
        }
      ]
    },
    {
      "mode": "managed",
      "type": "aws_lambda_function",
      "name": "CombinePVBattery_strategy",
      "provider": "provider[\"registry.terraform.io/hashicorp/aws\"]",
      "instances": [
        {
          "schema_version": 0,
          "attributes": {
            "architectures": [
              "x86_64"
            ],
            "arn": "arn:aws:lambda:eu-central-1:717556240325:function:CombinePVBattery_strategy",
            "capacity_provider_config": [],
            "code_sha256": "HK6mUuGIkVnHWveQ/dNAV4foirXeT5wIVPYc+8EGUSw=",
            "code_signing_config_arn": "",
            "dead_letter_config": [],
            "description": "",
            "durable_config": [],
            "environment": [],
            "ephemeral_storage": [
              {
                "size": 512
              }
            ],
            "file_system_config": [],
            "filename": "./CombinePVBattery_strategy_payload.zip",
            "function_name": "CombinePVBattery_strategy",
            "handler": "lambda_function.lambda_handler",
            "id": "CombinePVBattery_strategy",
            "image_config": [],
            "image_uri": "",
            "invoke_arn": "arn:aws:apigateway:eu-central-1:lambda:path/2015-03-31/functions/arn:aws:lambda:eu-central-1:717556240325:function:CombinePVBattery_strategy/invocations",
            "kms_key_arn": "",
            "last_modified": "2026-05-16T19:41:35.856+0000",
            "layers": null,
            "logging_config": [
              {
                "application_log_level": "",
                "log_format": "Text",
                "log_group": "/aws/lambda/CombinePVBattery_strategy",
                "system_log_level": ""
              }
            ],
            "memory_size": 128,
            "package_type": "Zip",
            "publish": false,
            "publish_to": null,
            "qualified_arn": "arn:aws:lambda:eu-central-1:717556240325:function:CombinePVBattery_strategy:$LATEST",
            "qualified_invoke_arn": "arn:aws:apigateway:eu-central-1:lambda:path/2015-03-31/functions/arn:aws:lambda:eu-central-1:717556240325:function:CombinePVBattery_strategy:$LATEST/invocations",
            "region": "eu-central-1",
            "replace_security_groups_on_destroy": null,
            "replacement_security_group_ids": null,
            "reserved_concurrent_executions": -1,
            "response_streaming_invoke_arn": "arn:aws:apigateway:eu-central-1:lambda:path/2021-11-15/functions/arn:aws:lambda:eu-central-1:717556240325:function:CombinePVBattery_strategy/response-streaming-invocations",
            "role": "arn:aws:iam::717556240325:role/CombinePVBattery_strategy-role",
            "runtime": "python3.13",
            "s3_bucket": null,
            "s3_key": null,
            "s3_object_version": null,
            "signing_job_arn": "",
            "signing_profile_version_arn": "",
            "skip_destroy": false,
            "snap_start": [],
            "source_code_hash": "HK6mUuGIkVnHWveQ/dNAV4foirXeT5wIVPYc+8EGUSw=",
            "source_code_size": 316,
            "source_kms_key_arn": "",
            "tags": null,
            "tags_all": {},
            "tenancy_config": [],
            "timeout": 30,
            "timeouts": null,
            "tracing_config": [
              {
                "mode": "PassThrough"
              }
            ],
            "version": "$LATEST",
            "vpc_config": []
          },
          "sensitive_attributes": [],
          "identity_schema_version": 0,
          "identity": {
            "account_id": "717556240325",
            "function_name": "CombinePVBattery_strategy",
            "region": "eu-central-1"
          },
          "private": "eyJlMmJmYjczMC1lY2FhLTExZTYtOGY4OC0zNDM2M2JjN2M0YzAiOnsiY3JlYXRlIjo2MDAwMDAwMDAwMDAsImRlbGV0ZSI6NjAwMDAwMDAwMDAwLCJ1cGRhdGUiOjYwMDAwMDAwMDAwMH19",
          "dependencies": [
            "aws_iam_role.CombinePVBattery_strategy_role",
            "data.archive_file.CombinePVBattery_strategy_zip"
          ]
        }
      ]
    },
    {
      "mode": "managed",
      "type": "aws_lambda_function",
      "name": "CombinePVGrid_collector",
      "provider": "provider[\"registry.terraform.io/hashicorp/aws\"]",
      "instances": [
        {
          "schema_version": 0,
          "attributes": {
            "architectures": [
              "x86_64"
            ],
            "arn": "arn:aws:lambda:eu-central-1:717556240325:function:CombinePVGrid_collector",
            "capacity_provider_config": [],
            "code_sha256": "Ea7X18R+cNcmmsqO9njT/ZQT4OvtMLPzoJS5ElZLltA=",
            "code_signing_config_arn": "",
            "dead_letter_config": [],
            "description": "",
            "durable_config": [],
            "environment": [
              {
                "variables": {
                  "PARAMETERS": "{\"CombinePVGrid\": [{\"name\": \"test1\", \"dataType\": \"DOUBLE\", \"strategy_name\": \"peakProduction\", \"hot_reader_arn\": \"arn:aws:lambda:eu-central-1:717556240325:function:PV-hot-reader\", \"region\": \"eu-central-1\", \"workspace_id\": \"PV-twinmaker\", \"entity_id\": \"NZrw6C5K5Edpk57vfJk96W\", \"component_name\": \"pV1\", \"property_name\": \"output\"}, {\"name\": \"test2\", \"dataType\": \"DOUBLE\", \"strategy_name\": \"peakProduction\", \"hot_reader_arn\": \"arn:aws:lambda:eu-central-1:717556240325:function:PV-hot-reader\", \"region\": \"eu-central-1\", \"workspace_id\": \"PV-twinmaker\", \"entity_id\": \"NZrw6C5K5Edpk57vfJk96W\", \"component_name\": \"PVconst_component\", \"property_name\": \"peakThreshold\", \"value\": 8000.0}, {\"name\": \"test1\", \"dataType\": \"DOUBLE\", \"strategy_name\": \"overloadAlert\", \"hot_reader_arn\": \"arn:aws:lambda:eu-central-1:717556240325:function:MicroGrid-hot-reader\", \"region\": \"eu-central-1\", \"workspace_id\": \"MicroGrid-twinmaker\", \"entity_id\": \"Z4nLdDKudAfc4RAAXxJDLA\", \"component_name\": \"p12\", \"property_name\": \"consumption\"}, {\"name\": \"test2\", \"dataType\": \"DOUBLE\", \"strategy_name\": \"overloadAlert\", \"hot_reader_arn\": \"arn:aws:lambda:eu-central-1:717556240325:function:MicroGrid-hot-reader\", \"region\": \"eu-central-1\", \"workspace_id\": \"MicroGrid-twinmaker\", \"entity_id\": \"MKjsFDqWjCxJmcAvj9du6f\", \"component_name\": \"p13\", \"property_name\": \"power\"}]}"
                }
              }
            ],
            "ephemeral_storage": [
              {
                "size": 512
              }
            ],
            "file_system_config": [],
            "filename": "./CombinePVGrid_collector_payload.zip",
            "function_name": "CombinePVGrid_collector",
            "handler": "lambda_function.lambda_handler",
            "id": "CombinePVGrid_collector",
            "image_config": [],
            "image_uri": "",
            "invoke_arn": "arn:aws:apigateway:eu-central-1:lambda:path/2015-03-31/functions/arn:aws:lambda:eu-central-1:717556240325:function:CombinePVGrid_collector/invocations",
            "kms_key_arn": "",
            "last_modified": "2026-05-16T19:41:53.314+0000",
            "layers": null,
            "logging_config": [
              {
                "application_log_level": "",
                "log_format": "Text",
                "log_group": "/aws/lambda/CombinePVGrid_collector",
                "system_log_level": ""
              }
            ],
            "memory_size": 128,
            "package_type": "Zip",
            "publish": false,
            "publish_to": null,
            "qualified_arn": "arn:aws:lambda:eu-central-1:717556240325:function:CombinePVGrid_collector:$LATEST",
            "qualified_invoke_arn": "arn:aws:apigateway:eu-central-1:lambda:path/2015-03-31/functions/arn:aws:lambda:eu-central-1:717556240325:function:CombinePVGrid_collector:$LATEST/invocations",
            "region": "eu-central-1",
            "replace_security_groups_on_destroy": null,
            "replacement_security_group_ids": null,
            "reserved_concurrent_executions": -1,
            "response_streaming_invoke_arn": "arn:aws:apigateway:eu-central-1:lambda:path/2021-11-15/functions/arn:aws:lambda:eu-central-1:717556240325:function:CombinePVGrid_collector/response-streaming-invocations",
            "role": "arn:aws:iam::717556240325:role/CombinePVGrid_collector-role",
            "runtime": "python3.13",
            "s3_bucket": null,
            "s3_key": null,
            "s3_object_version": null,
            "signing_job_arn": "",
            "signing_profile_version_arn": "",
            "skip_destroy": false,
            "snap_start": [],
            "source_code_hash": "Ea7X18R+cNcmmsqO9njT/ZQT4OvtMLPzoJS5ElZLltA=",
            "source_code_size": 2719,
            "source_kms_key_arn": "",
            "tags": null,
            "tags_all": {},
            "tenancy_config": [],
            "timeout": 30,
            "timeouts": null,
            "tracing_config": [
              {
                "mode": "PassThrough"
              }
            ],
            "version": "$LATEST",
            "vpc_config": []
          },
          "sensitive_attributes": [],
          "identity_schema_version": 0,
          "identity": {
            "account_id": "717556240325",
            "function_name": "CombinePVGrid_collector",
            "region": "eu-central-1"
          },
          "private": "eyJlMmJmYjczMC1lY2FhLTExZTYtOGY4OC0zNDM2M2JjN2M0YzAiOnsiY3JlYXRlIjo2MDAwMDAwMDAwMDAsImRlbGV0ZSI6NjAwMDAwMDAwMDAwLCJ1cGRhdGUiOjYwMDAwMDAwMDAwMH19",
          "dependencies": [
            "aws_iam_role.CombinePVGrid_collector_role",
            "data.archive_file.CombinePVGrid_collector_zip"
          ]
        }
      ]
    },
    {
      "mode": "managed",
      "type": "aws_lambda_function",
      "name": "CombinePVGrid_feedback",
      "provider": "provider[\"registry.terraform.io/hashicorp/aws\"]",
      "instances": [
        {
          "schema_version": 0,
          "attributes": {
            "architectures": [
              "x86_64"
            ],
            "arn": "arn:aws:lambda:eu-central-1:717556240325:function:CombinePVGrid_feedback",
            "capacity_provider_config": [],
            "code_sha256": "7hg5vMbj/m9dayit2DMhbOWTey3o42JTxs4/t3o9F+w=",
            "code_signing_config_arn": "",
            "dead_letter_config": [],
            "description": "",
            "durable_config": [],
            "environment": [
              {
                "variables": {
                  "BROKER_PASSWORD": "",
                  "BROKER_PORT": "1883",
                  "BROKER_URL": "broker.hivemq.com",
                  "BROKER_USERNAME": "",
                  "FEEDBACK_TOPIC": "unAuthBroker/topics/peakAlert",
                  "FEEDBACK_TYPE": "EXTERNAL",
                  "USE_TLS": "true"
                }
              }
            ],
            "ephemeral_storage": [
              {
                "size": 512
              }
            ],
            "file_system_config": [],
            "filename": "./CombinePVGrid_feedback_payload.zip",
            "function_name": "CombinePVGrid_feedback",
            "handler": "lambda_function.lambda_handler",
            "id": "CombinePVGrid_feedback",
            "image_config": [],
            "image_uri": "",
            "invoke_arn": "arn:aws:apigateway:eu-central-1:lambda:path/2015-03-31/functions/arn:aws:lambda:eu-central-1:717556240325:function:CombinePVGrid_feedback/invocations",
            "kms_key_arn": "",
            "last_modified": "2026-05-16T19:42:40.108+0000",
            "layers": [
              "arn:aws:lambda:eu-central-1:717556240325:layer:paho_mqtt_layer:14"
            ],
            "logging_config": [
              {
                "application_log_level": "",
                "log_format": "Text",
                "log_group": "/aws/lambda/CombinePVGrid_feedback",
                "system_log_level": ""
              }
            ],
            "memory_size": 128,
            "package_type": "Zip",
            "publish": false,
            "publish_to": null,
            "qualified_arn": "arn:aws:lambda:eu-central-1:717556240325:function:CombinePVGrid_feedback:$LATEST",
            "qualified_invoke_arn": "arn:aws:apigateway:eu-central-1:lambda:path/2015-03-31/functions/arn:aws:lambda:eu-central-1:717556240325:function:CombinePVGrid_feedback:$LATEST/invocations",
            "region": "eu-central-1",
            "replace_security_groups_on_destroy": null,
            "replacement_security_group_ids": null,
            "reserved_concurrent_executions": -1,
            "response_streaming_invoke_arn": "arn:aws:apigateway:eu-central-1:lambda:path/2021-11-15/functions/arn:aws:lambda:eu-central-1:717556240325:function:CombinePVGrid_feedback/response-streaming-invocations",
            "role": "arn:aws:iam::717556240325:role/CombinePVGrid_feedback-role",
            "runtime": "python3.13",
            "s3_bucket": null,
            "s3_key": null,
            "s3_object_version": null,
            "signing_job_arn": "",
            "signing_profile_version_arn": "",
            "skip_destroy": false,
            "snap_start": [],
            "source_code_hash": "7hg5vMbj/m9dayit2DMhbOWTey3o42JTxs4/t3o9F+w=",
            "source_code_size": 1711,
            "source_kms_key_arn": "",
            "tags": null,
            "tags_all": {},
            "tenancy_config": [],
            "timeout": 30,
            "timeouts": null,
            "tracing_config": [
              {
                "mode": "PassThrough"
              }
            ],
            "version": "$LATEST",
            "vpc_config": []
          },
          "sensitive_attributes": [],
          "identity_schema_version": 0,
          "identity": {
            "account_id": "717556240325",
            "function_name": "CombinePVGrid_feedback",
            "region": "eu-central-1"
          },
          "private": "eyJlMmJmYjczMC1lY2FhLTExZTYtOGY4OC0zNDM2M2JjN2M0YzAiOnsiY3JlYXRlIjo2MDAwMDAwMDAwMDAsImRlbGV0ZSI6NjAwMDAwMDAwMDAwLCJ1cGRhdGUiOjYwMDAwMDAwMDAwMH19",
          "dependencies": [
            "aws_iam_role.CombinePVGrid_feedback_role",
            "aws_lambda_layer_version.paho_mqtt",
            "data.archive_file.CombinePVGrid_feedback_zip"
          ]
        }
      ]
    },
    {
      "mode": "managed",
      "type": "aws_lambda_function",
      "name": "CombinePVGrid_strategy",
      "provider": "provider[\"registry.terraform.io/hashicorp/aws\"]",
      "instances": [
        {
          "schema_version": 0,
          "attributes": {
            "architectures": [
              "x86_64"
            ],
            "arn": "arn:aws:lambda:eu-central-1:717556240325:function:CombinePVGrid_strategy",
            "capacity_provider_config": [],
            "code_sha256": "HK6mUuGIkVnHWveQ/dNAV4foirXeT5wIVPYc+8EGUSw=",
            "code_signing_config_arn": "",
            "dead_letter_config": [],
            "description": "",
            "durable_config": [],
            "environment": [],
            "ephemeral_storage": [
              {
                "size": 512
              }
            ],
            "file_system_config": [],
            "filename": "./CombinePVGrid_strategy_payload.zip",
            "function_name": "CombinePVGrid_strategy",
            "handler": "lambda_function.lambda_handler",
            "id": "CombinePVGrid_strategy",
            "image_config": [],
            "image_uri": "",
            "invoke_arn": "arn:aws:apigateway:eu-central-1:lambda:path/2015-03-31/functions/arn:aws:lambda:eu-central-1:717556240325:function:CombinePVGrid_strategy/invocations",
            "kms_key_arn": "",
            "last_modified": "2026-05-16T19:41:41.707+0000",
            "layers": null,
            "logging_config": [
              {
                "application_log_level": "",
                "log_format": "Text",
                "log_group": "/aws/lambda/CombinePVGrid_strategy",
                "system_log_level": ""
              }
            ],
            "memory_size": 128,
            "package_type": "Zip",
            "publish": false,
            "publish_to": null,
            "qualified_arn": "arn:aws:lambda:eu-central-1:717556240325:function:CombinePVGrid_strategy:$LATEST",
            "qualified_invoke_arn": "arn:aws:apigateway:eu-central-1:lambda:path/2015-03-31/functions/arn:aws:lambda:eu-central-1:717556240325:function:CombinePVGrid_strategy:$LATEST/invocations",
            "region": "eu-central-1",
            "replace_security_groups_on_destroy": null,
            "replacement_security_group_ids": null,
            "reserved_concurrent_executions": -1,
            "response_streaming_invoke_arn": "arn:aws:apigateway:eu-central-1:lambda:path/2021-11-15/functions/arn:aws:lambda:eu-central-1:717556240325:function:CombinePVGrid_strategy/response-streaming-invocations",
            "role": "arn:aws:iam::717556240325:role/CombinePVGrid_strategy-role",
            "runtime": "python3.13",
            "s3_bucket": null,
            "s3_key": null,
            "s3_object_version": null,
            "signing_job_arn": "",
            "signing_profile_version_arn": "",
            "skip_destroy": false,
            "snap_start": [],
            "source_code_hash": "HK6mUuGIkVnHWveQ/dNAV4foirXeT5wIVPYc+8EGUSw=",
            "source_code_size": 316,
            "source_kms_key_arn": "",
            "tags": null,
            "tags_all": {},
            "tenancy_config": [],
            "timeout": 30,
            "timeouts": null,
            "tracing_config": [
              {
                "mode": "PassThrough"
              }
            ],
            "version": "$LATEST",
            "vpc_config": []
          },
          "sensitive_attributes": [],
          "identity_schema_version": 0,
          "identity": {
            "account_id": "717556240325",
            "function_name": "CombinePVGrid_strategy",
            "region": "eu-central-1"
          },
          "private": "eyJlMmJmYjczMC1lY2FhLTExZTYtOGY4OC0zNDM2M2JjN2M0YzAiOnsiY3JlYXRlIjo2MDAwMDAwMDAwMDAsImRlbGV0ZSI6NjAwMDAwMDAwMDAwLCJ1cGRhdGUiOjYwMDAwMDAwMDAwMH19",
          "dependencies": [
            "aws_iam_role.CombinePVGrid_strategy_role",
            "data.archive_file.CombinePVGrid_strategy_zip"
          ]
        }
      ]
    },
    {
      "mode": "managed",
      "type": "aws_lambda_function",
      "name": "CombineToAuthbroker_collector",
      "provider": "provider[\"registry.terraform.io/hashicorp/aws\"]",
      "instances": [
        {
          "schema_version": 0,
          "attributes": {
            "architectures": [
              "x86_64"
            ],
            "arn": "arn:aws:lambda:eu-central-1:717556240325:function:CombineToAuthbroker_collector",
            "capacity_provider_config": [],
            "code_sha256": "Ea7X18R+cNcmmsqO9njT/ZQT4OvtMLPzoJS5ElZLltA=",
            "code_signing_config_arn": "",
            "dead_letter_config": [],
            "description": "",
            "durable_config": [],
            "environment": [
              {
                "variables": {
                  "PARAMETERS": "{\"CombineToAuthbroker\": [{\"name\": \"test1\", \"dataType\": \"DOUBLE\", \"strategy_name\": \"overheatAlert\", \"hot_reader_arn\": \"arn:aws:lambda:eu-central-1:717556240325:function:Battery-hot-reader\", \"region\": \"eu-central-1\", \"workspace_id\": \"Battery-twinmaker\", \"entity_id\": \"Yg5PFZKrNUtE8t8KGqQPGS\", \"component_name\": \"p16\", \"property_name\": \"temperature\"}, {\"name\": \"test2\", \"dataType\": \"DOUBLE\", \"strategy_name\": \"overheatAlert\", \"hot_reader_arn\": \"arn:aws:lambda:eu-central-1:717556240325:function:Battery-hot-reader\", \"region\": \"eu-central-1\", \"workspace_id\": \"Battery-twinmaker\", \"entity_id\": \"Yg5PFZKrNUtE8t8KGqQPGS\", \"component_name\": \"p16\", \"property_name\": \"currentCapacity\"}, {\"name\": \"test1\", \"dataType\": \"DOUBLE\", \"strategy_name\": \"overloadAlert\", \"hot_reader_arn\": \"arn:aws:lambda:eu-central-1:717556240325:function:MicroGrid-hot-reader\", \"region\": \"eu-central-1\", \"workspace_id\": \"MicroGrid-twinmaker\", \"entity_id\": \"Z4nLdDKudAfc4RAAXxJDLA\", \"component_name\": \"p12\", \"property_name\": \"consumption\"}, {\"name\": \"test2\", \"dataType\": \"DOUBLE\", \"strategy_name\": \"overloadAlert\", \"hot_reader_arn\": \"arn:aws:lambda:eu-central-1:717556240325:function:MicroGrid-hot-reader\", \"region\": \"eu-central-1\", \"workspace_id\": \"MicroGrid-twinmaker\", \"entity_id\": \"MKjsFDqWjCxJmcAvj9du6f\", \"component_name\": \"p13\", \"property_name\": \"power\"}]}"
                }
              }
            ],
            "ephemeral_storage": [
              {
                "size": 512
              }
            ],
            "file_system_config": [],
            "filename": "./CombineToAuthbroker_collector_payload.zip",
            "function_name": "CombineToAuthbroker_collector",
            "handler": "lambda_function.lambda_handler",
            "id": "CombineToAuthbroker_collector",
            "image_config": [],
            "image_uri": "",
            "invoke_arn": "arn:aws:apigateway:eu-central-1:lambda:path/2015-03-31/functions/arn:aws:lambda:eu-central-1:717556240325:function:CombineToAuthbroker_collector/invocations",
            "kms_key_arn": "",
            "last_modified": "2026-05-16T19:41:59.235+0000",
            "layers": null,
            "logging_config": [
              {
                "application_log_level": "",
                "log_format": "Text",
                "log_group": "/aws/lambda/CombineToAuthbroker_collector",
                "system_log_level": ""
              }
            ],
            "memory_size": 128,
            "package_type": "Zip",
            "publish": false,
            "publish_to": null,
            "qualified_arn": "arn:aws:lambda:eu-central-1:717556240325:function:CombineToAuthbroker_collector:$LATEST",
            "qualified_invoke_arn": "arn:aws:apigateway:eu-central-1:lambda:path/2015-03-31/functions/arn:aws:lambda:eu-central-1:717556240325:function:CombineToAuthbroker_collector:$LATEST/invocations",
            "region": "eu-central-1",
            "replace_security_groups_on_destroy": null,
            "replacement_security_group_ids": null,
            "reserved_concurrent_executions": -1,
            "response_streaming_invoke_arn": "arn:aws:apigateway:eu-central-1:lambda:path/2021-11-15/functions/arn:aws:lambda:eu-central-1:717556240325:function:CombineToAuthbroker_collector/response-streaming-invocations",
            "role": "arn:aws:iam::717556240325:role/CombineToAuthbroker_collector-role",
            "runtime": "python3.13",
            "s3_bucket": null,
            "s3_key": null,
            "s3_object_version": null,
            "signing_job_arn": "",
            "signing_profile_version_arn": "",
            "skip_destroy": false,
            "snap_start": [],
            "source_code_hash": "Ea7X18R+cNcmmsqO9njT/ZQT4OvtMLPzoJS5ElZLltA=",
            "source_code_size": 2719,
            "source_kms_key_arn": "",
            "tags": null,
            "tags_all": {},
            "tenancy_config": [],
            "timeout": 30,
            "timeouts": null,
            "tracing_config": [
              {
                "mode": "PassThrough"
              }
            ],
            "version": "$LATEST",
            "vpc_config": []
          },
          "sensitive_attributes": [],
          "identity_schema_version": 0,
          "identity": {
            "account_id": "717556240325",
            "function_name": "CombineToAuthbroker_collector",
            "region": "eu-central-1"
          },
          "private": "eyJlMmJmYjczMC1lY2FhLTExZTYtOGY4OC0zNDM2M2JjN2M0YzAiOnsiY3JlYXRlIjo2MDAwMDAwMDAwMDAsImRlbGV0ZSI6NjAwMDAwMDAwMDAwLCJ1cGRhdGUiOjYwMDAwMDAwMDAwMH19",
          "dependencies": [
            "aws_iam_role.CombineToAuthbroker_collector_role",
            "data.archive_file.CombineToAuthbroker_collector_zip"
          ]
        }
      ]
    },
    {
      "mode": "managed",
      "type": "aws_lambda_function",
      "name": "CombineToAuthbroker_feedback",
      "provider": "provider[\"registry.terraform.io/hashicorp/aws\"]",
      "instances": [
        {
          "schema_version": 0,
          "attributes": {
            "architectures": [
              "x86_64"
            ],
            "arn": "arn:aws:lambda:eu-central-1:717556240325:function:CombineToAuthbroker_feedback",
            "capacity_provider_config": [],
            "code_sha256": "7hg5vMbj/m9dayit2DMhbOWTey3o42JTxs4/t3o9F+w=",
            "code_signing_config_arn": "",
            "dead_letter_config": [],
            "description": "",
            "durable_config": [],
            "environment": [
              {
                "variables": {
                  "BROKER_PASSWORD": "Test12345678",
                  "BROKER_PORT": "8883",
                  "BROKER_URL": "cc673a1ab883421dbfcd225d0e26e925.s1.eu.hivemq.cloud",
                  "BROKER_USERNAME": "Test12345678",
                  "FEEDBACK_TOPIC": "authBroker/topics/alerts",
                  "FEEDBACK_TYPE": "EXTERNAL",
                  "USE_TLS": "true"
                }
              }
            ],
            "ephemeral_storage": [
              {
                "size": 512
              }
            ],
            "file_system_config": [],
            "filename": "./CombineToAuthbroker_feedback_payload.zip",
            "function_name": "CombineToAuthbroker_feedback",
            "handler": "lambda_function.lambda_handler",
            "id": "CombineToAuthbroker_feedback",
            "image_config": [],
            "image_uri": "",
            "invoke_arn": "arn:aws:apigateway:eu-central-1:lambda:path/2015-03-31/functions/arn:aws:lambda:eu-central-1:717556240325:function:CombineToAuthbroker_feedback/invocations",
            "kms_key_arn": "",
            "last_modified": "2026-05-16T19:42:51.808+0000",
            "layers": [
              "arn:aws:lambda:eu-central-1:717556240325:layer:paho_mqtt_layer:14"
            ],
            "logging_config": [
              {
                "application_log_level": "",
                "log_format": "Text",
                "log_group": "/aws/lambda/CombineToAuthbroker_feedback",
                "system_log_level": ""
              }
            ],
            "memory_size": 128,
            "package_type": "Zip",
            "publish": false,
            "publish_to": null,
            "qualified_arn": "arn:aws:lambda:eu-central-1:717556240325:function:CombineToAuthbroker_feedback:$LATEST",
            "qualified_invoke_arn": "arn:aws:apigateway:eu-central-1:lambda:path/2015-03-31/functions/arn:aws:lambda:eu-central-1:717556240325:function:CombineToAuthbroker_feedback:$LATEST/invocations",
            "region": "eu-central-1",
            "replace_security_groups_on_destroy": null,
            "replacement_security_group_ids": null,
            "reserved_concurrent_executions": -1,
            "response_streaming_invoke_arn": "arn:aws:apigateway:eu-central-1:lambda:path/2021-11-15/functions/arn:aws:lambda:eu-central-1:717556240325:function:CombineToAuthbroker_feedback/response-streaming-invocations",
            "role": "arn:aws:iam::717556240325:role/CombineToAuthbroker_feedback-role",
            "runtime": "python3.13",
            "s3_bucket": null,
            "s3_key": null,
            "s3_object_version": null,
            "signing_job_arn": "",
            "signing_profile_version_arn": "",
            "skip_destroy": false,
            "snap_start": [],
            "source_code_hash": "7hg5vMbj/m9dayit2DMhbOWTey3o42JTxs4/t3o9F+w=",
            "source_code_size": 1711,
            "source_kms_key_arn": "",
            "tags": null,
            "tags_all": {},
            "tenancy_config": [],
            "timeout": 30,
            "timeouts": null,
            "tracing_config": [
              {
                "mode": "PassThrough"
              }
            ],
            "version": "$LATEST",
            "vpc_config": []
          },
          "sensitive_attributes": [],
          "identity_schema_version": 0,
          "identity": {
            "account_id": "717556240325",
            "function_name": "CombineToAuthbroker_feedback",
            "region": "eu-central-1"
          },
          "private": "eyJlMmJmYjczMC1lY2FhLTExZTYtOGY4OC0zNDM2M2JjN2M0YzAiOnsiY3JlYXRlIjo2MDAwMDAwMDAwMDAsImRlbGV0ZSI6NjAwMDAwMDAwMDAwLCJ1cGRhdGUiOjYwMDAwMDAwMDAwMH19",
          "dependencies": [
            "aws_iam_role.CombineToAuthbroker_feedback_role",
            "aws_lambda_layer_version.paho_mqtt",
            "data.archive_file.CombineToAuthbroker_feedback_zip"
          ]
        }
      ]
    },
    {
      "mode": "managed",
      "type": "aws_lambda_function",
      "name": "CombineToAuthbroker_strategy",
      "provider": "provider[\"registry.terraform.io/hashicorp/aws\"]",
      "instances": [
        {
          "schema_version": 0,
          "attributes": {
            "architectures": [
              "x86_64"
            ],
            "arn": "arn:aws:lambda:eu-central-1:717556240325:function:CombineToAuthbroker_strategy",
            "capacity_provider_config": [],
            "code_sha256": "HK6mUuGIkVnHWveQ/dNAV4foirXeT5wIVPYc+8EGUSw=",
            "code_signing_config_arn": "",
            "dead_letter_config": [],
            "description": "",
            "durable_config": [],
            "environment": [],
            "ephemeral_storage": [
              {
                "size": 512
              }
            ],
            "file_system_config": [],
            "filename": "./CombineToAuthbroker_strategy_payload.zip",
            "function_name": "CombineToAuthbroker_strategy",
            "handler": "lambda_function.lambda_handler",
            "id": "CombineToAuthbroker_strategy",
            "image_config": [],
            "image_uri": "",
            "invoke_arn": "arn:aws:apigateway:eu-central-1:lambda:path/2015-03-31/functions/arn:aws:lambda:eu-central-1:717556240325:function:CombineToAuthbroker_strategy/invocations",
            "kms_key_arn": "",
            "last_modified": "2026-05-16T19:41:30.099+0000",
            "layers": null,
            "logging_config": [
              {
                "application_log_level": "",
                "log_format": "Text",
                "log_group": "/aws/lambda/CombineToAuthbroker_strategy",
                "system_log_level": ""
              }
            ],
            "memory_size": 128,
            "package_type": "Zip",
            "publish": false,
            "publish_to": null,
            "qualified_arn": "arn:aws:lambda:eu-central-1:717556240325:function:CombineToAuthbroker_strategy:$LATEST",
            "qualified_invoke_arn": "arn:aws:apigateway:eu-central-1:lambda:path/2015-03-31/functions/arn:aws:lambda:eu-central-1:717556240325:function:CombineToAuthbroker_strategy:$LATEST/invocations",
            "region": "eu-central-1",
            "replace_security_groups_on_destroy": null,
            "replacement_security_group_ids": null,
            "reserved_concurrent_executions": -1,
            "response_streaming_invoke_arn": "arn:aws:apigateway:eu-central-1:lambda:path/2021-11-15/functions/arn:aws:lambda:eu-central-1:717556240325:function:CombineToAuthbroker_strategy/response-streaming-invocations",
            "role": "arn:aws:iam::717556240325:role/CombineToAuthbroker_strategy-role",
            "runtime": "python3.13",
            "s3_bucket": null,
            "s3_key": null,
            "s3_object_version": null,
            "signing_job_arn": "",
            "signing_profile_version_arn": "",
            "skip_destroy": false,
            "snap_start": [],
            "source_code_hash": "HK6mUuGIkVnHWveQ/dNAV4foirXeT5wIVPYc+8EGUSw=",
            "source_code_size": 316,
            "source_kms_key_arn": "",
            "tags": null,
            "tags_all": {},
            "tenancy_config": [],
            "timeout": 30,
            "timeouts": null,
            "tracing_config": [
              {
                "mode": "PassThrough"
              }
            ],
            "version": "$LATEST",
            "vpc_config": []
          },
          "sensitive_attributes": [],
          "identity_schema_version": 0,
          "identity": {
            "account_id": "717556240325",
            "function_name": "CombineToAuthbroker_strategy",
            "region": "eu-central-1"
          },
          "private": "eyJlMmJmYjczMC1lY2FhLTExZTYtOGY4OC0zNDM2M2JjN2M0YzAiOnsiY3JlYXRlIjo2MDAwMDAwMDAwMDAsImRlbGV0ZSI6NjAwMDAwMDAwMDAwLCJ1cGRhdGUiOjYwMDAwMDAwMDAwMH19",
          "dependencies": [
            "aws_iam_role.CombineToAuthbroker_strategy_role",
            "data.archive_file.CombineToAuthbroker_strategy_zip"
          ]
        }
      ]
    },
    {
      "mode": "managed",
      "type": "aws_lambda_function",
      "name": "SingleStrategyPass_collector",
      "provider": "provider[\"registry.terraform.io/hashicorp/aws\"]",
      "instances": [
        {
          "schema_version": 0,
          "attributes": {
            "architectures": [
              "x86_64"
            ],
            "arn": "arn:aws:lambda:eu-central-1:717556240325:function:SingleStrategyPass_collector",
            "capacity_provider_config": [],
            "code_sha256": "Ea7X18R+cNcmmsqO9njT/ZQT4OvtMLPzoJS5ElZLltA=",
            "code_signing_config_arn": "",
            "dead_letter_config": [],
            "description": "",
            "durable_config": [],
            "environment": [
              {
                "variables": {
                  "PARAMETERS": "{\"SingleStrategyPass\": [{\"name\": \"test1\", \"dataType\": \"DOUBLE\", \"strategy_name\": \"overheatAlert\", \"hot_reader_arn\": \"arn:aws:lambda:eu-central-1:717556240325:function:Battery-hot-reader\", \"region\": \"eu-central-1\", \"workspace_id\": \"Battery-twinmaker\", \"entity_id\": \"Yg5PFZKrNUtE8t8KGqQPGS\", \"component_name\": \"p16\", \"property_name\": \"temperature\"}, {\"name\": \"test2\", \"dataType\": \"DOUBLE\", \"strategy_name\": \"overheatAlert\", \"hot_reader_arn\": \"arn:aws:lambda:eu-central-1:717556240325:function:Battery-hot-reader\", \"region\": \"eu-central-1\", \"workspace_id\": \"Battery-twinmaker\", \"entity_id\": \"Yg5PFZKrNUtE8t8KGqQPGS\", \"component_name\": \"p16\", \"property_name\": \"currentCapacity\"}]}"
                }
              }
            ],
            "ephemeral_storage": [
              {
                "size": 512
              }
            ],
            "file_system_config": [],
            "filename": "./SingleStrategyPass_collector_payload.zip",
            "function_name": "SingleStrategyPass_collector",
            "handler": "lambda_function.lambda_handler",
            "id": "SingleStrategyPass_collector",
            "image_config": [],
            "image_uri": "",
            "invoke_arn": "arn:aws:apigateway:eu-central-1:lambda:path/2015-03-31/functions/arn:aws:lambda:eu-central-1:717556240325:function:SingleStrategyPass_collector/invocations",
            "kms_key_arn": "",
            "last_modified": "2026-05-16T19:41:47.435+0000",
            "layers": null,
            "logging_config": [
              {
                "application_log_level": "",
                "log_format": "Text",
                "log_group": "/aws/lambda/SingleStrategyPass_collector",
                "system_log_level": ""
              }
            ],
            "memory_size": 128,
            "package_type": "Zip",
            "publish": false,
            "publish_to": null,
            "qualified_arn": "arn:aws:lambda:eu-central-1:717556240325:function:SingleStrategyPass_collector:$LATEST",
            "qualified_invoke_arn": "arn:aws:apigateway:eu-central-1:lambda:path/2015-03-31/functions/arn:aws:lambda:eu-central-1:717556240325:function:SingleStrategyPass_collector:$LATEST/invocations",
            "region": "eu-central-1",
            "replace_security_groups_on_destroy": null,
            "replacement_security_group_ids": null,
            "reserved_concurrent_executions": -1,
            "response_streaming_invoke_arn": "arn:aws:apigateway:eu-central-1:lambda:path/2021-11-15/functions/arn:aws:lambda:eu-central-1:717556240325:function:SingleStrategyPass_collector/response-streaming-invocations",
            "role": "arn:aws:iam::717556240325:role/SingleStrategyPass_collector-role",
            "runtime": "python3.13",
            "s3_bucket": null,
            "s3_key": null,
            "s3_object_version": null,
            "signing_job_arn": "",
            "signing_profile_version_arn": "",
            "skip_destroy": false,
            "snap_start": [],
            "source_code_hash": "Ea7X18R+cNcmmsqO9njT/ZQT4OvtMLPzoJS5ElZLltA=",
            "source_code_size": 2719,
            "source_kms_key_arn": "",
            "tags": null,
            "tags_all": {},
            "tenancy_config": [],
            "timeout": 30,
            "timeouts": null,
            "tracing_config": [
              {
                "mode": "PassThrough"
              }
            ],
            "version": "$LATEST",
            "vpc_config": []
          },
          "sensitive_attributes": [],
          "identity_schema_version": 0,
          "identity": {
            "account_id": "717556240325",
            "function_name": "SingleStrategyPass_collector",
            "region": "eu-central-1"
          },
          "private": "eyJlMmJmYjczMC1lY2FhLTExZTYtOGY4OC0zNDM2M2JjN2M0YzAiOnsiY3JlYXRlIjo2MDAwMDAwMDAwMDAsImRlbGV0ZSI6NjAwMDAwMDAwMDAwLCJ1cGRhdGUiOjYwMDAwMDAwMDAwMH19",
          "dependencies": [
            "aws_iam_role.SingleStrategyPass_collector_role",
            "data.archive_file.SingleStrategyPass_collector_zip"
          ]
        }
      ]
    },
    {
      "mode": "managed",
      "type": "aws_lambda_function",
      "name": "SingleStrategyPass_feedback",
      "provider": "provider[\"registry.terraform.io/hashicorp/aws\"]",
      "instances": [
        {
          "schema_version": 0,
          "attributes": {
            "architectures": [
              "x86_64"
            ],
            "arn": "arn:aws:lambda:eu-central-1:717556240325:function:SingleStrategyPass_feedback",
            "capacity_provider_config": [],
            "code_sha256": "7hg5vMbj/m9dayit2DMhbOWTey3o42JTxs4/t3o9F+w=",
            "code_signing_config_arn": "",
            "dead_letter_config": [],
            "description": "",
            "durable_config": [],
            "environment": [
              {
                "variables": {
                  "FEEDBACK_TOPIC": "EXTERN_TPIC",
                  "FEEDBACK_TYPE": "INTERNAL"
                }
              }
            ],
            "ephemeral_storage": [
              {
                "size": 512
              }
            ],
            "file_system_config": [],
            "filename": "./SingleStrategyPass_feedback_payload.zip",
            "function_name": "SingleStrategyPass_feedback",
            "handler": "lambda_function.lambda_handler",
            "id": "SingleStrategyPass_feedback",
            "image_config": [],
            "image_uri": "",
            "invoke_arn": "arn:aws:apigateway:eu-central-1:lambda:path/2015-03-31/functions/arn:aws:lambda:eu-central-1:717556240325:function:SingleStrategyPass_feedback/invocations",
            "kms_key_arn": "",
            "last_modified": "2026-05-16T19:42:34.270+0000",
            "layers": [
              "arn:aws:lambda:eu-central-1:717556240325:layer:paho_mqtt_layer:14"
            ],
            "logging_config": [
              {
                "application_log_level": "",
                "log_format": "Text",
                "log_group": "/aws/lambda/SingleStrategyPass_feedback",
                "system_log_level": ""
              }
            ],
            "memory_size": 128,
            "package_type": "Zip",
            "publish": false,
            "publish_to": null,
            "qualified_arn": "arn:aws:lambda:eu-central-1:717556240325:function:SingleStrategyPass_feedback:$LATEST",
            "qualified_invoke_arn": "arn:aws:apigateway:eu-central-1:lambda:path/2015-03-31/functions/arn:aws:lambda:eu-central-1:717556240325:function:SingleStrategyPass_feedback:$LATEST/invocations",
            "region": "eu-central-1",
            "replace_security_groups_on_destroy": null,
            "replacement_security_group_ids": null,
            "reserved_concurrent_executions": -1,
            "response_streaming_invoke_arn": "arn:aws:apigateway:eu-central-1:lambda:path/2021-11-15/functions/arn:aws:lambda:eu-central-1:717556240325:function:SingleStrategyPass_feedback/response-streaming-invocations",
            "role": "arn:aws:iam::717556240325:role/SingleStrategyPass_feedback-role",
            "runtime": "python3.13",
            "s3_bucket": null,
            "s3_key": null,
            "s3_object_version": null,
            "signing_job_arn": "",
            "signing_profile_version_arn": "",
            "skip_destroy": false,
            "snap_start": [],
            "source_code_hash": "7hg5vMbj/m9dayit2DMhbOWTey3o42JTxs4/t3o9F+w=",
            "source_code_size": 1711,
            "source_kms_key_arn": "",
            "tags": null,
            "tags_all": {},
            "tenancy_config": [],
            "timeout": 30,
            "timeouts": null,
            "tracing_config": [
              {
                "mode": "PassThrough"
              }
            ],
            "version": "$LATEST",
            "vpc_config": []
          },
          "sensitive_attributes": [],
          "identity_schema_version": 0,
          "identity": {
            "account_id": "717556240325",
            "function_name": "SingleStrategyPass_feedback",
            "region": "eu-central-1"
          },
          "private": "eyJlMmJmYjczMC1lY2FhLTExZTYtOGY4OC0zNDM2M2JjN2M0YzAiOnsiY3JlYXRlIjo2MDAwMDAwMDAwMDAsImRlbGV0ZSI6NjAwMDAwMDAwMDAwLCJ1cGRhdGUiOjYwMDAwMDAwMDAwMH19",
          "dependencies": [
            "aws_iam_role.SingleStrategyPass_feedback_role",
            "aws_lambda_layer_version.paho_mqtt",
            "data.archive_file.SingleStrategyPass_feedback_zip"
          ]
        }
      ]
    },
    {
      "mode": "managed",
      "type": "aws_lambda_function",
      "name": "SingleStrategyPass_strategy",
      "provider": "provider[\"registry.terraform.io/hashicorp/aws\"]",
      "instances": [
        {
          "schema_version": 0,
          "attributes": {
            "architectures": [
              "x86_64"
            ],
            "arn": "arn:aws:lambda:eu-central-1:717556240325:function:SingleStrategyPass_strategy",
            "capacity_provider_config": [],
            "code_sha256": "HK6mUuGIkVnHWveQ/dNAV4foirXeT5wIVPYc+8EGUSw=",
            "code_signing_config_arn": "",
            "dead_letter_config": [],
            "description": "",
            "durable_config": [],
            "environment": [],
            "ephemeral_storage": [
              {
                "size": 512
              }
            ],
            "file_system_config": [],
            "filename": "./SingleStrategyPass_strategy_payload.zip",
            "function_name": "SingleStrategyPass_strategy",
            "handler": "lambda_function.lambda_handler",
            "id": "SingleStrategyPass_strategy",
            "image_config": [],
            "image_uri": "",
            "invoke_arn": "arn:aws:apigateway:eu-central-1:lambda:path/2015-03-31/functions/arn:aws:lambda:eu-central-1:717556240325:function:SingleStrategyPass_strategy/invocations",
            "kms_key_arn": "",
            "last_modified": "2026-05-16T19:41:18.519+0000",
            "layers": null,
            "logging_config": [
              {
                "application_log_level": "",
                "log_format": "Text",
                "log_group": "/aws/lambda/SingleStrategyPass_strategy",
                "system_log_level": ""
              }
            ],
            "memory_size": 128,
            "package_type": "Zip",
            "publish": false,
            "publish_to": null,
            "qualified_arn": "arn:aws:lambda:eu-central-1:717556240325:function:SingleStrategyPass_strategy:$LATEST",
            "qualified_invoke_arn": "arn:aws:apigateway:eu-central-1:lambda:path/2015-03-31/functions/arn:aws:lambda:eu-central-1:717556240325:function:SingleStrategyPass_strategy:$LATEST/invocations",
            "region": "eu-central-1",
            "replace_security_groups_on_destroy": null,
            "replacement_security_group_ids": null,
            "reserved_concurrent_executions": -1,
            "response_streaming_invoke_arn": "arn:aws:apigateway:eu-central-1:lambda:path/2021-11-15/functions/arn:aws:lambda:eu-central-1:717556240325:function:SingleStrategyPass_strategy/response-streaming-invocations",
            "role": "arn:aws:iam::717556240325:role/SingleStrategyPass_strategy-role",
            "runtime": "python3.13",
            "s3_bucket": null,
            "s3_key": null,
            "s3_object_version": null,
            "signing_job_arn": "",
            "signing_profile_version_arn": "",
            "skip_destroy": false,
            "snap_start": [],
            "source_code_hash": "HK6mUuGIkVnHWveQ/dNAV4foirXeT5wIVPYc+8EGUSw=",
            "source_code_size": 316,
            "source_kms_key_arn": "",
            "tags": null,
            "tags_all": {},
            "tenancy_config": [],
            "timeout": 30,
            "timeouts": null,
            "tracing_config": [
              {
                "mode": "PassThrough"
              }
            ],
            "version": "$LATEST",
            "vpc_config": []
          },
          "sensitive_attributes": [],
          "identity_schema_version": 0,
          "identity": {
            "account_id": "717556240325",
            "function_name": "SingleStrategyPass_strategy",
            "region": "eu-central-1"
          },
          "private": "eyJlMmJmYjczMC1lY2FhLTExZTYtOGY4OC0zNDM2M2JjN2M0YzAiOnsiY3JlYXRlIjo2MDAwMDAwMDAwMDAsImRlbGV0ZSI6NjAwMDAwMDAwMDAwLCJ1cGRhdGUiOjYwMDAwMDAwMDAwMH19",
          "dependencies": [
            "aws_iam_role.SingleStrategyPass_strategy_role",
            "data.archive_file.SingleStrategyPass_strategy_zip"
          ]
        }
      ]
    },
    {
      "mode": "managed",
      "type": "aws_lambda_layer_version",
      "name": "paho_mqtt",
      "provider": "provider[\"registry.terraform.io/hashicorp/aws\"]",
      "instances": [
        {
          "schema_version": 0,
          "attributes": {
            "arn": "arn:aws:lambda:eu-central-1:717556240325:layer:paho_mqtt_layer:14",
            "code_sha256": "n/RPkZZ2SjyYKjBoQ5cxi1a7Dn71K01EHEvDppENbjA=",
            "compatible_architectures": null,
            "compatible_runtimes": [
              "python3.13"
            ],
            "created_date": "2026-05-16T19:41:07.249+0000",
            "description": "",
            "filename": "paho_layer.zip",
            "id": "arn:aws:lambda:eu-central-1:717556240325:layer:paho_mqtt_layer:14",
            "layer_arn": "arn:aws:lambda:eu-central-1:717556240325:layer:paho_mqtt_layer",
            "layer_name": "paho_mqtt_layer",
            "license_info": "",
            "region": "eu-central-1",
            "s3_bucket": null,
            "s3_key": null,
            "s3_object_version": null,
            "signing_job_arn": "",
            "signing_profile_version_arn": "",
            "skip_destroy": false,
            "source_code_hash": "",
            "source_code_size": 185808,
            "version": "14"
          },
          "sensitive_attributes": [],
          "identity_schema_version": 0,
          "identity": {
            "account_id": "717556240325",
            "layer_name": "paho_mqtt_layer",
            "region": "eu-central-1",
            "version": "14"
          },
          "private": "bnVsbA=="
        }
      ]
    },
    {
      "mode": "managed",
      "type": "aws_sfn_state_machine",
      "name": "CombineAllExternal_workflow",
      "provider": "provider[\"registry.terraform.io/hashicorp/aws\"]",
      "instances": [
        {
          "schema_version": 0,
          "attributes": {
            "arn": "arn:aws:states:eu-central-1:717556240325:stateMachine:CombineAllExternal-workflow",
            "creation_date": "2026-05-16T19:42:28Z",
            "definition": "{\"StartAt\": \"Collector\", \"States\": {\"Collector\": {\"Type\": \"Task\", \"Resource\": \"arn:aws:lambda:eu-central-1:717556240325:function:CombineAllExternal_collector\", \"ResultPath\": \"$.collectorResult\", \"Next\": \"Strategy\"}, \"Strategy\": {\"Type\": \"Task\", \"Resource\": \"arn:aws:lambda:eu-central-1:717556240325:function:CombineAllExternal_strategy\", \"InputPath\": \"$.collectorResult\", \"ResultPath\": \"$.strategyResult\", \"Next\": \"Feedback\"}, \"Feedback\": {\"Type\": \"Task\", \"Resource\": \"arn:aws:lambda:eu-central-1:717556240325:function:CombineAllExternal_feedback\", \"InputPath\": \"$\", \"End\": true}}}",
            "description": "",
            "encryption_configuration": [
              {
                "kms_data_key_reuse_period_seconds": 0,
                "kms_key_id": "",
                "type": "AWS_OWNED_KEY"
              }
            ],
            "id": "arn:aws:states:eu-central-1:717556240325:stateMachine:CombineAllExternal-workflow",
            "logging_configuration": [
              {
                "include_execution_data": false,
                "level": "OFF",
                "log_destination": ""
              }
            ],
            "name": "CombineAllExternal-workflow",
            "name_prefix": "",
            "publish": false,
            "region": "eu-central-1",
            "revision_id": "",
            "role_arn": "arn:aws:iam::717556240325:role/CombineAllExternal-sf-role",
            "state_machine_version_arn": "",
            "status": "ACTIVE",
            "tags": null,
            "tags_all": {},
            "timeouts": null,
            "tracing_configuration": [
              {
                "enabled": false
              }
            ],
            "type": "STANDARD",
            "version_description": null
          },
          "sensitive_attributes": [],
          "identity_schema_version": 0,
          "identity": {
            "arn": "arn:aws:states:eu-central-1:717556240325:stateMachine:CombineAllExternal-workflow"
          },
          "private": "eyJlMmJmYjczMC1lY2FhLTExZTYtOGY4OC0zNDM2M2JjN2M0YzAiOnsiY3JlYXRlIjozMDAwMDAwMDAwMDAsImRlbGV0ZSI6MzAwMDAwMDAwMDAwLCJ1cGRhdGUiOjYwMDAwMDAwMDAwfX0=",
          "dependencies": [
            "aws_iam_role.CombineAllExternal_collector_role",
            "aws_iam_role.CombineAllExternal_feedback_role",
            "aws_iam_role.CombineAllExternal_sf_role",
            "aws_iam_role.CombineAllExternal_strategy_role",
            "aws_lambda_function.CombineAllExternal_collector",
            "aws_lambda_function.CombineAllExternal_feedback",
            "aws_lambda_function.CombineAllExternal_strategy",
            "aws_lambda_layer_version.paho_mqtt",
            "data.archive_file.CombineAllExternal_collector_zip",
            "data.archive_file.CombineAllExternal_feedback_zip",
            "data.archive_file.CombineAllExternal_strategy_zip"
          ]
        }
      ]
    },
    {
      "mode": "managed",
      "type": "aws_sfn_state_machine",
      "name": "CombineAllInternal_workflow",
      "provider": "provider[\"registry.terraform.io/hashicorp/aws\"]",
      "instances": [
        {
          "schema_version": 0,
          "attributes": {
            "arn": "arn:aws:states:eu-central-1:717556240325:stateMachine:CombineAllInternal-workflow",
            "creation_date": "2026-05-16T19:42:34Z",
            "definition": "{\"StartAt\": \"Collector\", \"States\": {\"Collector\": {\"Type\": \"Task\", \"Resource\": \"arn:aws:lambda:eu-central-1:717556240325:function:CombineAllInternal_collector\", \"ResultPath\": \"$.collectorResult\", \"Next\": \"Strategy\"}, \"Strategy\": {\"Type\": \"Task\", \"Resource\": \"arn:aws:lambda:eu-central-1:717556240325:function:CombineAllInternal_strategy\", \"InputPath\": \"$.collectorResult\", \"ResultPath\": \"$.strategyResult\", \"Next\": \"Feedback\"}, \"Feedback\": {\"Type\": \"Task\", \"Resource\": \"arn:aws:lambda:eu-central-1:717556240325:function:CombineAllInternal_feedback\", \"InputPath\": \"$\", \"End\": true}}}",
            "description": "",
            "encryption_configuration": [
              {
                "kms_data_key_reuse_period_seconds": 0,
                "kms_key_id": "",
                "type": "AWS_OWNED_KEY"
              }
            ],
            "id": "arn:aws:states:eu-central-1:717556240325:stateMachine:CombineAllInternal-workflow",
            "logging_configuration": [
              {
                "include_execution_data": false,
                "level": "OFF",
                "log_destination": ""
              }
            ],
            "name": "CombineAllInternal-workflow",
            "name_prefix": "",
            "publish": false,
            "region": "eu-central-1",
            "revision_id": "",
            "role_arn": "arn:aws:iam::717556240325:role/CombineAllInternal-sf-role",
            "state_machine_version_arn": "",
            "status": "ACTIVE",
            "tags": null,
            "tags_all": {},
            "timeouts": null,
            "tracing_configuration": [
              {
                "enabled": false
              }
            ],
            "type": "STANDARD",
            "version_description": null
          },
          "sensitive_attributes": [],
          "identity_schema_version": 0,
          "identity": {
            "arn": "arn:aws:states:eu-central-1:717556240325:stateMachine:CombineAllInternal-workflow"
          },
          "private": "eyJlMmJmYjczMC1lY2FhLTExZTYtOGY4OC0zNDM2M2JjN2M0YzAiOnsiY3JlYXRlIjozMDAwMDAwMDAwMDAsImRlbGV0ZSI6MzAwMDAwMDAwMDAwLCJ1cGRhdGUiOjYwMDAwMDAwMDAwfX0=",
          "dependencies": [
            "aws_iam_role.CombineAllInternal_collector_role",
            "aws_iam_role.CombineAllInternal_feedback_role",
            "aws_iam_role.CombineAllInternal_sf_role",
            "aws_iam_role.CombineAllInternal_strategy_role",
            "aws_lambda_function.CombineAllInternal_collector",
            "aws_lambda_function.CombineAllInternal_feedback",
            "aws_lambda_function.CombineAllInternal_strategy",
            "aws_lambda_layer_version.paho_mqtt",
            "data.archive_file.CombineAllInternal_collector_zip",
            "data.archive_file.CombineAllInternal_feedback_zip",
            "data.archive_file.CombineAllInternal_strategy_zip"
          ]
        }
      ]
    },
    {
      "mode": "managed",
      "type": "aws_sfn_state_machine",
      "name": "CombinePVBattery_workflow",
      "provider": "provider[\"registry.terraform.io/hashicorp/aws\"]",
      "instances": [
        {
          "schema_version": 0,
          "attributes": {
            "arn": "arn:aws:states:eu-central-1:717556240325:stateMachine:CombinePVBattery-workflow",
            "creation_date": "2026-05-16T19:42:51Z",
            "definition": "{\"StartAt\": \"Collector\", \"States\": {\"Collector\": {\"Type\": \"Task\", \"Resource\": \"arn:aws:lambda:eu-central-1:717556240325:function:CombinePVBattery_collector\", \"ResultPath\": \"$.collectorResult\", \"Next\": \"Strategy\"}, \"Strategy\": {\"Type\": \"Task\", \"Resource\": \"arn:aws:lambda:eu-central-1:717556240325:function:CombinePVBattery_strategy\", \"InputPath\": \"$.collectorResult\", \"ResultPath\": \"$.strategyResult\", \"Next\": \"Feedback\"}, \"Feedback\": {\"Type\": \"Task\", \"Resource\": \"arn:aws:lambda:eu-central-1:717556240325:function:CombinePVBattery_feedback\", \"InputPath\": \"$\", \"End\": true}}}",
            "description": "",
            "encryption_configuration": [
              {
                "kms_data_key_reuse_period_seconds": 0,
                "kms_key_id": "",
                "type": "AWS_OWNED_KEY"
              }
            ],
            "id": "arn:aws:states:eu-central-1:717556240325:stateMachine:CombinePVBattery-workflow",
            "logging_configuration": [
              {
                "include_execution_data": false,
                "level": "OFF",
                "log_destination": ""
              }
            ],
            "name": "CombinePVBattery-workflow",
            "name_prefix": "",
            "publish": false,
            "region": "eu-central-1",
            "revision_id": "",
            "role_arn": "arn:aws:iam::717556240325:role/CombinePVBattery-sf-role",
            "state_machine_version_arn": "",
            "status": "ACTIVE",
            "tags": null,
            "tags_all": {},
            "timeouts": null,
            "tracing_configuration": [
              {
                "enabled": false
              }
            ],
            "type": "STANDARD",
            "version_description": null
          },
          "sensitive_attributes": [],
          "identity_schema_version": 0,
          "identity": {
            "arn": "arn:aws:states:eu-central-1:717556240325:stateMachine:CombinePVBattery-workflow"
          },
          "private": "eyJlMmJmYjczMC1lY2FhLTExZTYtOGY4OC0zNDM2M2JjN2M0YzAiOnsiY3JlYXRlIjozMDAwMDAwMDAwMDAsImRlbGV0ZSI6MzAwMDAwMDAwMDAwLCJ1cGRhdGUiOjYwMDAwMDAwMDAwfX0=",
          "dependencies": [
            "aws_iam_role.CombinePVBattery_collector_role",
            "aws_iam_role.CombinePVBattery_feedback_role",
            "aws_iam_role.CombinePVBattery_sf_role",
            "aws_iam_role.CombinePVBattery_strategy_role",
            "aws_lambda_function.CombinePVBattery_collector",
            "aws_lambda_function.CombinePVBattery_feedback",
            "aws_lambda_function.CombinePVBattery_strategy",
            "aws_lambda_layer_version.paho_mqtt",
            "data.archive_file.CombinePVBattery_collector_zip",
            "data.archive_file.CombinePVBattery_feedback_zip",
            "data.archive_file.CombinePVBattery_strategy_zip"
          ]
        }
      ]
    },
    {
      "mode": "managed",
      "type": "aws_sfn_state_machine",
      "name": "CombinePVGrid_workflow",
      "provider": "provider[\"registry.terraform.io/hashicorp/aws\"]",
      "instances": [
        {
          "schema_version": 0,
          "attributes": {
            "arn": "arn:aws:states:eu-central-1:717556240325:stateMachine:CombinePVGrid-workflow",
            "creation_date": "2026-05-16T19:42:45Z",
            "definition": "{\"StartAt\": \"Collector\", \"States\": {\"Collector\": {\"Type\": \"Task\", \"Resource\": \"arn:aws:lambda:eu-central-1:717556240325:function:CombinePVGrid_collector\", \"ResultPath\": \"$.collectorResult\", \"Next\": \"Strategy\"}, \"Strategy\": {\"Type\": \"Task\", \"Resource\": \"arn:aws:lambda:eu-central-1:717556240325:function:CombinePVGrid_strategy\", \"InputPath\": \"$.collectorResult\", \"ResultPath\": \"$.strategyResult\", \"Next\": \"Feedback\"}, \"Feedback\": {\"Type\": \"Task\", \"Resource\": \"arn:aws:lambda:eu-central-1:717556240325:function:CombinePVGrid_feedback\", \"InputPath\": \"$\", \"End\": true}}}",
            "description": "",
            "encryption_configuration": [
              {
                "kms_data_key_reuse_period_seconds": 0,
                "kms_key_id": "",
                "type": "AWS_OWNED_KEY"
              }
            ],
            "id": "arn:aws:states:eu-central-1:717556240325:stateMachine:CombinePVGrid-workflow",
            "logging_configuration": [
              {
                "include_execution_data": false,
                "level": "OFF",
                "log_destination": ""
              }
            ],
            "name": "CombinePVGrid-workflow",
            "name_prefix": "",
            "publish": false,
            "region": "eu-central-1",
            "revision_id": "",
            "role_arn": "arn:aws:iam::717556240325:role/CombinePVGrid-sf-role",
            "state_machine_version_arn": "",
            "status": "ACTIVE",
            "tags": null,
            "tags_all": {},
            "timeouts": null,
            "tracing_configuration": [
              {
                "enabled": false
              }
            ],
            "type": "STANDARD",
            "version_description": null
          },
          "sensitive_attributes": [],
          "identity_schema_version": 0,
          "identity": {
            "arn": "arn:aws:states:eu-central-1:717556240325:stateMachine:CombinePVGrid-workflow"
          },
          "private": "eyJlMmJmYjczMC1lY2FhLTExZTYtOGY4OC0zNDM2M2JjN2M0YzAiOnsiY3JlYXRlIjozMDAwMDAwMDAwMDAsImRlbGV0ZSI6MzAwMDAwMDAwMDAwLCJ1cGRhdGUiOjYwMDAwMDAwMDAwfX0=",
          "dependencies": [
            "aws_iam_role.CombinePVGrid_collector_role",
            "aws_iam_role.CombinePVGrid_feedback_role",
            "aws_iam_role.CombinePVGrid_sf_role",
            "aws_iam_role.CombinePVGrid_strategy_role",
            "aws_lambda_function.CombinePVGrid_collector",
            "aws_lambda_function.CombinePVGrid_feedback",
            "aws_lambda_function.CombinePVGrid_strategy",
            "aws_lambda_layer_version.paho_mqtt",
            "data.archive_file.CombinePVGrid_collector_zip",
            "data.archive_file.CombinePVGrid_feedback_zip",
            "data.archive_file.CombinePVGrid_strategy_zip"
          ]
        }
      ]
    },
    {
      "mode": "managed",
      "type": "aws_sfn_state_machine",
      "name": "CombineToAuthbroker_workflow",
      "provider": "provider[\"registry.terraform.io/hashicorp/aws\"]",
      "instances": [
        {
          "schema_version": 0,
          "attributes": {
            "arn": "arn:aws:states:eu-central-1:717556240325:stateMachine:CombineToAuthbroker-workflow",
            "creation_date": "2026-05-16T19:42:57Z",
            "definition": "{\"StartAt\": \"Collector\", \"States\": {\"Collector\": {\"Type\": \"Task\", \"Resource\": \"arn:aws:lambda:eu-central-1:717556240325:function:CombineToAuthbroker_collector\", \"ResultPath\": \"$.collectorResult\", \"Next\": \"Strategy\"}, \"Strategy\": {\"Type\": \"Task\", \"Resource\": \"arn:aws:lambda:eu-central-1:717556240325:function:CombineToAuthbroker_strategy\", \"InputPath\": \"$.collectorResult\", \"ResultPath\": \"$.strategyResult\", \"Next\": \"Feedback\"}, \"Feedback\": {\"Type\": \"Task\", \"Resource\": \"arn:aws:lambda:eu-central-1:717556240325:function:CombineToAuthbroker_feedback\", \"InputPath\": \"$\", \"End\": true}}}",
            "description": "",
            "encryption_configuration": [
              {
                "kms_data_key_reuse_period_seconds": 0,
                "kms_key_id": "",
                "type": "AWS_OWNED_KEY"
              }
            ],
            "id": "arn:aws:states:eu-central-1:717556240325:stateMachine:CombineToAuthbroker-workflow",
            "logging_configuration": [
              {
                "include_execution_data": false,
                "level": "OFF",
                "log_destination": ""
              }
            ],
            "name": "CombineToAuthbroker-workflow",
            "name_prefix": "",
            "publish": false,
            "region": "eu-central-1",
            "revision_id": "",
            "role_arn": "arn:aws:iam::717556240325:role/CombineToAuthbroker-sf-role",
            "state_machine_version_arn": "",
            "status": "ACTIVE",
            "tags": null,
            "tags_all": {},
            "timeouts": null,
            "tracing_configuration": [
              {
                "enabled": false
              }
            ],
            "type": "STANDARD",
            "version_description": null
          },
          "sensitive_attributes": [],
          "identity_schema_version": 0,
          "identity": {
            "arn": "arn:aws:states:eu-central-1:717556240325:stateMachine:CombineToAuthbroker-workflow"
          },
          "private": "eyJlMmJmYjczMC1lY2FhLTExZTYtOGY4OC0zNDM2M2JjN2M0YzAiOnsiY3JlYXRlIjozMDAwMDAwMDAwMDAsImRlbGV0ZSI6MzAwMDAwMDAwMDAwLCJ1cGRhdGUiOjYwMDAwMDAwMDAwfX0=",
          "dependencies": [
            "aws_iam_role.CombineToAuthbroker_collector_role",
            "aws_iam_role.CombineToAuthbroker_feedback_role",
            "aws_iam_role.CombineToAuthbroker_sf_role",
            "aws_iam_role.CombineToAuthbroker_strategy_role",
            "aws_lambda_function.CombineToAuthbroker_collector",
            "aws_lambda_function.CombineToAuthbroker_feedback",
            "aws_lambda_function.CombineToAuthbroker_strategy",
            "aws_lambda_layer_version.paho_mqtt",
            "data.archive_file.CombineToAuthbroker_collector_zip",
            "data.archive_file.CombineToAuthbroker_feedback_zip",
            "data.archive_file.CombineToAuthbroker_strategy_zip"
          ]
        }
      ]
    },
    {
      "mode": "managed",
      "type": "aws_sfn_state_machine",
      "name": "SingleStrategyPass_workflow",
      "provider": "provider[\"registry.terraform.io/hashicorp/aws\"]",
      "instances": [
        {
          "schema_version": 0,
          "attributes": {
            "arn": "arn:aws:states:eu-central-1:717556240325:stateMachine:SingleStrategyPass-workflow",
            "creation_date": "2026-05-16T19:42:40Z",
            "definition": "{\"StartAt\": \"Collector\", \"States\": {\"Collector\": {\"Type\": \"Task\", \"Resource\": \"arn:aws:lambda:eu-central-1:717556240325:function:SingleStrategyPass_collector\", \"ResultPath\": \"$.collectorResult\", \"Next\": \"Strategy\"}, \"Strategy\": {\"Type\": \"Task\", \"Resource\": \"arn:aws:lambda:eu-central-1:717556240325:function:SingleStrategyPass_strategy\", \"InputPath\": \"$.collectorResult\", \"ResultPath\": \"$.strategyResult\", \"Next\": \"Feedback\"}, \"Feedback\": {\"Type\": \"Task\", \"Resource\": \"arn:aws:lambda:eu-central-1:717556240325:function:SingleStrategyPass_feedback\", \"InputPath\": \"$\", \"End\": true}}}",
            "description": "",
            "encryption_configuration": [
              {
                "kms_data_key_reuse_period_seconds": 0,
                "kms_key_id": "",
                "type": "AWS_OWNED_KEY"
              }
            ],
            "id": "arn:aws:states:eu-central-1:717556240325:stateMachine:SingleStrategyPass-workflow",
            "logging_configuration": [
              {
                "include_execution_data": false,
                "level": "OFF",
                "log_destination": ""
              }
            ],
            "name": "SingleStrategyPass-workflow",
            "name_prefix": "",
            "publish": false,
            "region": "eu-central-1",
            "revision_id": "",
            "role_arn": "arn:aws:iam::717556240325:role/SingleStrategyPass-sf-role",
            "state_machine_version_arn": "",
            "status": "ACTIVE",
            "tags": null,
            "tags_all": {},
            "timeouts": null,
            "tracing_configuration": [
              {
                "enabled": false
              }
            ],
            "type": "STANDARD",
            "version_description": null
          },
          "sensitive_attributes": [],
          "identity_schema_version": 0,
          "identity": {
            "arn": "arn:aws:states:eu-central-1:717556240325:stateMachine:SingleStrategyPass-workflow"
          },
          "private": "eyJlMmJmYjczMC1lY2FhLTExZTYtOGY4OC0zNDM2M2JjN2M0YzAiOnsiY3JlYXRlIjozMDAwMDAwMDAwMDAsImRlbGV0ZSI6MzAwMDAwMDAwMDAwLCJ1cGRhdGUiOjYwMDAwMDAwMDAwfX0=",
          "dependencies": [
            "aws_iam_role.SingleStrategyPass_collector_role",
            "aws_iam_role.SingleStrategyPass_feedback_role",
            "aws_iam_role.SingleStrategyPass_sf_role",
            "aws_iam_role.SingleStrategyPass_strategy_role",
            "aws_lambda_function.SingleStrategyPass_collector",
            "aws_lambda_function.SingleStrategyPass_feedback",
            "aws_lambda_function.SingleStrategyPass_strategy",
            "aws_lambda_layer_version.paho_mqtt",
            "data.archive_file.SingleStrategyPass_collector_zip",
            "data.archive_file.SingleStrategyPass_feedback_zip",
            "data.archive_file.SingleStrategyPass_strategy_zip"
          ]
        }
      ]
    },
    {
      "mode": "managed",
      "type": "aws_ssm_parameter",
      "name": "Battery_event-registry_overheatAlert_registry",
      "provider": "provider[\"registry.terraform.io/hashicorp/aws\"].eu_central_1",
      "instances": [
        {
          "schema_version": 0,
          "attributes": {
            "allowed_pattern": "",
            "arn": "arn:aws:ssm:eu-central-1:717556240325:parameter/Battery/event-registry/overheatAlert",
            "data_type": "text",
            "description": "",
            "has_value_wo": false,
            "id": "/Battery/event-registry/overheatAlert",
            "insecure_value": null,
            "key_id": "",
            "name": "/Battery/event-registry/overheatAlert",
            "overwrite": true,
            "region": "eu-central-1",
            "tags": null,
            "tags_all": {},
            "tier": "Standard",
            "type": "String",
            "value": "{\"targets\":[{\"address\":\"arn:aws:states:eu-central-1:717556240325:stateMachine:CombineAllInternal-workflow\"},{\"address\":\"arn:aws:states:eu-central-1:717556240325:stateMachine:CombineAllExternal-workflow\"},{\"address\":\"arn:aws:states:eu-central-1:717556240325:stateMachine:CombinePVBattery-workflow\"},{\"address\":\"arn:aws:states:eu-central-1:717556240325:stateMachine:SingleStrategyPass-workflow\"},{\"address\":\"arn:aws:states:eu-central-1:717556240325:stateMachine:CombineToAuthbroker-workflow\"}]}",
            "value_wo": null,
            "value_wo_version": null,
            "version": 1
          },
          "sensitive_attributes": [
            [
              {
                "type": "get_attr",
                "value": "value"
              }
            ],
            [
              {
                "type": "get_attr",
                "value": "value_wo"
              }
            ]
          ],
          "identity_schema_version": 0,
          "identity": {
            "account_id": "717556240325",
            "name": "/Battery/event-registry/overheatAlert",
            "region": "eu-central-1"
          },
          "private": "bnVsbA==",
          "dependencies": [
            "aws_iam_role.CombineAllExternal_collector_role",
            "aws_iam_role.CombineAllExternal_feedback_role",
            "aws_iam_role.CombineAllExternal_sf_role",
            "aws_iam_role.CombineAllExternal_strategy_role",
            "aws_iam_role.CombineAllInternal_collector_role",
            "aws_iam_role.CombineAllInternal_feedback_role",
            "aws_iam_role.CombineAllInternal_sf_role",
            "aws_iam_role.CombineAllInternal_strategy_role",
            "aws_iam_role.CombinePVBattery_collector_role",
            "aws_iam_role.CombinePVBattery_feedback_role",
            "aws_iam_role.CombinePVBattery_sf_role",
            "aws_iam_role.CombinePVBattery_strategy_role",
            "aws_iam_role.CombineToAuthbroker_collector_role",
            "aws_iam_role.CombineToAuthbroker_feedback_role",
            "aws_iam_role.CombineToAuthbroker_sf_role",
            "aws_iam_role.CombineToAuthbroker_strategy_role",
            "aws_iam_role.SingleStrategyPass_collector_role",
            "aws_iam_role.SingleStrategyPass_feedback_role",
            "aws_iam_role.SingleStrategyPass_sf_role",
            "aws_iam_role.SingleStrategyPass_strategy_role",
            "aws_lambda_function.CombineAllExternal_collector",
            "aws_lambda_function.CombineAllExternal_feedback",
            "aws_lambda_function.CombineAllExternal_strategy",
            "aws_lambda_function.CombineAllInternal_collector",
            "aws_lambda_function.CombineAllInternal_feedback",
            "aws_lambda_function.CombineAllInternal_strategy",
            "aws_lambda_function.CombinePVBattery_collector",
            "aws_lambda_function.CombinePVBattery_feedback",
            "aws_lambda_function.CombinePVBattery_strategy",
            "aws_lambda_function.CombineToAuthbroker_collector",
            "aws_lambda_function.CombineToAuthbroker_feedback",
            "aws_lambda_function.CombineToAuthbroker_strategy",
            "aws_lambda_function.SingleStrategyPass_collector",
            "aws_lambda_function.SingleStrategyPass_feedback",
            "aws_lambda_function.SingleStrategyPass_strategy",
            "aws_lambda_layer_version.paho_mqtt",
            "aws_sfn_state_machine.CombineAllExternal_workflow",
            "aws_sfn_state_machine.CombineAllInternal_workflow",
            "aws_sfn_state_machine.CombinePVBattery_workflow",
            "aws_sfn_state_machine.CombineToAuthbroker_workflow",
            "aws_sfn_state_machine.SingleStrategyPass_workflow",
            "data.archive_file.CombineAllExternal_collector_zip",
            "data.archive_file.CombineAllExternal_feedback_zip",
            "data.archive_file.CombineAllExternal_strategy_zip",
            "data.archive_file.CombineAllInternal_collector_zip",
            "data.archive_file.CombineAllInternal_feedback_zip",
            "data.archive_file.CombineAllInternal_strategy_zip",
            "data.archive_file.CombinePVBattery_collector_zip",
            "data.archive_file.CombinePVBattery_feedback_zip",
            "data.archive_file.CombinePVBattery_strategy_zip",
            "data.archive_file.CombineToAuthbroker_collector_zip",
            "data.archive_file.CombineToAuthbroker_feedback_zip",
            "data.archive_file.CombineToAuthbroker_strategy_zip",
            "data.archive_file.SingleStrategyPass_collector_zip",
            "data.archive_file.SingleStrategyPass_feedback_zip",
            "data.archive_file.SingleStrategyPass_strategy_zip"
          ]
        }
      ]
    },
    {
      "mode": "managed",
      "type": "aws_ssm_parameter",
      "name": "MicroGrid_event-registry_overloadAlert_registry",
      "provider": "provider[\"registry.terraform.io/hashicorp/aws\"].eu_central_1",
      "instances": [
        {
          "schema_version": 0,
          "attributes": {
            "allowed_pattern": "",
            "arn": "arn:aws:ssm:eu-central-1:717556240325:parameter/MicroGrid/event-registry/overloadAlert",
            "data_type": "text",
            "description": "",
            "has_value_wo": false,
            "id": "/MicroGrid/event-registry/overloadAlert",
            "insecure_value": null,
            "key_id": "",
            "name": "/MicroGrid/event-registry/overloadAlert",
            "overwrite": true,
            "region": "eu-central-1",
            "tags": null,
            "tags_all": {},
            "tier": "Standard",
            "type": "String",
            "value": "{\"targets\":[{\"address\":\"arn:aws:states:eu-central-1:717556240325:stateMachine:CombineAllInternal-workflow\"},{\"address\":\"arn:aws:states:eu-central-1:717556240325:stateMachine:CombineAllExternal-workflow\"},{\"address\":\"arn:aws:states:eu-central-1:717556240325:stateMachine:CombinePVGrid-workflow\"},{\"address\":\"arn:aws:states:eu-central-1:717556240325:stateMachine:CombineToAuthbroker-workflow\"}]}",
            "value_wo": null,
            "value_wo_version": null,
            "version": 1
          },
          "sensitive_attributes": [
            [
              {
                "type": "get_attr",
                "value": "value"
              }
            ],
            [
              {
                "type": "get_attr",
                "value": "value_wo"
              }
            ]
          ],
          "identity_schema_version": 0,
          "identity": {
            "account_id": "717556240325",
            "name": "/MicroGrid/event-registry/overloadAlert",
            "region": "eu-central-1"
          },
          "private": "bnVsbA==",
          "dependencies": [
            "aws_iam_role.CombineAllExternal_collector_role",
            "aws_iam_role.CombineAllExternal_feedback_role",
            "aws_iam_role.CombineAllExternal_sf_role",
            "aws_iam_role.CombineAllExternal_strategy_role",
            "aws_iam_role.CombineAllInternal_collector_role",
            "aws_iam_role.CombineAllInternal_feedback_role",
            "aws_iam_role.CombineAllInternal_sf_role",
            "aws_iam_role.CombineAllInternal_strategy_role",
            "aws_iam_role.CombinePVGrid_collector_role",
            "aws_iam_role.CombinePVGrid_feedback_role",
            "aws_iam_role.CombinePVGrid_sf_role",
            "aws_iam_role.CombinePVGrid_strategy_role",
            "aws_iam_role.CombineToAuthbroker_collector_role",
            "aws_iam_role.CombineToAuthbroker_feedback_role",
            "aws_iam_role.CombineToAuthbroker_sf_role",
            "aws_iam_role.CombineToAuthbroker_strategy_role",
            "aws_lambda_function.CombineAllExternal_collector",
            "aws_lambda_function.CombineAllExternal_feedback",
            "aws_lambda_function.CombineAllExternal_strategy",
            "aws_lambda_function.CombineAllInternal_collector",
            "aws_lambda_function.CombineAllInternal_feedback",
            "aws_lambda_function.CombineAllInternal_strategy",
            "aws_lambda_function.CombinePVGrid_collector",
            "aws_lambda_function.CombinePVGrid_feedback",
            "aws_lambda_function.CombinePVGrid_strategy",
            "aws_lambda_function.CombineToAuthbroker_collector",
            "aws_lambda_function.CombineToAuthbroker_feedback",
            "aws_lambda_function.CombineToAuthbroker_strategy",
            "aws_lambda_layer_version.paho_mqtt",
            "aws_sfn_state_machine.CombineAllExternal_workflow",
            "aws_sfn_state_machine.CombineAllInternal_workflow",
            "aws_sfn_state_machine.CombinePVGrid_workflow",
            "aws_sfn_state_machine.CombineToAuthbroker_workflow",
            "data.archive_file.CombineAllExternal_collector_zip",
            "data.archive_file.CombineAllExternal_feedback_zip",
            "data.archive_file.CombineAllExternal_strategy_zip",
            "data.archive_file.CombineAllInternal_collector_zip",
            "data.archive_file.CombineAllInternal_feedback_zip",
            "data.archive_file.CombineAllInternal_strategy_zip",
            "data.archive_file.CombinePVGrid_collector_zip",
            "data.archive_file.CombinePVGrid_feedback_zip",
            "data.archive_file.CombinePVGrid_strategy_zip",
            "data.archive_file.CombineToAuthbroker_collector_zip",
            "data.archive_file.CombineToAuthbroker_feedback_zip",
            "data.archive_file.CombineToAuthbroker_strategy_zip"
          ]
        }
      ]
    },
    {
      "mode": "managed",
      "type": "aws_ssm_parameter",
      "name": "PV_event-registry_peakProduction_registry",
      "provider": "provider[\"registry.terraform.io/hashicorp/aws\"].eu_central_1",
      "instances": [
        {
          "schema_version": 0,
          "attributes": {
            "allowed_pattern": "",
            "arn": "arn:aws:ssm:eu-central-1:717556240325:parameter/PV/event-registry/peakProduction",
            "data_type": "text",
            "description": "",
            "has_value_wo": false,
            "id": "/PV/event-registry/peakProduction",
            "insecure_value": null,
            "key_id": "",
            "name": "/PV/event-registry/peakProduction",
            "overwrite": true,
            "region": "eu-central-1",
            "tags": null,
            "tags_all": {},
            "tier": "Standard",
            "type": "String",
            "value": "{\"targets\":[{\"address\":\"arn:aws:states:eu-central-1:717556240325:stateMachine:CombineAllInternal-workflow\"},{\"address\":\"arn:aws:states:eu-central-1:717556240325:stateMachine:CombineAllExternal-workflow\"},{\"address\":\"arn:aws:states:eu-central-1:717556240325:stateMachine:CombinePVBattery-workflow\"},{\"address\":\"arn:aws:states:eu-central-1:717556240325:stateMachine:CombinePVGrid-workflow\"}]}",
            "value_wo": null,
            "value_wo_version": null,
            "version": 1
          },
          "sensitive_attributes": [
            [
              {
                "type": "get_attr",
                "value": "value"
              }
            ],
            [
              {
                "type": "get_attr",
                "value": "value_wo"
              }
            ]
          ],
          "identity_schema_version": 0,
          "identity": {
            "account_id": "717556240325",
            "name": "/PV/event-registry/peakProduction",
            "region": "eu-central-1"
          },
          "private": "bnVsbA==",
          "dependencies": [
            "aws_iam_role.CombineAllExternal_collector_role",
            "aws_iam_role.CombineAllExternal_feedback_role",
            "aws_iam_role.CombineAllExternal_sf_role",
            "aws_iam_role.CombineAllExternal_strategy_role",
            "aws_iam_role.CombineAllInternal_collector_role",
            "aws_iam_role.CombineAllInternal_feedback_role",
            "aws_iam_role.CombineAllInternal_sf_role",
            "aws_iam_role.CombineAllInternal_strategy_role",
            "aws_iam_role.CombinePVBattery_collector_role",
            "aws_iam_role.CombinePVBattery_feedback_role",
            "aws_iam_role.CombinePVBattery_sf_role",
            "aws_iam_role.CombinePVBattery_strategy_role",
            "aws_iam_role.CombinePVGrid_collector_role",
            "aws_iam_role.CombinePVGrid_feedback_role",
            "aws_iam_role.CombinePVGrid_sf_role",
            "aws_iam_role.CombinePVGrid_strategy_role",
            "aws_lambda_function.CombineAllExternal_collector",
            "aws_lambda_function.CombineAllExternal_feedback",
            "aws_lambda_function.CombineAllExternal_strategy",
            "aws_lambda_function.CombineAllInternal_collector",
            "aws_lambda_function.CombineAllInternal_feedback",
            "aws_lambda_function.CombineAllInternal_strategy",
            "aws_lambda_function.CombinePVBattery_collector",
            "aws_lambda_function.CombinePVBattery_feedback",
            "aws_lambda_function.CombinePVBattery_strategy",
            "aws_lambda_function.CombinePVGrid_collector",
            "aws_lambda_function.CombinePVGrid_feedback",
            "aws_lambda_function.CombinePVGrid_strategy",
            "aws_lambda_layer_version.paho_mqtt",
            "aws_sfn_state_machine.CombineAllExternal_workflow",
            "aws_sfn_state_machine.CombineAllInternal_workflow",
            "aws_sfn_state_machine.CombinePVBattery_workflow",
            "aws_sfn_state_machine.CombinePVGrid_workflow",
            "data.archive_file.CombineAllExternal_collector_zip",
            "data.archive_file.CombineAllExternal_feedback_zip",
            "data.archive_file.CombineAllExternal_strategy_zip",
            "data.archive_file.CombineAllInternal_collector_zip",
            "data.archive_file.CombineAllInternal_feedback_zip",
            "data.archive_file.CombineAllInternal_strategy_zip",
            "data.archive_file.CombinePVBattery_collector_zip",
            "data.archive_file.CombinePVBattery_feedback_zip",
            "data.archive_file.CombinePVBattery_strategy_zip",
            "data.archive_file.CombinePVGrid_collector_zip",
            "data.archive_file.CombinePVGrid_feedback_zip",
            "data.archive_file.CombinePVGrid_strategy_zip"
          ]
        }
      ]
    }
  ],
  "check_results": null
}
